
Microsoft Visual Studio Solution File, Format Version 12.00
# Visual Studio 15
VisualStudioVersion = 15.0.28010.2026
MinimumVisualStudioVersion = 10.0.40219.1
Project("{FAE04EC0-301F-11D3-BF4B-00C04F79EFBC}") = "App02_TipoPaginaXF.Android", "App02_TipoPaginaXF\App02_TipoPaginaXF.Android\App02_TipoPaginaXF.Android.csproj", "{D337E67F-5042-4D59-BBF6-F4542BF440CE}"
EndProject
Project("{FAE04EC0-301F-11D3-BF4B-00C04F79EFBC}") = "App02_TipoPaginaXF.iOS", "App02_TipoPaginaXF\App02_TipoPaginaXF.iOS\App02_TipoPaginaXF.iOS.csproj", "{8ADF004E-F602-42C5-AEB8-C05B63DB28DA}"
EndProject
Project("{FAE04EC0-301F-11D3-BF4B-00C04F79EFBC}") = "App02_TipoPaginaXF.UWP", "App02_TipoPaginaXF\App02_TipoPaginaXF.UWP\App02_TipoPaginaXF.UWP.csproj", "{485C3164-3A65-4403-8C0B-5E835590AF7F}"
EndProject
Project("{FAE04EC0-301F-11D3-BF4B-00C04F79EFBC}") = "App02_TipoPaginaXF", "App02_TipoPaginaXF\App02_TipoPaginaXF\App02_TipoPaginaXF.csproj", "{F0674AF6-1A78-4AFA-9661-38B046153A15}"
EndProject
Global
	GlobalSection(SolutionConfigurationPlatforms) = preSolution
		Ad-Hoc|Any CPU = Ad-Hoc|Any CPU
		Ad-Hoc|ARM = Ad-Hoc|ARM
		Ad-Hoc|iPhone = Ad-Hoc|iPhone
		Ad-Hoc|iPhoneSimulator = Ad-Hoc|iPhoneSimulator
		Ad-Hoc|x64 = Ad-Hoc|x64
		Ad-Hoc|x86 = Ad-Hoc|x86
		AppStore|Any CPU = AppStore|Any CPU
		AppStore|ARM = AppStore|ARM
		AppStore|iPhone = AppStore|iPhone
		AppStore|iPhoneSimulator = AppStore|iPhoneSimulator
		AppStore|x64 = AppStore|x64
		AppStore|x86 = AppStore|x86
		Debug|Any CPU = Debug|Any CPU
		Debug|ARM = Debug|ARM
		Debug|iPhone = Debug|iPhone
		Debug|iPhoneSimulator = Debug|iPhoneSimulator
		Debug|x64 = Debug|x64
		Debug|x86 = Debug|x86
		Release|Any CPU = Release|Any CPU
		Release|ARM = Release|ARM
		Release|iPhone = Release|iPhone
		Release|iPhoneSimulator = Release|iPhoneSimulator
		Release|x64 = Release|x64
		Release|x86 = Release|x86
	EndGlobalSection
	GlobalSection(ProjectConfigurationPlatforms) = postSolution
		{D337E67F-5042-4D59-BBF6-F4542BF440CE}.Ad-Hoc|Any CPU.ActiveCfg = Release|Any CPU
		{D337E67F-5042-4D59-BBF6-F4542BF440CE}.Ad-Hoc|Any CPU.Build.0 = Release|Any CPU
		{D337E67F-5042-4D59-BBF6-F4542BF440CE}.Ad-Hoc|Any CPU.Deploy.0 = Release|Any CPU
		{D337E67F-5042-4D59-BBF6-F4542BF440CE}.Ad-Hoc|ARM.ActiveCfg = Release|Any CPU
		{D337E67F-5042-4D59-BBF6-F4542BF440CE}.Ad-Hoc|ARM.Build.0 = Release|Any CPU
		{D337E67F-5042-4D59-BBF6-F4542BF440CE}.Ad-Hoc|ARM.Deploy.0 = Release|Any CPU
		{D337E67F-5042-4D59-BBF6-F4542BF440CE}.Ad-Hoc|iPhone.ActiveCfg = Release|Any CPU
		{D337E67F-5042-4D59-BBF6-F4542BF440CE}.Ad-Hoc|iPhone.Build.0 = Release|Any CPU
		{D337E67F-5042-4D59-BBF6-F4542BF440CE}.Ad-Hoc|iPhone.Deploy.0 = Release|Any CPU
		{D337E67F-5042-4D59-BBF6-F4542BF440CE}.Ad-Hoc|iPhoneSimulator.ActiveCfg = Release|Any CPU
		{D337E67F-5042-4D59-BBF6-F4542BF440CE}.Ad-Hoc|iPhoneSimulator.Build.0 = Release|Any CPU
		{D337E67F-5042-4D59-BBF6-F4542BF440CE}.Ad-Hoc|iPhoneSimulator.Deploy.0 = Release|Any CPU
		{D337E67F-5042-4D59-BBF6-F4542BF440CE}.Ad-Hoc|x64.ActiveCfg = Release|Any CPU
		{D337E67F-5042-4D59-BBF6-F4542BF440CE}.Ad-Hoc|x64.Build.0 = Release|Any CPU
		{D337E67F-5042-4D59-BBF6-F4542BF440CE}.Ad-Hoc|x64.Deploy.0 = Release|Any CPU
		{D337E67F-5042-4D59-BBF6-F4542BF440CE}.Ad-Hoc|x86.ActiveCfg = Release|Any CPU
		{D337E67F-5042-4D59-BBF6-F4542BF440CE}.Ad-Hoc|x86.Build.0 = Release|Any CPU
		{D337E67F-5042-4D59-BBF6-F4542BF440CE}.Ad-Hoc|x86.Deploy.0 = Release|Any CPU
		{D337E67F-5042-4D59-BBF6-F4542BF440CE}.AppStore|Any CPU.ActiveCfg = Release|Any CPU
		{D337E67F-5042-4D59-BBF6-F4542BF440CE}.AppStore|Any CPU.Build.0 = Release|Any CPU
		{D337E67F-5042-4D59-BBF6-F4542BF440CE}.AppStore|Any CPU.Deploy.0 = Release|Any CPU
		{D337E67F-5042-4D59-BBF6-F4542BF440CE}.AppStore|ARM.ActiveCfg = Release|Any CPU
		{D337E67F-5042-4D59-BBF6-F4542BF440CE}.AppStore|ARM.Build.0 = Release|Any CPU
		{D337E67F-5042-4D59-BBF6-F4542BF440CE}.AppStore|ARM.Deploy.0 = Release|Any CPU
		{D337E67F-5042-4D59-BBF6-F4542BF440CE}.AppStore|iPhone.ActiveCfg = Release|Any CPU
		{D337E67F-5042-4D59-BBF6-F4542BF440CE}.AppStore|iPhone.Build.0 = Release|Any CPU
		{D337E67F-5042-4D59-BBF6-F4542BF440CE}.AppStore|iPhone.Deploy.0 = Release|Any CPU
		{D337E67F-5042-4D59-BBF6-F4542BF440CE}.AppStore|iPhoneSimulator.ActiveCfg = Release|Any CPU
		{D337E67F-5042-4D59-BBF6-F4542BF440CE}.AppStore|iPhoneSimulator.Build.0 = Release|Any CPU
		{D337E67F-5042-4D59-BBF6-F4542BF440CE}.AppStore|iPhoneSimulator.Deploy.0 = Release|Any CPU
		{D337E67F-5042-4D59-BBF6-F4542BF440CE}.AppStore|x64.ActiveCfg = Release|Any CPU
		{D337E67F-5042-4D59-BBF6-F4542BF440CE}.AppStore|x64.Build.0 = Release|Any CPU
		{D337E67F-5042-4D59-BBF6-F4542BF440CE}.AppStore|x64.Deploy.0 = Release|Any CPU
		{D337E67F-5042-4D59-BBF6-F4542BF440CE}.AppStore|x86.ActiveCfg = Release|Any CPU
		{D337E67F-5042-4D59-BBF6-F4542BF440CE}.AppStore|x86.Build.0 = Release|Any CPU
		{D337E67F-5042-4D59-BBF6-F4542BF440CE}.AppStore|x86.Deploy.0 = Release|Any CPU
		{D337E67F-5042-4D59-BBF6-F4542BF440CE}.Debug|Any CPU.ActiveCfg = Debug|Any CPU
		{D337E67F-5042-4D59-BBF6-F4542BF440CE}.Debug|Any CPU.Build.0 = Debug|Any CPU
		{D337E67F-5042-4D59-BBF6-F4542BF440CE}.Debug|Any CPU.Deploy.0 = Debug|Any CPU
		{D337E67F-5042-4D59-BBF6-F4542BF440CE}.Debug|ARM.ActiveCfg = Debug|Any CPU
		{D337E67F-5042-4D59-BBF6-F4542BF440CE}.Debug|ARM.Build.0 = Debug|Any CPU
		{D337E67F-5042-4D59-BBF6-F4542BF440CE}.Debug|ARM.Deploy.0 = Debug|Any CPU
		{D337E67F-5042-4D59-BBF6-F4542BF440CE}.Debug|iPhone.ActiveCfg = Debug|Any CPU
		{D337E67F-5042-4D59-BBF6-F4542BF440CE}.Debug|iPhone.Build.0 = Debug|Any CPU
		{D337E67F-5042-4D59-BBF6-F4542BF440CE}.Debug|iPhone.Deploy.0 = Debug|Any CPU
		{D337E67F-5042-4D59-BBF6-F4542BF440CE}.Debug|iPhoneSimulator.ActiveCfg = Debug|Any CPU
		{D337E67F-5042-4D59-BBF6-F4542BF440CE}.Debug|iPhoneSimulator.Build.0 = Debug|Any CPU
		{D337E67F-5042-4D59-BBF6-F4542BF440CE}.Debug|iPhoneSimulator.Deploy.0 = Debug|Any CPU
		{D337E67F-5042-4D59-BBF6-F4542BF440CE}.Debug|x64.ActiveCfg = Debug|Any CPU
		{D337E67F-5042-4D59-BBF6-F4542BF440CE}.Debug|x64.Build.0 = Debug|Any CPU
		{D337E67F-5042-4D59-BBF6-F4542BF440CE}.Debug|x64.Deploy.0 = Debug|Any CPU
		{D337E67F-5042-4D59-BBF6-F4542BF440CE}.Debug|x86.ActiveCfg = Debug|Any CPU
		{D337E67F-5042-4D59-BBF6-F4542BF440CE}.Debug|x86.Build.0 = Debug|Any CPU
		{D337E67F-5042-4D59-BBF6-F4542BF440CE}.Debug|x86.Deploy.0 = Debug|Any CPU
		{D337E67F-5042-4D59-BBF6-F4542BF440CE}.Release|Any CPU.ActiveCfg = Release|Any CPU
		{D337E67F-5042-4D59-BBF6-F4542BF440CE}.Release|Any CPU.Build.0 = Release|Any CPU
		{D337E67F-5042-4D59-BBF6-F4542BF440CE}.Release|Any CPU.Deploy.0 = Release|Any CPU
		{D337E67F-5042-4D59-BBF6-F4542BF440CE}.Release|ARM.ActiveCfg = Release|Any CPU
		{D337E67F-5042-4D59-BBF6-F4542BF440CE}.Release|ARM.Build.0 = Release|Any CPU
		{D337E67F-5042-4D59-BBF6-F4542BF440CE}.Release|ARM.Deploy.0 = Release|Any CPU
		{D337E67F-5042-4D59-BBF6-F4542BF440CE}.Release|iPhone.ActiveCfg = Release|Any CPU
		{D337E67F-5042-4D59-BBF6-F4542BF440CE}.Release|iPhone.Build.0 = Release|Any CPU
		{D337E67F-5042-4D59-BBF6-F4542BF440CE}.Release|iPhone.Deploy.0 = Release|Any CPU
		{D337E67F-5042-4D59-BBF6-F4542BF440CE}.Release|iPhoneSimulator.ActiveCfg = Release|Any CPU
		{D337E67F-5042-4D59-BBF6-F4542BF440CE}.Release|iPhoneSimulator.Build.0 = Release|Any CPU
		{D337E67F-5042-4D59-BBF6-F4542BF440CE}.Release|iPhoneSimulator.Deploy.0 = Release|Any CPU
		{D337E67F-5042-4D59-BBF6-F4542BF440CE}.Release|x64.ActiveCfg = Release|Any CPU
		{D337E67F-5042-4D59-BBF6-F4542BF440CE}.Release|x64.Build.0 = Release|Any CPU
		{D337E67F-5042-4D59-BBF6-F4542BF440CE}.Release|x64.Deploy.0 = Release|Any CPU
		{D337E67F-5042-4D59-BBF6-F4542BF440CE}.Release|x86.ActiveCfg = Release|Any CPU
		{D337E67F-5042-4D59-BBF6-F4542BF440CE}.Release|x86.Build.0 = Release|Any CPU
		{D337E67F-5042-4D59-BBF6-F4542BF440CE}.Release|x86.Deploy.0 = Release|Any CPU
		{8ADF004E-F602-42C5-AEB8-C05B63DB28DA}.Ad-Hoc|Any CPU.ActiveCfg = Ad-Hoc|iPhone
		{8ADF004E-F602-42C5-AEB8-C05B63DB28DA}.Ad-Hoc|Any CPU.Build.0 = Ad-Hoc|iPhone
		{8ADF004E-F602-42C5-AEB8-C05B63DB28DA}.Ad-Hoc|Any CPU.Deploy.0 = Ad-Hoc|iPhone
		{8ADF004E-F602-42C5-AEB8-C05B63DB28DA}.Ad-Hoc|ARM.ActiveCfg = Ad-Hoc|iPhone
		{8ADF004E-F602-42C5-AEB8-C05B63DB28DA}.Ad-Hoc|ARM.Build.0 = Ad-Hoc|iPhone
		{8ADF004E-F602-42C5-AEB8-C05B63DB28DA}.Ad-Hoc|ARM.Deploy.0 = Ad-Hoc|iPhone
		{8ADF004E-F602-42C5-AEB8-C05B63DB28DA}.Ad-Hoc|iPhone.ActiveCfg = Ad-Hoc|iPhone
		{8ADF004E-F602-42C5-AEB8-C05B63DB28DA}.Ad-Hoc|iPhone.Build.0 = Ad-Hoc|iPhone
		{8ADF004E-F602-42C5-AEB8-C05B63DB28DA}.Ad-Hoc|iPhone.Deploy.0 = Ad-Hoc|iPhone
		{8ADF004E-F602-42C5-AEB8-C05B63DB28DA}.Ad-Hoc|iPhoneSimulator.ActiveCfg = Ad-Hoc|iPhoneSimulator
		{8ADF004E-F602-42C5-AEB8-C05B63DB28DA}.Ad-Hoc|iPhoneSimulator.Build.0 = Ad-Hoc|iPhoneSimulator
		{8ADF004E-F602-42C5-AEB8-C05B63DB28DA}.Ad-Hoc|iPhoneSimulator.Deploy.0 = Ad-Hoc|iPhoneSimulator
		{8ADF004E-F602-42C5-AEB8-C05B63DB28DA}.Ad-Hoc|x64.ActiveCfg = Ad-Hoc|iPhone
		{8ADF004E-F602-42C5-AEB8-C05B63DB28DA}.Ad-Hoc|x64.Build.0 = Ad-Hoc|iPhone
		{8ADF004E-F602-42C5-AEB8-C05B63DB28DA}.Ad-Hoc|x64.Deploy.0 = Ad-Hoc|iPhone
		{8ADF004E-F602-42C5-AEB8-C05B63DB28DA}.Ad-Hoc|x86.ActiveCfg = Ad-Hoc|iPhone
		{8ADF004E-F602-42C5-AEB8-C05B63DB28DA}.Ad-Hoc|x86.Build.0 = Ad-Hoc|iPhone
		{8ADF004E-F602-42C5-AEB8-C05B63DB28DA}.Ad-Hoc|x86.Deploy.0 = Ad-Hoc|iPhone
		{8ADF004E-F602-42C5-AEB8-C05B63DB28DA}.AppStore|Any CPU.ActiveCfg = AppStore|iPhone
		{8ADF004E-F602-42C5-AEB8-C05B63DB28DA}.AppStore|Any CPU.Build.0 = AppStore|iPhone
		{8ADF004E-F602-42C5-AEB8-C05B63DB28DA}.AppStore|Any CPU.Deploy.0 = AppStore|iPhone
		{8ADF004E-F602-42C5-AEB8-C05B63DB28DA}.AppStore|ARM.ActiveCfg = AppStore|iPhone
		{8ADF004E-F602-42C5-AEB8-C05B63DB28DA}.AppStore|ARM.Build.0 = AppStore|iPhone
		{8ADF004E-F602-42C5-AEB8-C05B63DB28DA}.AppStore|ARM.Deploy.0 = AppStore|iPhone
		{8ADF004E-F602-42C5-AEB8-C05B63DB28DA}.AppStore|iPhone.ActiveCfg = AppStore|iPhone
		{8ADF004E-F602-42C5-AEB8-C05B63DB28DA}.AppStore|iPhone.Build.0 = AppStore|iPhone
		{8ADF004E-F602-42C5-AEB8-C05B63DB28DA}.AppStore|iPhone.Deploy.0 = AppStore|iPhone
		{8ADF004E-F602-42C5-AEB8-C05B63DB28DA}.AppStore|iPhoneSimulator.ActiveCfg = AppStore|iPhoneSimulator
		{8ADF004E-F602-42C5-AEB8-C05B63DB28DA}.AppStore|iPhoneSimulator.Build.0 = AppStore|iPhoneSimulator
		{8ADF004E-F602-42C5-AEB8-C05B63DB28DA}.AppStore|iPhoneSimulator.Deploy.0 = AppStore|iPhoneSimulator
		{8ADF004E-F602-42C5-AEB8-C05B63DB28DA}.AppStore|x64.ActiveCfg = AppStore|iPhone
		{8ADF004E-F602-42C5-AEB8-C05B63DB28DA}.AppStore|x64.Build.0 = AppStore|iPhone
		{8ADF004E-F602-42C5-AEB8-C05B63DB28DA}.AppStore|x64.Deploy.0 = AppStore|iPhone
		{8ADF004E-F602-42C5-AEB8-C05B63DB28DA}.AppStore|x86.ActiveCfg = AppStore|iPhone
		{8ADF004E-F602-42C5-AEB8-C05B63DB28DA}.AppStore|x86.Build.0 = AppStore|iPhone
		{8ADF004E-F602-42C5-AEB8-C05B63DB28DA}.AppStore|x86.Deploy.0 = AppStore|iPhone
		{8ADF004E-F602-42C5-AEB8-C05B63DB28DA}.Debug|Any CPU.ActiveCfg = Debug|iPhoneSimulator
		{8ADF004E-F602-42C5-AEB8-C05B63DB28DA}.Debug|Any CPU.Build.0 = Debug|iPhoneSimulator
		{8ADF004E-F602-42C5-AEB8-C05B63DB28DA}.Debug|Any CPU.Deploy.0 = Debug|iPhoneSimulator
		{8ADF004E-F602-42C5-AEB8-C05B63DB28DA}.Debug|ARM.ActiveCfg = Debug|iPhone
		{8ADF004E-F602-42C5-AEB8-C05B63DB28DA}.Debug|ARM.Build.0 = Debug|iPhone
		{8ADF004E-F602-42C5-AEB8-C05B63DB28DA}.Debug|ARM.Deploy.0 = Debug|iPhone
		{8ADF004E-F602-42C5-AEB8-C05B63DB28DA}.Debug|iPhone.ActiveCfg = Debug|iPhone
		{8ADF004E-F602-42C5-AEB8-C05B63DB28DA}.Debug|iPhone.Build.0 = Debug|iPhone
		{8ADF004E-F602-42C5-AEB8-C05B63DB28DA}.Debug|iPhone.Deploy.0 = Debug|iPhone
		{8ADF004E-F602-42C5-AEB8-C05B63DB28DA}.Debug|iPhoneSimulator.ActiveCfg = Debug|iPhoneSimulator
		{8ADF004E-F602-42C5-AEB8-C05B63DB28DA}.Debug|iPhoneSimulator.Build.0 = Debug|iPhoneSimulator
		{8ADF004E-F602-42C5-AEB8-C05B63DB28DA}.Debug|iPhoneSimulator.Deploy.0 = Debug|iPhoneSimulator
		{8ADF004E-F602-42C5-AEB8-C05B63DB28DA}.Debug|x64.ActiveCfg = Debug|iPhone
		{8ADF004E-F602-42C5-AEB8-C05B63DB28DA}.Debug|x64.Build.0 = Debug|iPhone
		{8ADF004E-F602-42C5-AEB8-C05B63DB28DA}.Debug|x64.Deploy.0 = Debug|iPhone
		{8ADF004E-F602-42C5-AEB8-C05B63DB28DA}.Debug|x86.ActiveCfg = Debug|iPhone
		{8ADF004E-F602-42C5-AEB8-C05B63DB28DA}.Debug|x86.Build.0 = Debug|iPhone
		{8ADF004E-F602-42C5-AEB8-C05B63DB28DA}.Debug|x86.Deploy.0 = Debug|iPhone
		{8ADF004E-F602-42C5-AEB8-C05B63DB28DA}.Release|Any CPU.ActiveCfg = Release|iPhone
		{8ADF004E-F602-42C5-AEB8-C05B63DB28DA}.Release|Any CPU.Build.0 = Release|iPhone
		{8ADF004E-F602-42C5-AEB8-C05B63DB28DA}.Release|Any CPU.Deploy.0 = Release|iPhone
		{8ADF004E-F602-42C5-AEB8-C05B63DB28DA}.Release|ARM.ActiveCfg = Release|iPhone
		{8ADF004E-F602-42C5-AEB8-C05B63DB28DA}.Release|ARM.Build.0 = Release|iPhone
		{8ADF004E-F602-42C5-AEB8-C05B63DB28DA}.Release|ARM.Deploy.0 = Release|iPhone
		{8ADF004E-F602-42C5-AEB8-C05B63DB28DA}.Release|iPhone.ActiveCfg = Release|iPhone
		{8ADF004E-F602-42C5-AEB8-C05B63DB28DA}.Release|iPhone.Build.0 = Release|iPhone
		{8ADF004E-F602-42C5-AEB8-C05B63DB28DA}.Release|iPhone.Deploy.0 = Release|iPhone
		{8ADF004E-F602-42C5-AEB8-C05B63DB28DA}.Release|iPhoneSimulator.ActiveCfg = Release|iPhoneSimulator
		{8ADF004E-F602-42C5-AEB8-C05B63DB28DA}.Release|iPhoneSimulator.Build.0 = Release|iPhoneSimulator
		{8ADF004E-F602-42C5-AEB8-C05B63DB28DA}.Release|iPhoneSimulator.Deploy.0 = Release|iPhoneSimulator
		{8ADF004E-F602-42C5-AEB8-C05B63DB28DA}.Release|x64.ActiveCfg = Release|iPhone
		{8ADF004E-F602-42C5-AEB8-C05B63DB28DA}.Release|x64.Build.0 = Release|iPhone
		{8ADF004E-F602-42C5-AEB8-C05B63DB28DA}.Release|x64.Deploy.0 = Release|iPhone
		{8ADF004E-F602-42C5-AEB8-C05B63DB28DA}.Release|x86.ActiveCfg = Release|iPhone
		{8ADF004E-F602-42C5-AEB8-C05B63DB28DA}.Release|x86.Build.0 = Release|iPhone
		{8ADF004E-F602-42C5-AEB8-C05B63DB28DA}.Release|x86.Deploy.0 = Release|iPhone
		{485C3164-3A65-4403-8C0B-5E835590AF7F}.Ad-Hoc|Any CPU.ActiveCfg = Release|x86
		{485C3164-3A65-4403-8C0B-5E835590AF7F}.Ad-Hoc|Any CPU.Build.0 = Release|x86
		{485C3164-3A65-4403-8C0B-5E835590AF7F}.Ad-Hoc|Any CPU.Deploy.0 = Release|x86
		{485C3164-3A65-4403-8C0B-5E835590AF7F}.Ad-Hoc|ARM.ActiveCfg = Release|ARM
		{485C3164-3A65-4403-8C0B-5E835590AF7F}.Ad-Hoc|ARM.Build.0 = Release|ARM
		{485C3164-3A65-4403-8C0B-5E835590AF7F}.Ad-Hoc|ARM.Deploy.0 = Release|ARM
		{485C3164-3A65-4403-8C0B-5E835590AF7F}.Ad-Hoc|iPhone.ActiveCfg = Release|x86
		{485C3164-3A65-4403-8C0B-5E835590AF7F}.Ad-Hoc|iPhone.Build.0 = Release|x86
		{485C3164-3A65-4403-8C0B-5E835590AF7F}.Ad-Hoc|iPhone.Deploy.0 = Release|x86
		{485C3164-3A65-4403-8C0B-5E835590AF7F}.Ad-Hoc|iPhoneSimulator.ActiveCfg = Release|x86
		{485C3164-3A65-4403-8C0B-5E835590AF7F}.Ad-Hoc|iPhoneSimulator.Build.0 = Release|x86
		{485C3164-3A65-4403-8C0B-5E835590AF7F}.Ad-Hoc|iPhoneSimulator.Deploy.0 = Release|x86
		{485C3164-3A65-4403-8C0B-5E835590AF7F}.Ad-Hoc|x64.ActiveCfg = Release|x64
		{485C3164-3A65-4403-8C0B-5E835590AF7F}.Ad-Hoc|x64.Build.0 = Release|x64
		{485C3164-3A65-4403-8C0B-5E835590AF7F}.Ad-Hoc|x64.Deploy.0 = Release|x64
		{485C3164-3A65-4403-8C0B-5E835590AF7F}.Ad-Hoc|x86.ActiveCfg = Release|x86
		{485C3164-3A65-4403-8C0B-5E835590AF7F}.Ad-Hoc|x86.Build.0 = Release|x86
		{485C3164-3A65-4403-8C0B-5E835590AF7F}.Ad-Hoc|x86.Deploy.0 = Release|x86
		{485C3164-3A65-4403-8C0B-5E835590AF7F}.AppStore|Any CPU.ActiveCfg = Release|x86
		{485C3164-3A65-4403-8C0B-5E835590AF7F}.AppStore|Any CPU.Build.0 = Release|x86
		{485C3164-3A65-4403-8C0B-5E835590AF7F}.AppStore|Any CPU.Deploy.0 = Release|x86
		{485C3164-3A65-4403-8C0B-5E835590AF7F}.AppStore|ARM.ActiveCfg = Release|ARM
		{485C3164-3A65-4403-8C0B-5E835590AF7F}.AppStore|ARM.Build.0 = Release|ARM
		{485C3164-3A65-4403-8C0B-5E835590AF7F}.AppStore|ARM.Deploy.0 = Release|ARM
		{485C3164-3A65-4403-8C0B-5E835590AF7F}.AppStore|iPhone.ActiveCfg = Release|x86
		{485C3164-3A65-4403-8C0B-5E835590AF7F}.AppStore|iPhone.Build.0 = Release|x86
		{485C3164-3A65-4403-8C0B-5E835590AF7F}.AppStore|iPhone.Deploy.0 = Release|x86
		{485C3164-3A65-4403-8C0B-5E835590AF7F}.AppStore|iPhoneSimulator.ActiveCfg = Release|x86
		{485C3164-3A65-4403-8C0B-5E835590AF7F}.AppStore|iPhoneSimulator.Build.0 = Release|x86
		{485C3164-3A65-4403-8C0B-5E835590AF7F}.AppStore|iPhoneSimulator.Deploy.0 = Release|x86
		{485C3164-3A65-4403-8C0B-5E835590AF7F}.AppStore|x64.ActiveCfg = Release|x64
		{485C3164-3A65-4403-8C0B-5E835590AF7F}.AppStore|x64.Build.0 = Release|x64
		{485C3164-3A65-4403-8C0B-5E835590AF7F}.AppStore|x64.Deploy.0 = Release|x64
		{485C3164-3A65-4403-8C0B-5E835590AF7F}.AppStore|x86.ActiveCfg = Release|x86
		{485C3164-3A65-4403-8C0B-5E835590AF7F}.AppStore|x86.Build.0 = Release|x86
		{485C3164-3A65-4403-8C0B-5E835590AF7F}.AppStore|x86.Deploy.0 = Release|x86
		{485C3164-3A65-4403-8C0B-5E835590AF7F}.Debug|Any CPU.ActiveCfg = Debug|x86
		{485C3164-3A65-4403-8C0B-5E835590AF7F}.Debug|Any CPU.Build.0 = Debug|x86
		{485C3164-3A65-4403-8C0B-5E835590AF7F}.Debug|Any CPU.Deploy.0 = Debug|x86
		{485C3164-3A65-4403-8C0B-5E835590AF7F}.Debug|ARM.ActiveCfg = Debug|ARM
		{485C3164-3A65-4403-8C0B-5E835590AF7F}.Debug|ARM.Build.0 = Debug|ARM
		{485C3164-3A65-4403-8C0B-5E835590AF7F}.Debug|ARM.Deploy.0 = Debug|ARM
		{485C3164-3A65-4403-8C0B-5E835590AF7F}.Debug|iPhone.ActiveCfg = Debug|x86
		{485C3164-3A65-4403-8C0B-5E835590AF7F}.Debug|iPhone.Build.0 = Debug|x86
		{485C3164-3A65-4403-8C0B-5E835590AF7F}.Debug|iPhone.Deploy.0 = Debug|x86
		{485C3164-3A65-4403-8C0B-5E835590AF7F}.Debug|iPhoneSimulator.ActiveCfg = Debug|x86
		{485C3164-3A65-4403-8C0B-5E835590AF7F}.Debug|iPhoneSimulator.Build.0 = Debug|x86
		{485C3164-3A65-4403-8C0B-5E835590AF7F}.Debug|iPhoneSimulator.Deploy.0 = Debug|x86
		{485C3164-3A65-4403-8C0B-5E835590AF7F}.Debug|x64.ActiveCfg = Debug|x64
		{485C3164-3A65-4403-8C0B-5E835590AF7F}.Debug|x64.Build.0 = Debug|x64
		{485C3164-3A65-4403-8C0B-5E835590AF7F}.Debug|x64.Deploy.0 = Debug|x64
		{485C3164-3A65-4403-8C0B-5E835590AF7F}.Debug|x86.ActiveCfg = Debug|x86
		{485C3164-3A65-4403-8C0B-5E835590AF7F}.Debug|x86.Build.0 = Debug|x86
		{485C3164-3A65-4403-8C0B-5E835590AF7F}.Debug|x86.Deploy.0 = Debug|x86
		{485C3164-3A65-4403-8C0B-5E835590AF7F}.Release|Any CPU.ActiveCfg = Release|x86
		{485C3164-3A65-4403-8C0B-5E835590AF7F}.Release|Any CPU.Build.0 = Release|x86
		{485C3164-3A65-4403-8C0B-5E835590AF7F}.Release|Any CPU.Deploy.0 = Release|x86
		{485C3164-3A65-4403-8C0B-5E835590AF7F}.Release|ARM.ActiveCfg = Release|ARM
		{485C3164-3A65-4403-8C0B-5E835590AF7F}.Release|ARM.Build.0 = Release|ARM
		{485C3164-3A65-4403-8C0B-5E835590AF7F}.Release|ARM.Deploy.0 = Release|ARM
		{485C3164-3A65-4403-8C0B-5E835590AF7F}.Release|iPhone.ActiveCfg = Release|x86
		{485C3164-3A65-4403-8C0B-5E835590AF7F}.Release|iPhone.Build.0 = Release|x86
		{485C3164-3A65-4403-8C0B-5E835590AF7F}.Release|iPhone.Deploy.0 = Release|x86
		{485C3164-3A65-4403-8C0B-5E835590AF7F}.Release|iPhoneSimulator.ActiveCfg = Release|x86
		{485C3164-3A65-4403-8C0B-5E835590AF7F}.Release|iPhoneSimulator.Build.0 = Release|x86
		{485C3164-3A65-4403-8C0B-5E835590AF7F}.Release|iPhoneSimulator.Deploy.0 = Release|x86
		{485C3164-3A65-4403-8C0B-5E835590AF7F}.Release|x64.ActiveCfg = Release|x64
		{485C3164-3A65-4403-8C0B-5E835590AF7F}.Release|x64.Build.0 = Release|x64
		{485C3164-3A65-4403-8C0B-5E835590AF7F}.Release|x64.Deploy.0 = Release|x64
		{485C3164-3A65-4403-8C0B-5E835590AF7F}.Release|x86.ActiveCfg = Release|x86
		{485C3164-3A65-4403-8C0B-5E835590AF7F}.Release|x86.Build.0 = Release|x86
		{485C3164-3A65-4403-8C0B-5E835590AF7F}.Release|x86.Deploy.0 = Release|x86
		{F0674AF6-1A78-4AFA-9661-38B046153A15}.Ad-Hoc|Any CPU.ActiveCfg = Debug|Any CPU
		{F0674AF6-1A78-4AFA-9661-38B046153A15}.Ad-Hoc|Any CPU.Build.0 = Debug|Any CPU
		{F0674AF6-1A78-4AFA-9661-38B046153A15}.Ad-Hoc|Any CPU.Deploy.0 = Debug|Any CPU
		{F0674AF6-1A78-4AFA-9661-38B046153A15}.Ad-Hoc|ARM.ActiveCfg = Debug|Any CPU
		{F0674AF6-1A78-4AFA-9661-38B046153A15}.Ad-Hoc|ARM.Build.0 = Debug|Any CPU
		{F0674AF6-1A78-4AFA-9661-38B046153A15}.Ad-Hoc|ARM.Deploy.0 = Debug|Any CPU
		{F0674AF6-1A78-4AFA-9661-38B046153A15}.Ad-Hoc|iPhone.ActiveCfg = Debug|Any CPU
		{F0674AF6-1A78-4AFA-9661-38B046153A15}.Ad-Hoc|iPhone.Build.0 = Debug|Any CPU
		{F0674AF6-1A78-4AFA-9661-38B046153A15}.Ad-Hoc|iPhone.Deploy.0 = Debug|Any CPU
		{F0674AF6-1A78-4AFA-9661-38B046153A15}.Ad-Hoc|iPhoneSimulator.ActiveCfg = Debug|Any CPU
		{F0674AF6-1A78-4AFA-9661-38B046153A15}.Ad-Hoc|iPhoneSimulator.Build.0 = Debug|Any CPU
		{F0674AF6-1A78-4AFA-9661-38B046153A15}.Ad-Hoc|iPhoneSimulator.Deploy.0 = Debug|Any CPU
		{F0674AF6-1A78-4AFA-9661-38B046153A15}.Ad-Hoc|x64.ActiveCfg = Debug|Any CPU
		{F0674AF6-1A78-4AFA-9661-38B046153A15}.Ad-Hoc|x64.Build.0 = Debug|Any CPU
		{F0674AF6-1A78-4AFA-9661-38B046153A15}.Ad-Hoc|x64.Deploy.0 = Debug|Any CPU
		{F0674AF6-1A78-4AFA-9661-38B046153A15}.Ad-Hoc|x86.ActiveCfg = Debug|Any CPU
		{F0674AF6-1A78-4AFA-9661-38B046153A15}.Ad-Hoc|x86.Build.0 = Debug|Any CPU
		{F0674AF6-1A78-4AFA-9661-38B046153A15}.Ad-Hoc|x86.Deploy.0 = Debug|Any CPU
		{F0674AF6-1A78-4AFA-9661-38B046153A15}.AppStore|Any CPU.ActiveCfg = Debug|Any CPU
		{F0674AF6-1A78-4AFA-9661-38B046153A15}.AppStore|Any CPU.Build.0 = Debug|Any CPU
		{F0674AF6-1A78-4AFA-9661-38B046153A15}.AppStore|Any CPU.Deploy.0 = Debug|Any CPU
		{F0674AF6-1A78-4AFA-9661-38B046153A15}.AppStore|ARM.ActiveCfg = Debug|Any CPU
		{F0674AF6-1A78-4AFA-9661-38B046153A15}.AppStore|ARM.Build.0 = Debug|Any CPU
		{F0674AF6-1A78-4AFA-9661-38B046153A15}.AppStore|ARM.Deploy.0 = Debug|Any CPU
		{F0674AF6-1A78-4AFA-9661-38B046153A15}.AppStore|iPhone.ActiveCfg = Debug|Any CPU
		{F0674AF6-1A78-4AFA-9661-38B046153A15}.AppStore|iPhone.Build.0 = Debug|Any CPU
		{F0674AF6-1A78-4AFA-9661-38B046153A15}.AppStore|iPhone.Deploy.0 = Debug|Any CPU
		{F0674AF6-1A78-4AFA-9661-38B046153A15}.AppStore|iPhoneSimulator.ActiveCfg = Debug|Any CPU
		{F0674AF6-1A78-4AFA-9661-38B046153A15}.AppStore|iPhoneSimulator.Build.0 = Debug|Any CPU
		{F0674AF6-1A78-4AFA-9661-38B046153A15}.AppStore|iPhoneSimulator.Deploy.0 = Debug|Any CPU
		{F0674AF6-1A78-4AFA-9661-38B046153A15}.AppStore|x64.ActiveCfg = Debug|Any CPU
		{F0674AF6-1A78-4AFA-9661-38B046153A15}.AppStore|x64.Build.0 = Debug|Any CPU
		{F0674AF6-1A78-4AFA-9661-38B046153A15}.AppStore|x64.Deploy.0 = Debug|Any CPU
		{F0674AF6-1A78-4AFA-9661-38B046153A15}.AppStore|x86.ActiveCfg = Debug|Any CPU
		{F0674AF6-1A78-4AFA-9661-38B046153A15}.AppStore|x86.Build.0 = Debug|Any CPU
		{F0674AF6-1A78-4AFA-9661-38B046153A15}.AppStore|x86.Deploy.0 = Debug|Any CPU
		{F0674AF6-1A78-4AFA-9661-38B046153A15}.Debug|Any CPU.ActiveCfg = Debug|Any CPU
		{F0674AF6-1A78-4AFA-9661-38B046153A15}.Debug|Any CPU.Build.0 = Debug|Any CPU
		{F0674AF6-1A78-4AFA-9661-38B046153A15}.Debug|Any CPU.Deploy.0 = Debug|Any CPU
		{F0674AF6-1A78-4AFA-9661-38B046153A15}.Debug|ARM.ActiveCfg = Debug|Any CPU
		{F0674AF6-1A78-4AFA-9661-38B046153A15}.Debug|ARM.Build.0 = Debug|Any CPU
		{F0674AF6-1A78-4AFA-9661-38B046153A15}.Debug|ARM.Deploy.0 = Debug|Any CPU
		{F0674AF6-1A78-4AFA-9661-38B046153A15}.Debug|iPhone.ActiveCfg = Debug|Any CPU
		{F0674AF6-1A78-4AFA-9661-38B046153A15}.Debug|iPhone.Build.0 = Debug|Any CPU
		{F0674AF6-1A78-4AFA-9661-38B046153A15}.Debug|iPhone.Deploy.0 = Debug|Any CPU
		{F0674AF6-1A78-4AFA-9661-38B046153A15}.Debug|iPhoneSimulator.ActiveCfg = Debug|Any CPU
		{F0674AF6-1A78-4AFA-9661-38B046153A15}.Debug|iPhoneSimulator.Build.0 = Debug|Any CPU
		{F0674AF6-1A78-4AFA-9661-38B046153A15}.Debug|iPhoneSimulator.Deploy.0 = Debug|Any CPU
		{F0674AF6-1A78-4AFA-9661-38B046153A15}.Debug|x64.ActiveCfg = Debug|Any CPU
		{F0674AF6-1A78-4AFA-9661-38B046153A15}.Debug|x64.Build.0 = Debug|Any CPU
		{F0674AF6-1A78-4AFA-9661-38B046153A15}.Debug|x64.Deploy.0 = Debug|Any CPU
		{F0674AF6-1A78-4AFA-9661-38B046153A15}.Debug|x86.ActiveCfg = Debug|Any CPU
		{F0674AF6-1A78-4AFA-9661-38B046153A15}.Debug|x86.Build.0 = Debug|Any CPU
		{F0674AF6-1A78-4AFA-9661-38B046153A15}.Debug|x86.Deploy.0 = Debug|Any CPU
		{F0674AF6-1A78-4AFA-9661-38B046153A15}.Release|Any CPU.ActiveCfg = Release|Any CPU
		{F0674AF6-1A78-4AFA-9661-38B046153A15}.Release|Any CPU.Build.0 = Release|Any CPU
		{F0674AF6-1A78-4AFA-9661-38B046153A15}.Release|Any CPU.Deploy.0 = Release|Any CPU
		{F0674AF6-1A78-4AFA-9661-38B046153A15}.Release|ARM.ActiveCfg = Release|Any CPU
		{F0674AF6-1A78-4AFA-9661-38B046153A15}.Release|ARM.Build.0 = Release|Any CPU
		{F0674AF6-1A78-4AFA-9661-38B046153A15}.Release|ARM.Deploy.0 = Release|Any CPU
		{F0674AF6-1A78-4AFA-9661-38B046153A15}.Release|iPhone.ActiveCfg = Release|Any CPU
		{F0674AF6-1A78-4AFA-9661-38B046153A15}.Release|iPhone.Build.0 = Release|Any CPU
		{F0674AF6-1A78-4AFA-9661-38B046153A15}.Release|iPhone.Deploy.0 = Release|Any CPU
		{F0674AF6-1A78-4AFA-9661-38B046153A15}.Release|iPhoneSimulator.ActiveCfg = Release|Any CPU
		{F0674AF6-1A78-4AFA-9661-38B046153A15}.Release|iPhoneSimulator.Build.0 = Release|Any CPU
		{F0674AF6-1A78-4AFA-9661-38B046153A15}.Release|iPhoneSimulator.Deploy.0 = Release|Any CPU
		{F0674AF6-1A78-4AFA-9661-38B046153A15}.Release|x64.ActiveCfg = Release|Any CPU
		{F0674AF6-1A78-4AFA-9661-38B046153A15}.Release|x64.Build.0 = Release|Any CPU
		{F0674AF6-1A78-4AFA-9661-38B046153A15}.Release|x64.Deploy.0 = Release|Any CPU
		{F0674AF6-1A78-4AFA-9661-38B046153A15}.Release|x86.ActiveCfg = Release|Any CPU
		{F0674AF6-1A78-4AFA-9661-38B046153A15}.Release|x86.Build.0 = Release|Any CPU
		{F0674AF6-1A78-4AFA-9661-38B046153A15}.Release|x86.Deploy.0 = Release|Any CPU
	EndGlobalSection
	GlobalSection(SolutionProperties) = preSolution
		HideSolutionNode = FALSE
	EndGlobalSection
	GlobalSection(ExtensibilityGlobals) = postSolution
		SolutionGuid = {164BFF5E-037F-4709-B135-204730BCD44D}
	EndGlobalSection
EndGlobal
