
Microsoft Visual Studio Solution File, Format Version 12.00
# Visual Studio 15
VisualStudioVersion = 15.0.28010.2026
MinimumVisualStudioVersion = 10.0.40219.1
Project("{FAE04EC0-301F-11D3-BF4B-00C04F79EFBC}") = "App2_Tarefa.Android", "App2_Tarefa\App2_Tarefa.Android\App2_Tarefa.Android.csproj", "{847D446F-D5EC-4DA8-850A-9A94C1A1F215}"
EndProject
Project("{FAE04EC0-301F-11D3-BF4B-00C04F79EFBC}") = "App2_Tarefa.iOS", "App2_Tarefa\App2_Tarefa.iOS\App2_Tarefa.iOS.csproj", "{995EB99A-554E-4D51-8EFA-E553FF83556B}"
EndProject
Project("{FAE04EC0-301F-11D3-BF4B-00C04F79EFBC}") = "App2_Tarefa.UWP", "App2_Tarefa\App2_Tarefa.UWP\App2_Tarefa.UWP.csproj", "{9D93D048-F59A-4389-8C67-A139B24911A4}"
EndProject
Project("{FAE04EC0-301F-11D3-BF4B-00C04F79EFBC}") = "App2_Tarefa", "App2_Tarefa\App2_Tarefa\App2_Tarefa.csproj", "{CEC00319-F196-4F05-A102-024CF5E5B7CA}"
EndProject
Global
	GlobalSection(SolutionConfigurationPlatforms) = preSolution
		Ad-Hoc|Any CPU = Ad-Hoc|Any CPU
		Ad-Hoc|ARM = Ad-Hoc|ARM
		Ad-Hoc|iPhone = Ad-Hoc|iPhone
		Ad-Hoc|iPhoneSimulator = Ad-Hoc|iPhoneSimulator
		Ad-Hoc|x64 = Ad-Hoc|x64
		Ad-Hoc|x86 = Ad-Hoc|x86
		AppStore|Any CPU = AppStore|Any CPU
		AppStore|ARM = AppStore|ARM
		AppStore|iPhone = AppStore|iPhone
		AppStore|iPhoneSimulator = AppStore|iPhoneSimulator
		AppStore|x64 = AppStore|x64
		AppStore|x86 = AppStore|x86
		Debug|Any CPU = Debug|Any CPU
		Debug|ARM = Debug|ARM
		Debug|iPhone = Debug|iPhone
		Debug|iPhoneSimulator = Debug|iPhoneSimulator
		Debug|x64 = Debug|x64
		Debug|x86 = Debug|x86
		Release|Any CPU = Release|Any CPU
		Release|ARM = Release|ARM
		Release|iPhone = Release|iPhone
		Release|iPhoneSimulator = Release|iPhoneSimulator
		Release|x64 = Release|x64
		Release|x86 = Release|x86
	EndGlobalSection
	GlobalSection(ProjectConfigurationPlatforms) = postSolution
		{847D446F-D5EC-4DA8-850A-9A94C1A1F215}.Ad-Hoc|Any CPU.ActiveCfg = Release|Any CPU
		{847D446F-D5EC-4DA8-850A-9A94C1A1F215}.Ad-Hoc|Any CPU.Build.0 = Release|Any CPU
		{847D446F-D5EC-4DA8-850A-9A94C1A1F215}.Ad-Hoc|Any CPU.Deploy.0 = Release|Any CPU
		{847D446F-D5EC-4DA8-850A-9A94C1A1F215}.Ad-Hoc|ARM.ActiveCfg = Release|Any CPU
		{847D446F-D5EC-4DA8-850A-9A94C1A1F215}.Ad-Hoc|ARM.Build.0 = Release|Any CPU
		{847D446F-D5EC-4DA8-850A-9A94C1A1F215}.Ad-Hoc|ARM.Deploy.0 = Release|Any CPU
		{847D446F-D5EC-4DA8-850A-9A94C1A1F215}.Ad-Hoc|iPhone.ActiveCfg = Release|Any CPU
		{847D446F-D5EC-4DA8-850A-9A94C1A1F215}.Ad-Hoc|iPhone.Build.0 = Release|Any CPU
		{847D446F-D5EC-4DA8-850A-9A94C1A1F215}.Ad-Hoc|iPhone.Deploy.0 = Release|Any CPU
		{847D446F-D5EC-4DA8-850A-9A94C1A1F215}.Ad-Hoc|iPhoneSimulator.ActiveCfg = Release|Any CPU
		{847D446F-D5EC-4DA8-850A-9A94C1A1F215}.Ad-Hoc|iPhoneSimulator.Build.0 = Release|Any CPU
		{847D446F-D5EC-4DA8-850A-9A94C1A1F215}.Ad-Hoc|iPhoneSimulator.Deploy.0 = Release|Any CPU
		{847D446F-D5EC-4DA8-850A-9A94C1A1F215}.Ad-Hoc|x64.ActiveCfg = Release|Any CPU
		{847D446F-D5EC-4DA8-850A-9A94C1A1F215}.Ad-Hoc|x64.Build.0 = Release|Any CPU
		{847D446F-D5EC-4DA8-850A-9A94C1A1F215}.Ad-Hoc|x64.Deploy.0 = Release|Any CPU
		{847D446F-D5EC-4DA8-850A-9A94C1A1F215}.Ad-Hoc|x86.ActiveCfg = Release|Any CPU
		{847D446F-D5EC-4DA8-850A-9A94C1A1F215}.Ad-Hoc|x86.Build.0 = Release|Any CPU
		{847D446F-D5EC-4DA8-850A-9A94C1A1F215}.Ad-Hoc|x86.Deploy.0 = Release|Any CPU
		{847D446F-D5EC-4DA8-850A-9A94C1A1F215}.AppStore|Any CPU.ActiveCfg = Release|Any CPU
		{847D446F-D5EC-4DA8-850A-9A94C1A1F215}.AppStore|Any CPU.Build.0 = Release|Any CPU
		{847D446F-D5EC-4DA8-850A-9A94C1A1F215}.AppStore|Any CPU.Deploy.0 = Release|Any CPU
		{847D446F-D5EC-4DA8-850A-9A94C1A1F215}.AppStore|ARM.ActiveCfg = Release|Any CPU
		{847D446F-D5EC-4DA8-850A-9A94C1A1F215}.AppStore|ARM.Build.0 = Release|Any CPU
		{847D446F-D5EC-4DA8-850A-9A94C1A1F215}.AppStore|ARM.Deploy.0 = Release|Any CPU
		{847D446F-D5EC-4DA8-850A-9A94C1A1F215}.AppStore|iPhone.ActiveCfg = Release|Any CPU
		{847D446F-D5EC-4DA8-850A-9A94C1A1F215}.AppStore|iPhone.Build.0 = Release|Any CPU
		{847D446F-D5EC-4DA8-850A-9A94C1A1F215}.AppStore|iPhone.Deploy.0 = Release|Any CPU
		{847D446F-D5EC-4DA8-850A-9A94C1A1F215}.AppStore|iPhoneSimulator.ActiveCfg = Release|Any CPU
		{847D446F-D5EC-4DA8-850A-9A94C1A1F215}.AppStore|iPhoneSimulator.Build.0 = Release|Any CPU
		{847D446F-D5EC-4DA8-850A-9A94C1A1F215}.AppStore|iPhoneSimulator.Deploy.0 = Release|Any CPU
		{847D446F-D5EC-4DA8-850A-9A94C1A1F215}.AppStore|x64.ActiveCfg = Release|Any CPU
		{847D446F-D5EC-4DA8-850A-9A94C1A1F215}.AppStore|x64.Build.0 = Release|Any CPU
		{847D446F-D5EC-4DA8-850A-9A94C1A1F215}.AppStore|x64.Deploy.0 = Release|Any CPU
		{847D446F-D5EC-4DA8-850A-9A94C1A1F215}.AppStore|x86.ActiveCfg = Release|Any CPU
		{847D446F-D5EC-4DA8-850A-9A94C1A1F215}.AppStore|x86.Build.0 = Release|Any CPU
		{847D446F-D5EC-4DA8-850A-9A94C1A1F215}.AppStore|x86.Deploy.0 = Release|Any CPU
		{847D446F-D5EC-4DA8-850A-9A94C1A1F215}.Debug|Any CPU.ActiveCfg = Debug|Any CPU
		{847D446F-D5EC-4DA8-850A-9A94C1A1F215}.Debug|Any CPU.Build.0 = Debug|Any CPU
		{847D446F-D5EC-4DA8-850A-9A94C1A1F215}.Debug|Any CPU.Deploy.0 = Debug|Any CPU
		{847D446F-D5EC-4DA8-850A-9A94C1A1F215}.Debug|ARM.ActiveCfg = Debug|Any CPU
		{847D446F-D5EC-4DA8-850A-9A94C1A1F215}.Debug|ARM.Build.0 = Debug|Any CPU
		{847D446F-D5EC-4DA8-850A-9A94C1A1F215}.Debug|ARM.Deploy.0 = Debug|Any CPU
		{847D446F-D5EC-4DA8-850A-9A94C1A1F215}.Debug|iPhone.ActiveCfg = Debug|Any CPU
		{847D446F-D5EC-4DA8-850A-9A94C1A1F215}.Debug|iPhone.Build.0 = Debug|Any CPU
		{847D446F-D5EC-4DA8-850A-9A94C1A1F215}.Debug|iPhone.Deploy.0 = Debug|Any CPU
		{847D446F-D5EC-4DA8-850A-9A94C1A1F215}.Debug|iPhoneSimulator.ActiveCfg = Debug|Any CPU
		{847D446F-D5EC-4DA8-850A-9A94C1A1F215}.Debug|iPhoneSimulator.Build.0 = Debug|Any CPU
		{847D446F-D5EC-4DA8-850A-9A94C1A1F215}.Debug|iPhoneSimulator.Deploy.0 = Debug|Any CPU
		{847D446F-D5EC-4DA8-850A-9A94C1A1F215}.Debug|x64.ActiveCfg = Debug|Any CPU
		{847D446F-D5EC-4DA8-850A-9A94C1A1F215}.Debug|x64.Build.0 = Debug|Any CPU
		{847D446F-D5EC-4DA8-850A-9A94C1A1F215}.Debug|x64.Deploy.0 = Debug|Any CPU
		{847D446F-D5EC-4DA8-850A-9A94C1A1F215}.Debug|x86.ActiveCfg = Debug|Any CPU
		{847D446F-D5EC-4DA8-850A-9A94C1A1F215}.Debug|x86.Build.0 = Debug|Any CPU
		{847D446F-D5EC-4DA8-850A-9A94C1A1F215}.Debug|x86.Deploy.0 = Debug|Any CPU
		{847D446F-D5EC-4DA8-850A-9A94C1A1F215}.Release|Any CPU.ActiveCfg = Release|Any CPU
		{847D446F-D5EC-4DA8-850A-9A94C1A1F215}.Release|Any CPU.Build.0 = Release|Any CPU
		{847D446F-D5EC-4DA8-850A-9A94C1A1F215}.Release|Any CPU.Deploy.0 = Release|Any CPU
		{847D446F-D5EC-4DA8-850A-9A94C1A1F215}.Release|ARM.ActiveCfg = Release|Any CPU
		{847D446F-D5EC-4DA8-850A-9A94C1A1F215}.Release|ARM.Build.0 = Release|Any CPU
		{847D446F-D5EC-4DA8-850A-9A94C1A1F215}.Release|ARM.Deploy.0 = Release|Any CPU
		{847D446F-D5EC-4DA8-850A-9A94C1A1F215}.Release|iPhone.ActiveCfg = Release|Any CPU
		{847D446F-D5EC-4DA8-850A-9A94C1A1F215}.Release|iPhone.Build.0 = Release|Any CPU
		{847D446F-D5EC-4DA8-850A-9A94C1A1F215}.Release|iPhone.Deploy.0 = Release|Any CPU
		{847D446F-D5EC-4DA8-850A-9A94C1A1F215}.Release|iPhoneSimulator.ActiveCfg = Release|Any CPU
		{847D446F-D5EC-4DA8-850A-9A94C1A1F215}.Release|iPhoneSimulator.Build.0 = Release|Any CPU
		{847D446F-D5EC-4DA8-850A-9A94C1A1F215}.Release|iPhoneSimulator.Deploy.0 = Release|Any CPU
		{847D446F-D5EC-4DA8-850A-9A94C1A1F215}.Release|x64.ActiveCfg = Release|Any CPU
		{847D446F-D5EC-4DA8-850A-9A94C1A1F215}.Release|x64.Build.0 = Release|Any CPU
		{847D446F-D5EC-4DA8-850A-9A94C1A1F215}.Release|x64.Deploy.0 = Release|Any CPU
		{847D446F-D5EC-4DA8-850A-9A94C1A1F215}.Release|x86.ActiveCfg = Release|Any CPU
		{847D446F-D5EC-4DA8-850A-9A94C1A1F215}.Release|x86.Build.0 = Release|Any CPU
		{847D446F-D5EC-4DA8-850A-9A94C1A1F215}.Release|x86.Deploy.0 = Release|Any CPU
		{995EB99A-554E-4D51-8EFA-E553FF83556B}.Ad-Hoc|Any CPU.ActiveCfg = Ad-Hoc|iPhone
		{995EB99A-554E-4D51-8EFA-E553FF83556B}.Ad-Hoc|Any CPU.Build.0 = Ad-Hoc|iPhone
		{995EB99A-554E-4D51-8EFA-E553FF83556B}.Ad-Hoc|Any CPU.Deploy.0 = Ad-Hoc|iPhone
		{995EB99A-554E-4D51-8EFA-E553FF83556B}.Ad-Hoc|ARM.ActiveCfg = Ad-Hoc|iPhone
		{995EB99A-554E-4D51-8EFA-E553FF83556B}.Ad-Hoc|ARM.Build.0 = Ad-Hoc|iPhone
		{995EB99A-554E-4D51-8EFA-E553FF83556B}.Ad-Hoc|ARM.Deploy.0 = Ad-Hoc|iPhone
		{995EB99A-554E-4D51-8EFA-E553FF83556B}.Ad-Hoc|iPhone.ActiveCfg = Ad-Hoc|iPhone
		{995EB99A-554E-4D51-8EFA-E553FF83556B}.Ad-Hoc|iPhone.Build.0 = Ad-Hoc|iPhone
		{995EB99A-554E-4D51-8EFA-E553FF83556B}.Ad-Hoc|iPhone.Deploy.0 = Ad-Hoc|iPhone
		{995EB99A-554E-4D51-8EFA-E553FF83556B}.Ad-Hoc|iPhoneSimulator.ActiveCfg = Ad-Hoc|iPhoneSimulator
		{995EB99A-554E-4D51-8EFA-E553FF83556B}.Ad-Hoc|iPhoneSimulator.Build.0 = Ad-Hoc|iPhoneSimulator
		{995EB99A-554E-4D51-8EFA-E553FF83556B}.Ad-Hoc|iPhoneSimulator.Deploy.0 = Ad-Hoc|iPhoneSimulator
		{995EB99A-554E-4D51-8EFA-E553FF83556B}.Ad-Hoc|x64.ActiveCfg = Ad-Hoc|iPhone
		{995EB99A-554E-4D51-8EFA-E553FF83556B}.Ad-Hoc|x64.Build.0 = Ad-Hoc|iPhone
		{995EB99A-554E-4D51-8EFA-E553FF83556B}.Ad-Hoc|x64.Deploy.0 = Ad-Hoc|iPhone
		{995EB99A-554E-4D51-8EFA-E553FF83556B}.Ad-Hoc|x86.ActiveCfg = Ad-Hoc|iPhone
		{995EB99A-554E-4D51-8EFA-E553FF83556B}.Ad-Hoc|x86.Build.0 = Ad-Hoc|iPhone
		{995EB99A-554E-4D51-8EFA-E553FF83556B}.Ad-Hoc|x86.Deploy.0 = Ad-Hoc|iPhone
		{995EB99A-554E-4D51-8EFA-E553FF83556B}.AppStore|Any CPU.ActiveCfg = AppStore|iPhone
		{995EB99A-554E-4D51-8EFA-E553FF83556B}.AppStore|Any CPU.Build.0 = AppStore|iPhone
		{995EB99A-554E-4D51-8EFA-E553FF83556B}.AppStore|Any CPU.Deploy.0 = AppStore|iPhone
		{995EB99A-554E-4D51-8EFA-E553FF83556B}.AppStore|ARM.ActiveCfg = AppStore|iPhone
		{995EB99A-554E-4D51-8EFA-E553FF83556B}.AppStore|ARM.Build.0 = AppStore|iPhone
		{995EB99A-554E-4D51-8EFA-E553FF83556B}.AppStore|ARM.Deploy.0 = AppStore|iPhone
		{995EB99A-554E-4D51-8EFA-E553FF83556B}.AppStore|iPhone.ActiveCfg = AppStore|iPhone
		{995EB99A-554E-4D51-8EFA-E553FF83556B}.AppStore|iPhone.Build.0 = AppStore|iPhone
		{995EB99A-554E-4D51-8EFA-E553FF83556B}.AppStore|iPhone.Deploy.0 = AppStore|iPhone
		{995EB99A-554E-4D51-8EFA-E553FF83556B}.AppStore|iPhoneSimulator.ActiveCfg = AppStore|iPhoneSimulator
		{995EB99A-554E-4D51-8EFA-E553FF83556B}.AppStore|iPhoneSimulator.Build.0 = AppStore|iPhoneSimulator
		{995EB99A-554E-4D51-8EFA-E553FF83556B}.AppStore|iPhoneSimulator.Deploy.0 = AppStore|iPhoneSimulator
		{995EB99A-554E-4D51-8EFA-E553FF83556B}.AppStore|x64.ActiveCfg = AppStore|iPhone
		{995EB99A-554E-4D51-8EFA-E553FF83556B}.AppStore|x64.Build.0 = AppStore|iPhone
		{995EB99A-554E-4D51-8EFA-E553FF83556B}.AppStore|x64.Deploy.0 = AppStore|iPhone
		{995EB99A-554E-4D51-8EFA-E553FF83556B}.AppStore|x86.ActiveCfg = AppStore|iPhone
		{995EB99A-554E-4D51-8EFA-E553FF83556B}.AppStore|x86.Build.0 = AppStore|iPhone
		{995EB99A-554E-4D51-8EFA-E553FF83556B}.AppStore|x86.Deploy.0 = AppStore|iPhone
		{995EB99A-554E-4D51-8EFA-E553FF83556B}.Debug|Any CPU.ActiveCfg = Debug|iPhoneSimulator
		{995EB99A-554E-4D51-8EFA-E553FF83556B}.Debug|Any CPU.Build.0 = Debug|iPhoneSimulator
		{995EB99A-554E-4D51-8EFA-E553FF83556B}.Debug|Any CPU.Deploy.0 = Debug|iPhoneSimulator
		{995EB99A-554E-4D51-8EFA-E553FF83556B}.Debug|ARM.ActiveCfg = Debug|iPhone
		{995EB99A-554E-4D51-8EFA-E553FF83556B}.Debug|ARM.Build.0 = Debug|iPhone
		{995EB99A-554E-4D51-8EFA-E553FF83556B}.Debug|ARM.Deploy.0 = Debug|iPhone
		{995EB99A-554E-4D51-8EFA-E553FF83556B}.Debug|iPhone.ActiveCfg = Debug|iPhone
		{995EB99A-554E-4D51-8EFA-E553FF83556B}.Debug|iPhone.Build.0 = Debug|iPhone
		{995EB99A-554E-4D51-8EFA-E553FF83556B}.Debug|iPhone.Deploy.0 = Debug|iPhone
		{995EB99A-554E-4D51-8EFA-E553FF83556B}.Debug|iPhoneSimulator.ActiveCfg = Debug|iPhoneSimulator
		{995EB99A-554E-4D51-8EFA-E553FF83556B}.Debug|iPhoneSimulator.Build.0 = Debug|iPhoneSimulator
		{995EB99A-554E-4D51-8EFA-E553FF83556B}.Debug|iPhoneSimulator.Deploy.0 = Debug|iPhoneSimulator
		{995EB99A-554E-4D51-8EFA-E553FF83556B}.Debug|x64.ActiveCfg = Debug|iPhone
		{995EB99A-554E-4D51-8EFA-E553FF83556B}.Debug|x64.Build.0 = Debug|iPhone
		{995EB99A-554E-4D51-8EFA-E553FF83556B}.Debug|x64.Deploy.0 = Debug|iPhone
		{995EB99A-554E-4D51-8EFA-E553FF83556B}.Debug|x86.ActiveCfg = Debug|iPhone
		{995EB99A-554E-4D51-8EFA-E553FF83556B}.Debug|x86.Build.0 = Debug|iPhone
		{995EB99A-554E-4D51-8EFA-E553FF83556B}.Debug|x86.Deploy.0 = Debug|iPhone
		{995EB99A-554E-4D51-8EFA-E553FF83556B}.Release|Any CPU.ActiveCfg = Release|iPhone
		{995EB99A-554E-4D51-8EFA-E553FF83556B}.Release|Any CPU.Build.0 = Release|iPhone
		{995EB99A-554E-4D51-8EFA-E553FF83556B}.Release|Any CPU.Deploy.0 = Release|iPhone
		{995EB99A-554E-4D51-8EFA-E553FF83556B}.Release|ARM.ActiveCfg = Release|iPhone
		{995EB99A-554E-4D51-8EFA-E553FF83556B}.Release|ARM.Build.0 = Release|iPhone
		{995EB99A-554E-4D51-8EFA-E553FF83556B}.Release|ARM.Deploy.0 = Release|iPhone
		{995EB99A-554E-4D51-8EFA-E553FF83556B}.Release|iPhone.ActiveCfg = Release|iPhone
		{995EB99A-554E-4D51-8EFA-E553FF83556B}.Release|iPhone.Build.0 = Release|iPhone
		{995EB99A-554E-4D51-8EFA-E553FF83556B}.Release|iPhone.Deploy.0 = Release|iPhone
		{995EB99A-554E-4D51-8EFA-E553FF83556B}.Release|iPhoneSimulator.ActiveCfg = Release|iPhoneSimulator
		{995EB99A-554E-4D51-8EFA-E553FF83556B}.Release|iPhoneSimulator.Build.0 = Release|iPhoneSimulator
		{995EB99A-554E-4D51-8EFA-E553FF83556B}.Release|iPhoneSimulator.Deploy.0 = Release|iPhoneSimulator
		{995EB99A-554E-4D51-8EFA-E553FF83556B}.Release|x64.ActiveCfg = Release|iPhone
		{995EB99A-554E-4D51-8EFA-E553FF83556B}.Release|x64.Build.0 = Release|iPhone
		{995EB99A-554E-4D51-8EFA-E553FF83556B}.Release|x64.Deploy.0 = Release|iPhone
		{995EB99A-554E-4D51-8EFA-E553FF83556B}.Release|x86.ActiveCfg = Release|iPhone
		{995EB99A-554E-4D51-8EFA-E553FF83556B}.Release|x86.Build.0 = Release|iPhone
		{995EB99A-554E-4D51-8EFA-E553FF83556B}.Release|x86.Deploy.0 = Release|iPhone
		{9D93D048-F59A-4389-8C67-A139B24911A4}.Ad-Hoc|Any CPU.ActiveCfg = Release|x86
		{9D93D048-F59A-4389-8C67-A139B24911A4}.Ad-Hoc|Any CPU.Build.0 = Release|x86
		{9D93D048-F59A-4389-8C67-A139B24911A4}.Ad-Hoc|Any CPU.Deploy.0 = Release|x86
		{9D93D048-F59A-4389-8C67-A139B24911A4}.Ad-Hoc|ARM.ActiveCfg = Release|ARM
		{9D93D048-F59A-4389-8C67-A139B24911A4}.Ad-Hoc|ARM.Build.0 = Release|ARM
		{9D93D048-F59A-4389-8C67-A139B24911A4}.Ad-Hoc|ARM.Deploy.0 = Release|ARM
		{9D93D048-F59A-4389-8C67-A139B24911A4}.Ad-Hoc|iPhone.ActiveCfg = Release|x86
		{9D93D048-F59A-4389-8C67-A139B24911A4}.Ad-Hoc|iPhone.Build.0 = Release|x86
		{9D93D048-F59A-4389-8C67-A139B24911A4}.Ad-Hoc|iPhone.Deploy.0 = Release|x86
		{9D93D048-F59A-4389-8C67-A139B24911A4}.Ad-Hoc|iPhoneSimulator.ActiveCfg = Release|x86
		{9D93D048-F59A-4389-8C67-A139B24911A4}.Ad-Hoc|iPhoneSimulator.Build.0 = Release|x86
		{9D93D048-F59A-4389-8C67-A139B24911A4}.Ad-Hoc|iPhoneSimulator.Deploy.0 = Release|x86
		{9D93D048-F59A-4389-8C67-A139B24911A4}.Ad-Hoc|x64.ActiveCfg = Release|x64
		{9D93D048-F59A-4389-8C67-A139B24911A4}.Ad-Hoc|x64.Build.0 = Release|x64
		{9D93D048-F59A-4389-8C67-A139B24911A4}.Ad-Hoc|x64.Deploy.0 = Release|x64
		{9D93D048-F59A-4389-8C67-A139B24911A4}.Ad-Hoc|x86.ActiveCfg = Release|x86
		{9D93D048-F59A-4389-8C67-A139B24911A4}.Ad-Hoc|x86.Build.0 = Release|x86
		{9D93D048-F59A-4389-8C67-A139B24911A4}.Ad-Hoc|x86.Deploy.0 = Release|x86
		{9D93D048-F59A-4389-8C67-A139B24911A4}.AppStore|Any CPU.ActiveCfg = Release|x86
		{9D93D048-F59A-4389-8C67-A139B24911A4}.AppStore|Any CPU.Build.0 = Release|x86
		{9D93D048-F59A-4389-8C67-A139B24911A4}.AppStore|Any CPU.Deploy.0 = Release|x86
		{9D93D048-F59A-4389-8C67-A139B24911A4}.AppStore|ARM.ActiveCfg = Release|ARM
		{9D93D048-F59A-4389-8C67-A139B24911A4}.AppStore|ARM.Build.0 = Release|ARM
		{9D93D048-F59A-4389-8C67-A139B24911A4}.AppStore|ARM.Deploy.0 = Release|ARM
		{9D93D048-F59A-4389-8C67-A139B24911A4}.AppStore|iPhone.ActiveCfg = Release|x86
		{9D93D048-F59A-4389-8C67-A139B24911A4}.AppStore|iPhone.Build.0 = Release|x86
		{9D93D048-F59A-4389-8C67-A139B24911A4}.AppStore|iPhone.Deploy.0 = Release|x86
		{9D93D048-F59A-4389-8C67-A139B24911A4}.AppStore|iPhoneSimulator.ActiveCfg = Release|x86
		{9D93D048-F59A-4389-8C67-A139B24911A4}.AppStore|iPhoneSimulator.Build.0 = Release|x86
		{9D93D048-F59A-4389-8C67-A139B24911A4}.AppStore|iPhoneSimulator.Deploy.0 = Release|x86
		{9D93D048-F59A-4389-8C67-A139B24911A4}.AppStore|x64.ActiveCfg = Release|x64
		{9D93D048-F59A-4389-8C67-A139B24911A4}.AppStore|x64.Build.0 = Release|x64
		{9D93D048-F59A-4389-8C67-A139B24911A4}.AppStore|x64.Deploy.0 = Release|x64
		{9D93D048-F59A-4389-8C67-A139B24911A4}.AppStore|x86.ActiveCfg = Release|x86
		{9D93D048-F59A-4389-8C67-A139B24911A4}.AppStore|x86.Build.0 = Release|x86
		{9D93D048-F59A-4389-8C67-A139B24911A4}.AppStore|x86.Deploy.0 = Release|x86
		{9D93D048-F59A-4389-8C67-A139B24911A4}.Debug|Any CPU.ActiveCfg = Debug|x86
		{9D93D048-F59A-4389-8C67-A139B24911A4}.Debug|Any CPU.Build.0 = Debug|x86
		{9D93D048-F59A-4389-8C67-A139B24911A4}.Debug|Any CPU.Deploy.0 = Debug|x86
		{9D93D048-F59A-4389-8C67-A139B24911A4}.Debug|ARM.ActiveCfg = Debug|ARM
		{9D93D048-F59A-4389-8C67-A139B24911A4}.Debug|ARM.Build.0 = Debug|ARM
		{9D93D048-F59A-4389-8C67-A139B24911A4}.Debug|ARM.Deploy.0 = Debug|ARM
		{9D93D048-F59A-4389-8C67-A139B24911A4}.Debug|iPhone.ActiveCfg = Debug|x86
		{9D93D048-F59A-4389-8C67-A139B24911A4}.Debug|iPhone.Build.0 = Debug|x86
		{9D93D048-F59A-4389-8C67-A139B24911A4}.Debug|iPhone.Deploy.0 = Debug|x86
		{9D93D048-F59A-4389-8C67-A139B24911A4}.Debug|iPhoneSimulator.ActiveCfg = Debug|x86
		{9D93D048-F59A-4389-8C67-A139B24911A4}.Debug|iPhoneSimulator.Build.0 = Debug|x86
		{9D93D048-F59A-4389-8C67-A139B24911A4}.Debug|iPhoneSimulator.Deploy.0 = Debug|x86
		{9D93D048-F59A-4389-8C67-A139B24911A4}.Debug|x64.ActiveCfg = Debug|x64
		{9D93D048-F59A-4389-8C67-A139B24911A4}.Debug|x64.Build.0 = Debug|x64
		{9D93D048-F59A-4389-8C67-A139B24911A4}.Debug|x64.Deploy.0 = Debug|x64
		{9D93D048-F59A-4389-8C67-A139B24911A4}.Debug|x86.ActiveCfg = Debug|x86
		{9D93D048-F59A-4389-8C67-A139B24911A4}.Debug|x86.Build.0 = Debug|x86
		{9D93D048-F59A-4389-8C67-A139B24911A4}.Debug|x86.Deploy.0 = Debug|x86
		{9D93D048-F59A-4389-8C67-A139B24911A4}.Release|Any CPU.ActiveCfg = Release|x86
		{9D93D048-F59A-4389-8C67-A139B24911A4}.Release|Any CPU.Build.0 = Release|x86
		{9D93D048-F59A-4389-8C67-A139B24911A4}.Release|Any CPU.Deploy.0 = Release|x86
		{9D93D048-F59A-4389-8C67-A139B24911A4}.Release|ARM.ActiveCfg = Release|ARM
		{9D93D048-F59A-4389-8C67-A139B24911A4}.Release|ARM.Build.0 = Release|ARM
		{9D93D048-F59A-4389-8C67-A139B24911A4}.Release|ARM.Deploy.0 = Release|ARM
		{9D93D048-F59A-4389-8C67-A139B24911A4}.Release|iPhone.ActiveCfg = Release|x86
		{9D93D048-F59A-4389-8C67-A139B24911A4}.Release|iPhone.Build.0 = Release|x86
		{9D93D048-F59A-4389-8C67-A139B24911A4}.Release|iPhone.Deploy.0 = Release|x86
		{9D93D048-F59A-4389-8C67-A139B24911A4}.Release|iPhoneSimulator.ActiveCfg = Release|x86
		{9D93D048-F59A-4389-8C67-A139B24911A4}.Release|iPhoneSimulator.Build.0 = Release|x86
		{9D93D048-F59A-4389-8C67-A139B24911A4}.Release|iPhoneSimulator.Deploy.0 = Release|x86
		{9D93D048-F59A-4389-8C67-A139B24911A4}.Release|x64.ActiveCfg = Release|x64
		{9D93D048-F59A-4389-8C67-A139B24911A4}.Release|x64.Build.0 = Release|x64
		{9D93D048-F59A-4389-8C67-A139B24911A4}.Release|x64.Deploy.0 = Release|x64
		{9D93D048-F59A-4389-8C67-A139B24911A4}.Release|x86.ActiveCfg = Release|x86
		{9D93D048-F59A-4389-8C67-A139B24911A4}.Release|x86.Build.0 = Release|x86
		{9D93D048-F59A-4389-8C67-A139B24911A4}.Release|x86.Deploy.0 = Release|x86
		{CEC00319-F196-4F05-A102-024CF5E5B7CA}.Ad-Hoc|Any CPU.ActiveCfg = Debug|Any CPU
		{CEC00319-F196-4F05-A102-024CF5E5B7CA}.Ad-Hoc|Any CPU.Build.0 = Debug|Any CPU
		{CEC00319-F196-4F05-A102-024CF5E5B7CA}.Ad-Hoc|Any CPU.Deploy.0 = Debug|Any CPU
		{CEC00319-F196-4F05-A102-024CF5E5B7CA}.Ad-Hoc|ARM.ActiveCfg = Debug|Any CPU
		{CEC00319-F196-4F05-A102-024CF5E5B7CA}.Ad-Hoc|ARM.Build.0 = Debug|Any CPU
		{CEC00319-F196-4F05-A102-024CF5E5B7CA}.Ad-Hoc|ARM.Deploy.0 = Debug|Any CPU
		{CEC00319-F196-4F05-A102-024CF5E5B7CA}.Ad-Hoc|iPhone.ActiveCfg = Debug|Any CPU
		{CEC00319-F196-4F05-A102-024CF5E5B7CA}.Ad-Hoc|iPhone.Build.0 = Debug|Any CPU
		{CEC00319-F196-4F05-A102-024CF5E5B7CA}.Ad-Hoc|iPhone.Deploy.0 = Debug|Any CPU
		{CEC00319-F196-4F05-A102-024CF5E5B7CA}.Ad-Hoc|iPhoneSimulator.ActiveCfg = Debug|Any CPU
		{CEC00319-F196-4F05-A102-024CF5E5B7CA}.Ad-Hoc|iPhoneSimulator.Build.0 = Debug|Any CPU
		{CEC00319-F196-4F05-A102-024CF5E5B7CA}.Ad-Hoc|iPhoneSimulator.Deploy.0 = Debug|Any CPU
		{CEC00319-F196-4F05-A102-024CF5E5B7CA}.Ad-Hoc|x64.ActiveCfg = Debug|Any CPU
		{CEC00319-F196-4F05-A102-024CF5E5B7CA}.Ad-Hoc|x64.Build.0 = Debug|Any CPU
		{CEC00319-F196-4F05-A102-024CF5E5B7CA}.Ad-Hoc|x64.Deploy.0 = Debug|Any CPU
		{CEC00319-F196-4F05-A102-024CF5E5B7CA}.Ad-Hoc|x86.ActiveCfg = Debug|Any CPU
		{CEC00319-F196-4F05-A102-024CF5E5B7CA}.Ad-Hoc|x86.Build.0 = Debug|Any CPU
		{CEC00319-F196-4F05-A102-024CF5E5B7CA}.Ad-Hoc|x86.Deploy.0 = Debug|Any CPU
		{CEC00319-F196-4F05-A102-024CF5E5B7CA}.AppStore|Any CPU.ActiveCfg = Debug|Any CPU
		{CEC00319-F196-4F05-A102-024CF5E5B7CA}.AppStore|Any CPU.Build.0 = Debug|Any CPU
		{CEC00319-F196-4F05-A102-024CF5E5B7CA}.AppStore|Any CPU.Deploy.0 = Debug|Any CPU
		{CEC00319-F196-4F05-A102-024CF5E5B7CA}.AppStore|ARM.ActiveCfg = Debug|Any CPU
		{CEC00319-F196-4F05-A102-024CF5E5B7CA}.AppStore|ARM.Build.0 = Debug|Any CPU
		{CEC00319-F196-4F05-A102-024CF5E5B7CA}.AppStore|ARM.Deploy.0 = Debug|Any CPU
		{CEC00319-F196-4F05-A102-024CF5E5B7CA}.AppStore|iPhone.ActiveCfg = Debug|Any CPU
		{CEC00319-F196-4F05-A102-024CF5E5B7CA}.AppStore|iPhone.Build.0 = Debug|Any CPU
		{CEC00319-F196-4F05-A102-024CF5E5B7CA}.AppStore|iPhone.Deploy.0 = Debug|Any CPU
		{CEC00319-F196-4F05-A102-024CF5E5B7CA}.AppStore|iPhoneSimulator.ActiveCfg = Debug|Any CPU
		{CEC00319-F196-4F05-A102-024CF5E5B7CA}.AppStore|iPhoneSimulator.Build.0 = Debug|Any CPU
		{CEC00319-F196-4F05-A102-024CF5E5B7CA}.AppStore|iPhoneSimulator.Deploy.0 = Debug|Any CPU
		{CEC00319-F196-4F05-A102-024CF5E5B7CA}.AppStore|x64.ActiveCfg = Debug|Any CPU
		{CEC00319-F196-4F05-A102-024CF5E5B7CA}.AppStore|x64.Build.0 = Debug|Any CPU
		{CEC00319-F196-4F05-A102-024CF5E5B7CA}.AppStore|x64.Deploy.0 = Debug|Any CPU
		{CEC00319-F196-4F05-A102-024CF5E5B7CA}.AppStore|x86.ActiveCfg = Debug|Any CPU
		{CEC00319-F196-4F05-A102-024CF5E5B7CA}.AppStore|x86.Build.0 = Debug|Any CPU
		{CEC00319-F196-4F05-A102-024CF5E5B7CA}.AppStore|x86.Deploy.0 = Debug|Any CPU
		{CEC00319-F196-4F05-A102-024CF5E5B7CA}.Debug|Any CPU.ActiveCfg = Debug|Any CPU
		{CEC00319-F196-4F05-A102-024CF5E5B7CA}.Debug|Any CPU.Build.0 = Debug|Any CPU
		{CEC00319-F196-4F05-A102-024CF5E5B7CA}.Debug|Any CPU.Deploy.0 = Debug|Any CPU
		{CEC00319-F196-4F05-A102-024CF5E5B7CA}.Debug|ARM.ActiveCfg = Debug|Any CPU
		{CEC00319-F196-4F05-A102-024CF5E5B7CA}.Debug|ARM.Build.0 = Debug|Any CPU
		{CEC00319-F196-4F05-A102-024CF5E5B7CA}.Debug|ARM.Deploy.0 = Debug|Any CPU
		{CEC00319-F196-4F05-A102-024CF5E5B7CA}.Debug|iPhone.ActiveCfg = Debug|Any CPU
		{CEC00319-F196-4F05-A102-024CF5E5B7CA}.Debug|iPhone.Build.0 = Debug|Any CPU
		{CEC00319-F196-4F05-A102-024CF5E5B7CA}.Debug|iPhone.Deploy.0 = Debug|Any CPU
		{CEC00319-F196-4F05-A102-024CF5E5B7CA}.Debug|iPhoneSimulator.ActiveCfg = Debug|Any CPU
		{CEC00319-F196-4F05-A102-024CF5E5B7CA}.Debug|iPhoneSimulator.Build.0 = Debug|Any CPU
		{CEC00319-F196-4F05-A102-024CF5E5B7CA}.Debug|iPhoneSimulator.Deploy.0 = Debug|Any CPU
		{CEC00319-F196-4F05-A102-024CF5E5B7CA}.Debug|x64.ActiveCfg = Debug|Any CPU
		{CEC00319-F196-4F05-A102-024CF5E5B7CA}.Debug|x64.Build.0 = Debug|Any CPU
		{CEC00319-F196-4F05-A102-024CF5E5B7CA}.Debug|x64.Deploy.0 = Debug|Any CPU
		{CEC00319-F196-4F05-A102-024CF5E5B7CA}.Debug|x86.ActiveCfg = Debug|Any CPU
		{CEC00319-F196-4F05-A102-024CF5E5B7CA}.Debug|x86.Build.0 = Debug|Any CPU
		{CEC00319-F196-4F05-A102-024CF5E5B7CA}.Debug|x86.Deploy.0 = Debug|Any CPU
		{CEC00319-F196-4F05-A102-024CF5E5B7CA}.Release|Any CPU.ActiveCfg = Release|Any CPU
		{CEC00319-F196-4F05-A102-024CF5E5B7CA}.Release|Any CPU.Build.0 = Release|Any CPU
		{CEC00319-F196-4F05-A102-024CF5E5B7CA}.Release|Any CPU.Deploy.0 = Release|Any CPU
		{CEC00319-F196-4F05-A102-024CF5E5B7CA}.Release|ARM.ActiveCfg = Release|Any CPU
		{CEC00319-F196-4F05-A102-024CF5E5B7CA}.Release|ARM.Build.0 = Release|Any CPU
		{CEC00319-F196-4F05-A102-024CF5E5B7CA}.Release|ARM.Deploy.0 = Release|Any CPU
		{CEC00319-F196-4F05-A102-024CF5E5B7CA}.Release|iPhone.ActiveCfg = Release|Any CPU
		{CEC00319-F196-4F05-A102-024CF5E5B7CA}.Release|iPhone.Build.0 = Release|Any CPU
		{CEC00319-F196-4F05-A102-024CF5E5B7CA}.Release|iPhone.Deploy.0 = Release|Any CPU
		{CEC00319-F196-4F05-A102-024CF5E5B7CA}.Release|iPhoneSimulator.ActiveCfg = Release|Any CPU
		{CEC00319-F196-4F05-A102-024CF5E5B7CA}.Release|iPhoneSimulator.Build.0 = Release|Any CPU
		{CEC00319-F196-4F05-A102-024CF5E5B7CA}.Release|iPhoneSimulator.Deploy.0 = Release|Any CPU
		{CEC00319-F196-4F05-A102-024CF5E5B7CA}.Release|x64.ActiveCfg = Release|Any CPU
		{CEC00319-F196-4F05-A102-024CF5E5B7CA}.Release|x64.Build.0 = Release|Any CPU
		{CEC00319-F196-4F05-A102-024CF5E5B7CA}.Release|x64.Deploy.0 = Release|Any CPU
		{CEC00319-F196-4F05-A102-024CF5E5B7CA}.Release|x86.ActiveCfg = Release|Any CPU
		{CEC00319-F196-4F05-A102-024CF5E5B7CA}.Release|x86.Build.0 = Release|Any CPU
		{CEC00319-F196-4F05-A102-024CF5E5B7CA}.Release|x86.Deploy.0 = Release|Any CPU
	EndGlobalSection
	GlobalSection(SolutionProperties) = preSolution
		HideSolutionNode = FALSE
	EndGlobalSection
	GlobalSection(ExtensibilityGlobals) = postSolution
		SolutionGuid = {B3654BDA-81EB-4F59-8E46-7A1C346DDC78}
	EndGlobalSection
EndGlobal
