
Microsoft Visual Studio Solution File, Format Version 12.00
# Visual Studio 15
VisualStudioVersion = 15.0.28010.2036
MinimumVisualStudioVersion = 10.0.40219.1
Project("{FAE04EC0-301F-11D3-BF4B-00C04F79EFBC}") = "App1_Mimica.Android", "App1_Mimica\App1_Mimica.Android\App1_Mimica.Android.csproj", "{E8DA8FF9-8ADD-4606-B4C0-E15CE20EC9B2}"
EndProject
Project("{FAE04EC0-301F-11D3-BF4B-00C04F79EFBC}") = "App1_Mimica.iOS", "App1_Mimica\App1_Mimica.iOS\App1_Mimica.iOS.csproj", "{A393AA48-E5D7-41C6-8B25-35ABA5E2AED0}"
EndProject
Project("{FAE04EC0-301F-11D3-BF4B-00C04F79EFBC}") = "App1_Mimica.UWP", "App1_Mimica\App1_Mimica.UWP\App1_Mimica.UWP.csproj", "{2531A0CE-04C8-4D58-941E-30BCD7488B51}"
EndProject
Project("{FAE04EC0-301F-11D3-BF4B-00C04F79EFBC}") = "App1_Mimica", "App1_Mimica\App1_Mimica\App1_Mimica.csproj", "{1A1CB84D-CB56-40E9-8B7B-6BD069B78FD5}"
EndProject
Global
	GlobalSection(SolutionConfigurationPlatforms) = preSolution
		Ad-Hoc|Any CPU = Ad-Hoc|Any CPU
		Ad-Hoc|ARM = Ad-Hoc|ARM
		Ad-Hoc|iPhone = Ad-Hoc|iPhone
		Ad-Hoc|iPhoneSimulator = Ad-Hoc|iPhoneSimulator
		Ad-Hoc|x64 = Ad-Hoc|x64
		Ad-Hoc|x86 = Ad-Hoc|x86
		AppStore|Any CPU = AppStore|Any CPU
		AppStore|ARM = AppStore|ARM
		AppStore|iPhone = AppStore|iPhone
		AppStore|iPhoneSimulator = AppStore|iPhoneSimulator
		AppStore|x64 = AppStore|x64
		AppStore|x86 = AppStore|x86
		Debug|Any CPU = Debug|Any CPU
		Debug|ARM = Debug|ARM
		Debug|iPhone = Debug|iPhone
		Debug|iPhoneSimulator = Debug|iPhoneSimulator
		Debug|x64 = Debug|x64
		Debug|x86 = Debug|x86
		Release|Any CPU = Release|Any CPU
		Release|ARM = Release|ARM
		Release|iPhone = Release|iPhone
		Release|iPhoneSimulator = Release|iPhoneSimulator
		Release|x64 = Release|x64
		Release|x86 = Release|x86
	EndGlobalSection
	GlobalSection(ProjectConfigurationPlatforms) = postSolution
		{E8DA8FF9-8ADD-4606-B4C0-E15CE20EC9B2}.Ad-Hoc|Any CPU.ActiveCfg = Release|Any CPU
		{E8DA8FF9-8ADD-4606-B4C0-E15CE20EC9B2}.Ad-Hoc|Any CPU.Build.0 = Release|Any CPU
		{E8DA8FF9-8ADD-4606-B4C0-E15CE20EC9B2}.Ad-Hoc|Any CPU.Deploy.0 = Release|Any CPU
		{E8DA8FF9-8ADD-4606-B4C0-E15CE20EC9B2}.Ad-Hoc|ARM.ActiveCfg = Release|Any CPU
		{E8DA8FF9-8ADD-4606-B4C0-E15CE20EC9B2}.Ad-Hoc|ARM.Build.0 = Release|Any CPU
		{E8DA8FF9-8ADD-4606-B4C0-E15CE20EC9B2}.Ad-Hoc|ARM.Deploy.0 = Release|Any CPU
		{E8DA8FF9-8ADD-4606-B4C0-E15CE20EC9B2}.Ad-Hoc|iPhone.ActiveCfg = Release|Any CPU
		{E8DA8FF9-8ADD-4606-B4C0-E15CE20EC9B2}.Ad-Hoc|iPhone.Build.0 = Release|Any CPU
		{E8DA8FF9-8ADD-4606-B4C0-E15CE20EC9B2}.Ad-Hoc|iPhone.Deploy.0 = Release|Any CPU
		{E8DA8FF9-8ADD-4606-B4C0-E15CE20EC9B2}.Ad-Hoc|iPhoneSimulator.ActiveCfg = Release|Any CPU
		{E8DA8FF9-8ADD-4606-B4C0-E15CE20EC9B2}.Ad-Hoc|iPhoneSimulator.Build.0 = Release|Any CPU
		{E8DA8FF9-8ADD-4606-B4C0-E15CE20EC9B2}.Ad-Hoc|iPhoneSimulator.Deploy.0 = Release|Any CPU
		{E8DA8FF9-8ADD-4606-B4C0-E15CE20EC9B2}.Ad-Hoc|x64.ActiveCfg = Release|Any CPU
		{E8DA8FF9-8ADD-4606-B4C0-E15CE20EC9B2}.Ad-Hoc|x64.Build.0 = Release|Any CPU
		{E8DA8FF9-8ADD-4606-B4C0-E15CE20EC9B2}.Ad-Hoc|x64.Deploy.0 = Release|Any CPU
		{E8DA8FF9-8ADD-4606-B4C0-E15CE20EC9B2}.Ad-Hoc|x86.ActiveCfg = Release|Any CPU
		{E8DA8FF9-8ADD-4606-B4C0-E15CE20EC9B2}.Ad-Hoc|x86.Build.0 = Release|Any CPU
		{E8DA8FF9-8ADD-4606-B4C0-E15CE20EC9B2}.Ad-Hoc|x86.Deploy.0 = Release|Any CPU
		{E8DA8FF9-8ADD-4606-B4C0-E15CE20EC9B2}.AppStore|Any CPU.ActiveCfg = Release|Any CPU
		{E8DA8FF9-8ADD-4606-B4C0-E15CE20EC9B2}.AppStore|Any CPU.Build.0 = Release|Any CPU
		{E8DA8FF9-8ADD-4606-B4C0-E15CE20EC9B2}.AppStore|Any CPU.Deploy.0 = Release|Any CPU
		{E8DA8FF9-8ADD-4606-B4C0-E15CE20EC9B2}.AppStore|ARM.ActiveCfg = Release|Any CPU
		{E8DA8FF9-8ADD-4606-B4C0-E15CE20EC9B2}.AppStore|ARM.Build.0 = Release|Any CPU
		{E8DA8FF9-8ADD-4606-B4C0-E15CE20EC9B2}.AppStore|ARM.Deploy.0 = Release|Any CPU
		{E8DA8FF9-8ADD-4606-B4C0-E15CE20EC9B2}.AppStore|iPhone.ActiveCfg = Release|Any CPU
		{E8DA8FF9-8ADD-4606-B4C0-E15CE20EC9B2}.AppStore|iPhone.Build.0 = Release|Any CPU
		{E8DA8FF9-8ADD-4606-B4C0-E15CE20EC9B2}.AppStore|iPhone.Deploy.0 = Release|Any CPU
		{E8DA8FF9-8ADD-4606-B4C0-E15CE20EC9B2}.AppStore|iPhoneSimulator.ActiveCfg = Release|Any CPU
		{E8DA8FF9-8ADD-4606-B4C0-E15CE20EC9B2}.AppStore|iPhoneSimulator.Build.0 = Release|Any CPU
		{E8DA8FF9-8ADD-4606-B4C0-E15CE20EC9B2}.AppStore|iPhoneSimulator.Deploy.0 = Release|Any CPU
		{E8DA8FF9-8ADD-4606-B4C0-E15CE20EC9B2}.AppStore|x64.ActiveCfg = Release|Any CPU
		{E8DA8FF9-8ADD-4606-B4C0-E15CE20EC9B2}.AppStore|x64.Build.0 = Release|Any CPU
		{E8DA8FF9-8ADD-4606-B4C0-E15CE20EC9B2}.AppStore|x64.Deploy.0 = Release|Any CPU
		{E8DA8FF9-8ADD-4606-B4C0-E15CE20EC9B2}.AppStore|x86.ActiveCfg = Release|Any CPU
		{E8DA8FF9-8ADD-4606-B4C0-E15CE20EC9B2}.AppStore|x86.Build.0 = Release|Any CPU
		{E8DA8FF9-8ADD-4606-B4C0-E15CE20EC9B2}.AppStore|x86.Deploy.0 = Release|Any CPU
		{E8DA8FF9-8ADD-4606-B4C0-E15CE20EC9B2}.Debug|Any CPU.ActiveCfg = Debug|Any CPU
		{E8DA8FF9-8ADD-4606-B4C0-E15CE20EC9B2}.Debug|Any CPU.Build.0 = Debug|Any CPU
		{E8DA8FF9-8ADD-4606-B4C0-E15CE20EC9B2}.Debug|Any CPU.Deploy.0 = Debug|Any CPU
		{E8DA8FF9-8ADD-4606-B4C0-E15CE20EC9B2}.Debug|ARM.ActiveCfg = Debug|Any CPU
		{E8DA8FF9-8ADD-4606-B4C0-E15CE20EC9B2}.Debug|ARM.Build.0 = Debug|Any CPU
		{E8DA8FF9-8ADD-4606-B4C0-E15CE20EC9B2}.Debug|ARM.Deploy.0 = Debug|Any CPU
		{E8DA8FF9-8ADD-4606-B4C0-E15CE20EC9B2}.Debug|iPhone.ActiveCfg = Debug|Any CPU
		{E8DA8FF9-8ADD-4606-B4C0-E15CE20EC9B2}.Debug|iPhone.Build.0 = Debug|Any CPU
		{E8DA8FF9-8ADD-4606-B4C0-E15CE20EC9B2}.Debug|iPhone.Deploy.0 = Debug|Any CPU
		{E8DA8FF9-8ADD-4606-B4C0-E15CE20EC9B2}.Debug|iPhoneSimulator.ActiveCfg = Debug|Any CPU
		{E8DA8FF9-8ADD-4606-B4C0-E15CE20EC9B2}.Debug|iPhoneSimulator.Build.0 = Debug|Any CPU
		{E8DA8FF9-8ADD-4606-B4C0-E15CE20EC9B2}.Debug|iPhoneSimulator.Deploy.0 = Debug|Any CPU
		{E8DA8FF9-8ADD-4606-B4C0-E15CE20EC9B2}.Debug|x64.ActiveCfg = Debug|Any CPU
		{E8DA8FF9-8ADD-4606-B4C0-E15CE20EC9B2}.Debug|x64.Build.0 = Debug|Any CPU
		{E8DA8FF9-8ADD-4606-B4C0-E15CE20EC9B2}.Debug|x64.Deploy.0 = Debug|Any CPU
		{E8DA8FF9-8ADD-4606-B4C0-E15CE20EC9B2}.Debug|x86.ActiveCfg = Debug|Any CPU
		{E8DA8FF9-8ADD-4606-B4C0-E15CE20EC9B2}.Debug|x86.Build.0 = Debug|Any CPU
		{E8DA8FF9-8ADD-4606-B4C0-E15CE20EC9B2}.Debug|x86.Deploy.0 = Debug|Any CPU
		{E8DA8FF9-8ADD-4606-B4C0-E15CE20EC9B2}.Release|Any CPU.ActiveCfg = Release|Any CPU
		{E8DA8FF9-8ADD-4606-B4C0-E15CE20EC9B2}.Release|Any CPU.Build.0 = Release|Any CPU
		{E8DA8FF9-8ADD-4606-B4C0-E15CE20EC9B2}.Release|Any CPU.Deploy.0 = Release|Any CPU
		{E8DA8FF9-8ADD-4606-B4C0-E15CE20EC9B2}.Release|ARM.ActiveCfg = Release|Any CPU
		{E8DA8FF9-8ADD-4606-B4C0-E15CE20EC9B2}.Release|ARM.Build.0 = Release|Any CPU
		{E8DA8FF9-8ADD-4606-B4C0-E15CE20EC9B2}.Release|ARM.Deploy.0 = Release|Any CPU
		{E8DA8FF9-8ADD-4606-B4C0-E15CE20EC9B2}.Release|iPhone.ActiveCfg = Release|Any CPU
		{E8DA8FF9-8ADD-4606-B4C0-E15CE20EC9B2}.Release|iPhone.Build.0 = Release|Any CPU
		{E8DA8FF9-8ADD-4606-B4C0-E15CE20EC9B2}.Release|iPhone.Deploy.0 = Release|Any CPU
		{E8DA8FF9-8ADD-4606-B4C0-E15CE20EC9B2}.Release|iPhoneSimulator.ActiveCfg = Release|Any CPU
		{E8DA8FF9-8ADD-4606-B4C0-E15CE20EC9B2}.Release|iPhoneSimulator.Build.0 = Release|Any CPU
		{E8DA8FF9-8ADD-4606-B4C0-E15CE20EC9B2}.Release|iPhoneSimulator.Deploy.0 = Release|Any CPU
		{E8DA8FF9-8ADD-4606-B4C0-E15CE20EC9B2}.Release|x64.ActiveCfg = Release|Any CPU
		{E8DA8FF9-8ADD-4606-B4C0-E15CE20EC9B2}.Release|x64.Build.0 = Release|Any CPU
		{E8DA8FF9-8ADD-4606-B4C0-E15CE20EC9B2}.Release|x64.Deploy.0 = Release|Any CPU
		{E8DA8FF9-8ADD-4606-B4C0-E15CE20EC9B2}.Release|x86.ActiveCfg = Release|Any CPU
		{E8DA8FF9-8ADD-4606-B4C0-E15CE20EC9B2}.Release|x86.Build.0 = Release|Any CPU
		{E8DA8FF9-8ADD-4606-B4C0-E15CE20EC9B2}.Release|x86.Deploy.0 = Release|Any CPU
		{A393AA48-E5D7-41C6-8B25-35ABA5E2AED0}.Ad-Hoc|Any CPU.ActiveCfg = Ad-Hoc|iPhone
		{A393AA48-E5D7-41C6-8B25-35ABA5E2AED0}.Ad-Hoc|Any CPU.Build.0 = Ad-Hoc|iPhone
		{A393AA48-E5D7-41C6-8B25-35ABA5E2AED0}.Ad-Hoc|Any CPU.Deploy.0 = Ad-Hoc|iPhone
		{A393AA48-E5D7-41C6-8B25-35ABA5E2AED0}.Ad-Hoc|ARM.ActiveCfg = Ad-Hoc|iPhone
		{A393AA48-E5D7-41C6-8B25-35ABA5E2AED0}.Ad-Hoc|ARM.Build.0 = Ad-Hoc|iPhone
		{A393AA48-E5D7-41C6-8B25-35ABA5E2AED0}.Ad-Hoc|ARM.Deploy.0 = Ad-Hoc|iPhone
		{A393AA48-E5D7-41C6-8B25-35ABA5E2AED0}.Ad-Hoc|iPhone.ActiveCfg = Ad-Hoc|iPhone
		{A393AA48-E5D7-41C6-8B25-35ABA5E2AED0}.Ad-Hoc|iPhone.Build.0 = Ad-Hoc|iPhone
		{A393AA48-E5D7-41C6-8B25-35ABA5E2AED0}.Ad-Hoc|iPhone.Deploy.0 = Ad-Hoc|iPhone
		{A393AA48-E5D7-41C6-8B25-35ABA5E2AED0}.Ad-Hoc|iPhoneSimulator.ActiveCfg = Ad-Hoc|iPhoneSimulator
		{A393AA48-E5D7-41C6-8B25-35ABA5E2AED0}.Ad-Hoc|iPhoneSimulator.Build.0 = Ad-Hoc|iPhoneSimulator
		{A393AA48-E5D7-41C6-8B25-35ABA5E2AED0}.Ad-Hoc|iPhoneSimulator.Deploy.0 = Ad-Hoc|iPhoneSimulator
		{A393AA48-E5D7-41C6-8B25-35ABA5E2AED0}.Ad-Hoc|x64.ActiveCfg = Ad-Hoc|iPhone
		{A393AA48-E5D7-41C6-8B25-35ABA5E2AED0}.Ad-Hoc|x64.Build.0 = Ad-Hoc|iPhone
		{A393AA48-E5D7-41C6-8B25-35ABA5E2AED0}.Ad-Hoc|x64.Deploy.0 = Ad-Hoc|iPhone
		{A393AA48-E5D7-41C6-8B25-35ABA5E2AED0}.Ad-Hoc|x86.ActiveCfg = Ad-Hoc|iPhone
		{A393AA48-E5D7-41C6-8B25-35ABA5E2AED0}.Ad-Hoc|x86.Build.0 = Ad-Hoc|iPhone
		{A393AA48-E5D7-41C6-8B25-35ABA5E2AED0}.Ad-Hoc|x86.Deploy.0 = Ad-Hoc|iPhone
		{A393AA48-E5D7-41C6-8B25-35ABA5E2AED0}.AppStore|Any CPU.ActiveCfg = AppStore|iPhone
		{A393AA48-E5D7-41C6-8B25-35ABA5E2AED0}.AppStore|Any CPU.Build.0 = AppStore|iPhone
		{A393AA48-E5D7-41C6-8B25-35ABA5E2AED0}.AppStore|Any CPU.Deploy.0 = AppStore|iPhone
		{A393AA48-E5D7-41C6-8B25-35ABA5E2AED0}.AppStore|ARM.ActiveCfg = AppStore|iPhone
		{A393AA48-E5D7-41C6-8B25-35ABA5E2AED0}.AppStore|ARM.Build.0 = AppStore|iPhone
		{A393AA48-E5D7-41C6-8B25-35ABA5E2AED0}.AppStore|ARM.Deploy.0 = AppStore|iPhone
		{A393AA48-E5D7-41C6-8B25-35ABA5E2AED0}.AppStore|iPhone.ActiveCfg = AppStore|iPhone
		{A393AA48-E5D7-41C6-8B25-35ABA5E2AED0}.AppStore|iPhone.Build.0 = AppStore|iPhone
		{A393AA48-E5D7-41C6-8B25-35ABA5E2AED0}.AppStore|iPhone.Deploy.0 = AppStore|iPhone
		{A393AA48-E5D7-41C6-8B25-35ABA5E2AED0}.AppStore|iPhoneSimulator.ActiveCfg = AppStore|iPhoneSimulator
		{A393AA48-E5D7-41C6-8B25-35ABA5E2AED0}.AppStore|iPhoneSimulator.Build.0 = AppStore|iPhoneSimulator
		{A393AA48-E5D7-41C6-8B25-35ABA5E2AED0}.AppStore|iPhoneSimulator.Deploy.0 = AppStore|iPhoneSimulator
		{A393AA48-E5D7-41C6-8B25-35ABA5E2AED0}.AppStore|x64.ActiveCfg = AppStore|iPhone
		{A393AA48-E5D7-41C6-8B25-35ABA5E2AED0}.AppStore|x64.Build.0 = AppStore|iPhone
		{A393AA48-E5D7-41C6-8B25-35ABA5E2AED0}.AppStore|x64.Deploy.0 = AppStore|iPhone
		{A393AA48-E5D7-41C6-8B25-35ABA5E2AED0}.AppStore|x86.ActiveCfg = AppStore|iPhone
		{A393AA48-E5D7-41C6-8B25-35ABA5E2AED0}.AppStore|x86.Build.0 = AppStore|iPhone
		{A393AA48-E5D7-41C6-8B25-35ABA5E2AED0}.AppStore|x86.Deploy.0 = AppStore|iPhone
		{A393AA48-E5D7-41C6-8B25-35ABA5E2AED0}.Debug|Any CPU.ActiveCfg = Debug|iPhoneSimulator
		{A393AA48-E5D7-41C6-8B25-35ABA5E2AED0}.Debug|Any CPU.Build.0 = Debug|iPhoneSimulator
		{A393AA48-E5D7-41C6-8B25-35ABA5E2AED0}.Debug|Any CPU.Deploy.0 = Debug|iPhoneSimulator
		{A393AA48-E5D7-41C6-8B25-35ABA5E2AED0}.Debug|ARM.ActiveCfg = Debug|iPhone
		{A393AA48-E5D7-41C6-8B25-35ABA5E2AED0}.Debug|ARM.Build.0 = Debug|iPhone
		{A393AA48-E5D7-41C6-8B25-35ABA5E2AED0}.Debug|ARM.Deploy.0 = Debug|iPhone
		{A393AA48-E5D7-41C6-8B25-35ABA5E2AED0}.Debug|iPhone.ActiveCfg = Debug|iPhone
		{A393AA48-E5D7-41C6-8B25-35ABA5E2AED0}.Debug|iPhone.Build.0 = Debug|iPhone
		{A393AA48-E5D7-41C6-8B25-35ABA5E2AED0}.Debug|iPhone.Deploy.0 = Debug|iPhone
		{A393AA48-E5D7-41C6-8B25-35ABA5E2AED0}.Debug|iPhoneSimulator.ActiveCfg = Debug|iPhoneSimulator
		{A393AA48-E5D7-41C6-8B25-35ABA5E2AED0}.Debug|iPhoneSimulator.Build.0 = Debug|iPhoneSimulator
		{A393AA48-E5D7-41C6-8B25-35ABA5E2AED0}.Debug|iPhoneSimulator.Deploy.0 = Debug|iPhoneSimulator
		{A393AA48-E5D7-41C6-8B25-35ABA5E2AED0}.Debug|x64.ActiveCfg = Debug|iPhone
		{A393AA48-E5D7-41C6-8B25-35ABA5E2AED0}.Debug|x64.Build.0 = Debug|iPhone
		{A393AA48-E5D7-41C6-8B25-35ABA5E2AED0}.Debug|x64.Deploy.0 = Debug|iPhone
		{A393AA48-E5D7-41C6-8B25-35ABA5E2AED0}.Debug|x86.ActiveCfg = Debug|iPhone
		{A393AA48-E5D7-41C6-8B25-35ABA5E2AED0}.Debug|x86.Build.0 = Debug|iPhone
		{A393AA48-E5D7-41C6-8B25-35ABA5E2AED0}.Debug|x86.Deploy.0 = Debug|iPhone
		{A393AA48-E5D7-41C6-8B25-35ABA5E2AED0}.Release|Any CPU.ActiveCfg = Release|iPhone
		{A393AA48-E5D7-41C6-8B25-35ABA5E2AED0}.Release|Any CPU.Build.0 = Release|iPhone
		{A393AA48-E5D7-41C6-8B25-35ABA5E2AED0}.Release|Any CPU.Deploy.0 = Release|iPhone
		{A393AA48-E5D7-41C6-8B25-35ABA5E2AED0}.Release|ARM.ActiveCfg = Release|iPhone
		{A393AA48-E5D7-41C6-8B25-35ABA5E2AED0}.Release|ARM.Build.0 = Release|iPhone
		{A393AA48-E5D7-41C6-8B25-35ABA5E2AED0}.Release|ARM.Deploy.0 = Release|iPhone
		{A393AA48-E5D7-41C6-8B25-35ABA5E2AED0}.Release|iPhone.ActiveCfg = Release|iPhone
		{A393AA48-E5D7-41C6-8B25-35ABA5E2AED0}.Release|iPhone.Build.0 = Release|iPhone
		{A393AA48-E5D7-41C6-8B25-35ABA5E2AED0}.Release|iPhone.Deploy.0 = Release|iPhone
		{A393AA48-E5D7-41C6-8B25-35ABA5E2AED0}.Release|iPhoneSimulator.ActiveCfg = Release|iPhoneSimulator
		{A393AA48-E5D7-41C6-8B25-35ABA5E2AED0}.Release|iPhoneSimulator.Build.0 = Release|iPhoneSimulator
		{A393AA48-E5D7-41C6-8B25-35ABA5E2AED0}.Release|iPhoneSimulator.Deploy.0 = Release|iPhoneSimulator
		{A393AA48-E5D7-41C6-8B25-35ABA5E2AED0}.Release|x64.ActiveCfg = Release|iPhone
		{A393AA48-E5D7-41C6-8B25-35ABA5E2AED0}.Release|x64.Build.0 = Release|iPhone
		{A393AA48-E5D7-41C6-8B25-35ABA5E2AED0}.Release|x64.Deploy.0 = Release|iPhone
		{A393AA48-E5D7-41C6-8B25-35ABA5E2AED0}.Release|x86.ActiveCfg = Release|iPhone
		{A393AA48-E5D7-41C6-8B25-35ABA5E2AED0}.Release|x86.Build.0 = Release|iPhone
		{A393AA48-E5D7-41C6-8B25-35ABA5E2AED0}.Release|x86.Deploy.0 = Release|iPhone
		{2531A0CE-04C8-4D58-941E-30BCD7488B51}.Ad-Hoc|Any CPU.ActiveCfg = Release|x86
		{2531A0CE-04C8-4D58-941E-30BCD7488B51}.Ad-Hoc|Any CPU.Build.0 = Release|x86
		{2531A0CE-04C8-4D58-941E-30BCD7488B51}.Ad-Hoc|Any CPU.Deploy.0 = Release|x86
		{2531A0CE-04C8-4D58-941E-30BCD7488B51}.Ad-Hoc|ARM.ActiveCfg = Release|ARM
		{2531A0CE-04C8-4D58-941E-30BCD7488B51}.Ad-Hoc|ARM.Build.0 = Release|ARM
		{2531A0CE-04C8-4D58-941E-30BCD7488B51}.Ad-Hoc|ARM.Deploy.0 = Release|ARM
		{2531A0CE-04C8-4D58-941E-30BCD7488B51}.Ad-Hoc|iPhone.ActiveCfg = Release|x86
		{2531A0CE-04C8-4D58-941E-30BCD7488B51}.Ad-Hoc|iPhone.Build.0 = Release|x86
		{2531A0CE-04C8-4D58-941E-30BCD7488B51}.Ad-Hoc|iPhone.Deploy.0 = Release|x86
		{2531A0CE-04C8-4D58-941E-30BCD7488B51}.Ad-Hoc|iPhoneSimulator.ActiveCfg = Release|x86
		{2531A0CE-04C8-4D58-941E-30BCD7488B51}.Ad-Hoc|iPhoneSimulator.Build.0 = Release|x86
		{2531A0CE-04C8-4D58-941E-30BCD7488B51}.Ad-Hoc|iPhoneSimulator.Deploy.0 = Release|x86
		{2531A0CE-04C8-4D58-941E-30BCD7488B51}.Ad-Hoc|x64.ActiveCfg = Release|x64
		{2531A0CE-04C8-4D58-941E-30BCD7488B51}.Ad-Hoc|x64.Build.0 = Release|x64
		{2531A0CE-04C8-4D58-941E-30BCD7488B51}.Ad-Hoc|x64.Deploy.0 = Release|x64
		{2531A0CE-04C8-4D58-941E-30BCD7488B51}.Ad-Hoc|x86.ActiveCfg = Release|x86
		{2531A0CE-04C8-4D58-941E-30BCD7488B51}.Ad-Hoc|x86.Build.0 = Release|x86
		{2531A0CE-04C8-4D58-941E-30BCD7488B51}.Ad-Hoc|x86.Deploy.0 = Release|x86
		{2531A0CE-04C8-4D58-941E-30BCD7488B51}.AppStore|Any CPU.ActiveCfg = Release|x86
		{2531A0CE-04C8-4D58-941E-30BCD7488B51}.AppStore|Any CPU.Build.0 = Release|x86
		{2531A0CE-04C8-4D58-941E-30BCD7488B51}.AppStore|Any CPU.Deploy.0 = Release|x86
		{2531A0CE-04C8-4D58-941E-30BCD7488B51}.AppStore|ARM.ActiveCfg = Release|ARM
		{2531A0CE-04C8-4D58-941E-30BCD7488B51}.AppStore|ARM.Build.0 = Release|ARM
		{2531A0CE-04C8-4D58-941E-30BCD7488B51}.AppStore|ARM.Deploy.0 = Release|ARM
		{2531A0CE-04C8-4D58-941E-30BCD7488B51}.AppStore|iPhone.ActiveCfg = Release|x86
		{2531A0CE-04C8-4D58-941E-30BCD7488B51}.AppStore|iPhone.Build.0 = Release|x86
		{2531A0CE-04C8-4D58-941E-30BCD7488B51}.AppStore|iPhone.Deploy.0 = Release|x86
		{2531A0CE-04C8-4D58-941E-30BCD7488B51}.AppStore|iPhoneSimulator.ActiveCfg = Release|x86
		{2531A0CE-04C8-4D58-941E-30BCD7488B51}.AppStore|iPhoneSimulator.Build.0 = Release|x86
		{2531A0CE-04C8-4D58-941E-30BCD7488B51}.AppStore|iPhoneSimulator.Deploy.0 = Release|x86
		{2531A0CE-04C8-4D58-941E-30BCD7488B51}.AppStore|x64.ActiveCfg = Release|x64
		{2531A0CE-04C8-4D58-941E-30BCD7488B51}.AppStore|x64.Build.0 = Release|x64
		{2531A0CE-04C8-4D58-941E-30BCD7488B51}.AppStore|x64.Deploy.0 = Release|x64
		{2531A0CE-04C8-4D58-941E-30BCD7488B51}.AppStore|x86.ActiveCfg = Release|x86
		{2531A0CE-04C8-4D58-941E-30BCD7488B51}.AppStore|x86.Build.0 = Release|x86
		{2531A0CE-04C8-4D58-941E-30BCD7488B51}.AppStore|x86.Deploy.0 = Release|x86
		{2531A0CE-04C8-4D58-941E-30BCD7488B51}.Debug|Any CPU.ActiveCfg = Debug|x86
		{2531A0CE-04C8-4D58-941E-30BCD7488B51}.Debug|Any CPU.Build.0 = Debug|x86
		{2531A0CE-04C8-4D58-941E-30BCD7488B51}.Debug|Any CPU.Deploy.0 = Debug|x86
		{2531A0CE-04C8-4D58-941E-30BCD7488B51}.Debug|ARM.ActiveCfg = Debug|ARM
		{2531A0CE-04C8-4D58-941E-30BCD7488B51}.Debug|ARM.Build.0 = Debug|ARM
		{2531A0CE-04C8-4D58-941E-30BCD7488B51}.Debug|ARM.Deploy.0 = Debug|ARM
		{2531A0CE-04C8-4D58-941E-30BCD7488B51}.Debug|iPhone.ActiveCfg = Debug|x86
		{2531A0CE-04C8-4D58-941E-30BCD7488B51}.Debug|iPhone.Build.0 = Debug|x86
		{2531A0CE-04C8-4D58-941E-30BCD7488B51}.Debug|iPhone.Deploy.0 = Debug|x86
		{2531A0CE-04C8-4D58-941E-30BCD7488B51}.Debug|iPhoneSimulator.ActiveCfg = Debug|x86
		{2531A0CE-04C8-4D58-941E-30BCD7488B51}.Debug|iPhoneSimulator.Build.0 = Debug|x86
		{2531A0CE-04C8-4D58-941E-30BCD7488B51}.Debug|iPhoneSimulator.Deploy.0 = Debug|x86
		{2531A0CE-04C8-4D58-941E-30BCD7488B51}.Debug|x64.ActiveCfg = Debug|x64
		{2531A0CE-04C8-4D58-941E-30BCD7488B51}.Debug|x64.Build.0 = Debug|x64
		{2531A0CE-04C8-4D58-941E-30BCD7488B51}.Debug|x64.Deploy.0 = Debug|x64
		{2531A0CE-04C8-4D58-941E-30BCD7488B51}.Debug|x86.ActiveCfg = Debug|x86
		{2531A0CE-04C8-4D58-941E-30BCD7488B51}.Debug|x86.Build.0 = Debug|x86
		{2531A0CE-04C8-4D58-941E-30BCD7488B51}.Debug|x86.Deploy.0 = Debug|x86
		{2531A0CE-04C8-4D58-941E-30BCD7488B51}.Release|Any CPU.ActiveCfg = Release|x86
		{2531A0CE-04C8-4D58-941E-30BCD7488B51}.Release|Any CPU.Build.0 = Release|x86
		{2531A0CE-04C8-4D58-941E-30BCD7488B51}.Release|Any CPU.Deploy.0 = Release|x86
		{2531A0CE-04C8-4D58-941E-30BCD7488B51}.Release|ARM.ActiveCfg = Release|ARM
		{2531A0CE-04C8-4D58-941E-30BCD7488B51}.Release|ARM.Build.0 = Release|ARM
		{2531A0CE-04C8-4D58-941E-30BCD7488B51}.Release|ARM.Deploy.0 = Release|ARM
		{2531A0CE-04C8-4D58-941E-30BCD7488B51}.Release|iPhone.ActiveCfg = Release|x86
		{2531A0CE-04C8-4D58-941E-30BCD7488B51}.Release|iPhone.Build.0 = Release|x86
		{2531A0CE-04C8-4D58-941E-30BCD7488B51}.Release|iPhone.Deploy.0 = Release|x86
		{2531A0CE-04C8-4D58-941E-30BCD7488B51}.Release|iPhoneSimulator.ActiveCfg = Release|x86
		{2531A0CE-04C8-4D58-941E-30BCD7488B51}.Release|iPhoneSimulator.Build.0 = Release|x86
		{2531A0CE-04C8-4D58-941E-30BCD7488B51}.Release|iPhoneSimulator.Deploy.0 = Release|x86
		{2531A0CE-04C8-4D58-941E-30BCD7488B51}.Release|x64.ActiveCfg = Release|x64
		{2531A0CE-04C8-4D58-941E-30BCD7488B51}.Release|x64.Build.0 = Release|x64
		{2531A0CE-04C8-4D58-941E-30BCD7488B51}.Release|x64.Deploy.0 = Release|x64
		{2531A0CE-04C8-4D58-941E-30BCD7488B51}.Release|x86.ActiveCfg = Release|x86
		{2531A0CE-04C8-4D58-941E-30BCD7488B51}.Release|x86.Build.0 = Release|x86
		{2531A0CE-04C8-4D58-941E-30BCD7488B51}.Release|x86.Deploy.0 = Release|x86
		{1A1CB84D-CB56-40E9-8B7B-6BD069B78FD5}.Ad-Hoc|Any CPU.ActiveCfg = Debug|Any CPU
		{1A1CB84D-CB56-40E9-8B7B-6BD069B78FD5}.Ad-Hoc|Any CPU.Build.0 = Debug|Any CPU
		{1A1CB84D-CB56-40E9-8B7B-6BD069B78FD5}.Ad-Hoc|Any CPU.Deploy.0 = Debug|Any CPU
		{1A1CB84D-CB56-40E9-8B7B-6BD069B78FD5}.Ad-Hoc|ARM.ActiveCfg = Debug|Any CPU
		{1A1CB84D-CB56-40E9-8B7B-6BD069B78FD5}.Ad-Hoc|ARM.Build.0 = Debug|Any CPU
		{1A1CB84D-CB56-40E9-8B7B-6BD069B78FD5}.Ad-Hoc|ARM.Deploy.0 = Debug|Any CPU
		{1A1CB84D-CB56-40E9-8B7B-6BD069B78FD5}.Ad-Hoc|iPhone.ActiveCfg = Debug|Any CPU
		{1A1CB84D-CB56-40E9-8B7B-6BD069B78FD5}.Ad-Hoc|iPhone.Build.0 = Debug|Any CPU
		{1A1CB84D-CB56-40E9-8B7B-6BD069B78FD5}.Ad-Hoc|iPhone.Deploy.0 = Debug|Any CPU
		{1A1CB84D-CB56-40E9-8B7B-6BD069B78FD5}.Ad-Hoc|iPhoneSimulator.ActiveCfg = Debug|Any CPU
		{1A1CB84D-CB56-40E9-8B7B-6BD069B78FD5}.Ad-Hoc|iPhoneSimulator.Build.0 = Debug|Any CPU
		{1A1CB84D-CB56-40E9-8B7B-6BD069B78FD5}.Ad-Hoc|iPhoneSimulator.Deploy.0 = Debug|Any CPU
		{1A1CB84D-CB56-40E9-8B7B-6BD069B78FD5}.Ad-Hoc|x64.ActiveCfg = Debug|Any CPU
		{1A1CB84D-CB56-40E9-8B7B-6BD069B78FD5}.Ad-Hoc|x64.Build.0 = Debug|Any CPU
		{1A1CB84D-CB56-40E9-8B7B-6BD069B78FD5}.Ad-Hoc|x64.Deploy.0 = Debug|Any CPU
		{1A1CB84D-CB56-40E9-8B7B-6BD069B78FD5}.Ad-Hoc|x86.ActiveCfg = Debug|Any CPU
		{1A1CB84D-CB56-40E9-8B7B-6BD069B78FD5}.Ad-Hoc|x86.Build.0 = Debug|Any CPU
		{1A1CB84D-CB56-40E9-8B7B-6BD069B78FD5}.Ad-Hoc|x86.Deploy.0 = Debug|Any CPU
		{1A1CB84D-CB56-40E9-8B7B-6BD069B78FD5}.AppStore|Any CPU.ActiveCfg = Debug|Any CPU
		{1A1CB84D-CB56-40E9-8B7B-6BD069B78FD5}.AppStore|Any CPU.Build.0 = Debug|Any CPU
		{1A1CB84D-CB56-40E9-8B7B-6BD069B78FD5}.AppStore|Any CPU.Deploy.0 = Debug|Any CPU
		{1A1CB84D-CB56-40E9-8B7B-6BD069B78FD5}.AppStore|ARM.ActiveCfg = Debug|Any CPU
		{1A1CB84D-CB56-40E9-8B7B-6BD069B78FD5}.AppStore|ARM.Build.0 = Debug|Any CPU
		{1A1CB84D-CB56-40E9-8B7B-6BD069B78FD5}.AppStore|ARM.Deploy.0 = Debug|Any CPU
		{1A1CB84D-CB56-40E9-8B7B-6BD069B78FD5}.AppStore|iPhone.ActiveCfg = Debug|Any CPU
		{1A1CB84D-CB56-40E9-8B7B-6BD069B78FD5}.AppStore|iPhone.Build.0 = Debug|Any CPU
		{1A1CB84D-CB56-40E9-8B7B-6BD069B78FD5}.AppStore|iPhone.Deploy.0 = Debug|Any CPU
		{1A1CB84D-CB56-40E9-8B7B-6BD069B78FD5}.AppStore|iPhoneSimulator.ActiveCfg = Debug|Any CPU
		{1A1CB84D-CB56-40E9-8B7B-6BD069B78FD5}.AppStore|iPhoneSimulator.Build.0 = Debug|Any CPU
		{1A1CB84D-CB56-40E9-8B7B-6BD069B78FD5}.AppStore|iPhoneSimulator.Deploy.0 = Debug|Any CPU
		{1A1CB84D-CB56-40E9-8B7B-6BD069B78FD5}.AppStore|x64.ActiveCfg = Debug|Any CPU
		{1A1CB84D-CB56-40E9-8B7B-6BD069B78FD5}.AppStore|x64.Build.0 = Debug|Any CPU
		{1A1CB84D-CB56-40E9-8B7B-6BD069B78FD5}.AppStore|x64.Deploy.0 = Debug|Any CPU
		{1A1CB84D-CB56-40E9-8B7B-6BD069B78FD5}.AppStore|x86.ActiveCfg = Debug|Any CPU
		{1A1CB84D-CB56-40E9-8B7B-6BD069B78FD5}.AppStore|x86.Build.0 = Debug|Any CPU
		{1A1CB84D-CB56-40E9-8B7B-6BD069B78FD5}.AppStore|x86.Deploy.0 = Debug|Any CPU
		{1A1CB84D-CB56-40E9-8B7B-6BD069B78FD5}.Debug|Any CPU.ActiveCfg = Debug|Any CPU
		{1A1CB84D-CB56-40E9-8B7B-6BD069B78FD5}.Debug|Any CPU.Build.0 = Debug|Any CPU
		{1A1CB84D-CB56-40E9-8B7B-6BD069B78FD5}.Debug|Any CPU.Deploy.0 = Debug|Any CPU
		{1A1CB84D-CB56-40E9-8B7B-6BD069B78FD5}.Debug|ARM.ActiveCfg = Debug|Any CPU
		{1A1CB84D-CB56-40E9-8B7B-6BD069B78FD5}.Debug|ARM.Build.0 = Debug|Any CPU
		{1A1CB84D-CB56-40E9-8B7B-6BD069B78FD5}.Debug|ARM.Deploy.0 = Debug|Any CPU
		{1A1CB84D-CB56-40E9-8B7B-6BD069B78FD5}.Debug|iPhone.ActiveCfg = Debug|Any CPU
		{1A1CB84D-CB56-40E9-8B7B-6BD069B78FD5}.Debug|iPhone.Build.0 = Debug|Any CPU
		{1A1CB84D-CB56-40E9-8B7B-6BD069B78FD5}.Debug|iPhone.Deploy.0 = Debug|Any CPU
		{1A1CB84D-CB56-40E9-8B7B-6BD069B78FD5}.Debug|iPhoneSimulator.ActiveCfg = Debug|Any CPU
		{1A1CB84D-CB56-40E9-8B7B-6BD069B78FD5}.Debug|iPhoneSimulator.Build.0 = Debug|Any CPU
		{1A1CB84D-CB56-40E9-8B7B-6BD069B78FD5}.Debug|iPhoneSimulator.Deploy.0 = Debug|Any CPU
		{1A1CB84D-CB56-40E9-8B7B-6BD069B78FD5}.Debug|x64.ActiveCfg = Debug|Any CPU
		{1A1CB84D-CB56-40E9-8B7B-6BD069B78FD5}.Debug|x64.Build.0 = Debug|Any CPU
		{1A1CB84D-CB56-40E9-8B7B-6BD069B78FD5}.Debug|x64.Deploy.0 = Debug|Any CPU
		{1A1CB84D-CB56-40E9-8B7B-6BD069B78FD5}.Debug|x86.ActiveCfg = Debug|Any CPU
		{1A1CB84D-CB56-40E9-8B7B-6BD069B78FD5}.Debug|x86.Build.0 = Debug|Any CPU
		{1A1CB84D-CB56-40E9-8B7B-6BD069B78FD5}.Debug|x86.Deploy.0 = Debug|Any CPU
		{1A1CB84D-CB56-40E9-8B7B-6BD069B78FD5}.Release|Any CPU.ActiveCfg = Release|Any CPU
		{1A1CB84D-CB56-40E9-8B7B-6BD069B78FD5}.Release|Any CPU.Build.0 = Release|Any CPU
		{1A1CB84D-CB56-40E9-8B7B-6BD069B78FD5}.Release|Any CPU.Deploy.0 = Release|Any CPU
		{1A1CB84D-CB56-40E9-8B7B-6BD069B78FD5}.Release|ARM.ActiveCfg = Release|Any CPU
		{1A1CB84D-CB56-40E9-8B7B-6BD069B78FD5}.Release|ARM.Build.0 = Release|Any CPU
		{1A1CB84D-CB56-40E9-8B7B-6BD069B78FD5}.Release|ARM.Deploy.0 = Release|Any CPU
		{1A1CB84D-CB56-40E9-8B7B-6BD069B78FD5}.Release|iPhone.ActiveCfg = Release|Any CPU
		{1A1CB84D-CB56-40E9-8B7B-6BD069B78FD5}.Release|iPhone.Build.0 = Release|Any CPU
		{1A1CB84D-CB56-40E9-8B7B-6BD069B78FD5}.Release|iPhone.Deploy.0 = Release|Any CPU
		{1A1CB84D-CB56-40E9-8B7B-6BD069B78FD5}.Release|iPhoneSimulator.ActiveCfg = Release|Any CPU
		{1A1CB84D-CB56-40E9-8B7B-6BD069B78FD5}.Release|iPhoneSimulator.Build.0 = Release|Any CPU
		{1A1CB84D-CB56-40E9-8B7B-6BD069B78FD5}.Release|iPhoneSimulator.Deploy.0 = Release|Any CPU
		{1A1CB84D-CB56-40E9-8B7B-6BD069B78FD5}.Release|x64.ActiveCfg = Release|Any CPU
		{1A1CB84D-CB56-40E9-8B7B-6BD069B78FD5}.Release|x64.Build.0 = Release|Any CPU
		{1A1CB84D-CB56-40E9-8B7B-6BD069B78FD5}.Release|x64.Deploy.0 = Release|Any CPU
		{1A1CB84D-CB56-40E9-8B7B-6BD069B78FD5}.Release|x86.ActiveCfg = Release|Any CPU
		{1A1CB84D-CB56-40E9-8B7B-6BD069B78FD5}.Release|x86.Build.0 = Release|Any CPU
		{1A1CB84D-CB56-40E9-8B7B-6BD069B78FD5}.Release|x86.Deploy.0 = Release|Any CPU
	EndGlobalSection
	GlobalSection(SolutionProperties) = preSolution
		HideSolutionNode = FALSE
	EndGlobalSection
	GlobalSection(ExtensibilityGlobals) = postSolution
		SolutionGuid = {04996A2F-3150-4128-AC32-EA3CBD8508F4}
	EndGlobalSection
EndGlobal
