
Microsoft Visual Studio Solution File, Format Version 12.00
# Visual Studio 15
VisualStudioVersion = 15.0.28010.2041
MinimumVisualStudioVersion = 10.0.40219.1
Project("{FAE04EC0-301F-11D3-BF4B-00C04F79EFBC}") = "App1_NossoChat.Android", "App1_NossoChat\App1_NossoChat.Android\App1_NossoChat.Android.csproj", "{1BE39447-6C5B-4803-A977-3FB886323426}"
EndProject
Project("{FAE04EC0-301F-11D3-BF4B-00C04F79EFBC}") = "App1_NossoChat.iOS", "App1_NossoChat\App1_NossoChat.iOS\App1_NossoChat.iOS.csproj", "{4203982A-88E7-4E39-ACDD-582429AF369B}"
EndProject
Project("{FAE04EC0-301F-11D3-BF4B-00C04F79EFBC}") = "App1_NossoChat.UWP", "App1_NossoChat\App1_NossoChat.UWP\App1_NossoChat.UWP.csproj", "{C1EC24CB-602D-41A4-80CC-DB3902A860EE}"
EndProject
Project("{FAE04EC0-301F-11D3-BF4B-00C04F79EFBC}") = "App1_NossoChat", "App1_NossoChat\App1_NossoChat\App1_NossoChat.csproj", "{3FF018E8-3484-48FE-A915-33FA34CC577F}"
EndProject
Global
	GlobalSection(SolutionConfigurationPlatforms) = preSolution
		Ad-Hoc|Any CPU = Ad-Hoc|Any CPU
		Ad-Hoc|ARM = Ad-Hoc|ARM
		Ad-Hoc|iPhone = Ad-Hoc|iPhone
		Ad-Hoc|iPhoneSimulator = Ad-Hoc|iPhoneSimulator
		Ad-Hoc|x64 = Ad-Hoc|x64
		Ad-Hoc|x86 = Ad-Hoc|x86
		AppStore|Any CPU = AppStore|Any CPU
		AppStore|ARM = AppStore|ARM
		AppStore|iPhone = AppStore|iPhone
		AppStore|iPhoneSimulator = AppStore|iPhoneSimulator
		AppStore|x64 = AppStore|x64
		AppStore|x86 = AppStore|x86
		Debug|Any CPU = Debug|Any CPU
		Debug|ARM = Debug|ARM
		Debug|iPhone = Debug|iPhone
		Debug|iPhoneSimulator = Debug|iPhoneSimulator
		Debug|x64 = Debug|x64
		Debug|x86 = Debug|x86
		Release|Any CPU = Release|Any CPU
		Release|ARM = Release|ARM
		Release|iPhone = Release|iPhone
		Release|iPhoneSimulator = Release|iPhoneSimulator
		Release|x64 = Release|x64
		Release|x86 = Release|x86
	EndGlobalSection
	GlobalSection(ProjectConfigurationPlatforms) = postSolution
		{1BE39447-6C5B-4803-A977-3FB886323426}.Ad-Hoc|Any CPU.ActiveCfg = Release|Any CPU
		{1BE39447-6C5B-4803-A977-3FB886323426}.Ad-Hoc|Any CPU.Build.0 = Release|Any CPU
		{1BE39447-6C5B-4803-A977-3FB886323426}.Ad-Hoc|Any CPU.Deploy.0 = Release|Any CPU
		{1BE39447-6C5B-4803-A977-3FB886323426}.Ad-Hoc|ARM.ActiveCfg = Release|Any CPU
		{1BE39447-6C5B-4803-A977-3FB886323426}.Ad-Hoc|ARM.Build.0 = Release|Any CPU
		{1BE39447-6C5B-4803-A977-3FB886323426}.Ad-Hoc|ARM.Deploy.0 = Release|Any CPU
		{1BE39447-6C5B-4803-A977-3FB886323426}.Ad-Hoc|iPhone.ActiveCfg = Release|Any CPU
		{1BE39447-6C5B-4803-A977-3FB886323426}.Ad-Hoc|iPhone.Build.0 = Release|Any CPU
		{1BE39447-6C5B-4803-A977-3FB886323426}.Ad-Hoc|iPhone.Deploy.0 = Release|Any CPU
		{1BE39447-6C5B-4803-A977-3FB886323426}.Ad-Hoc|iPhoneSimulator.ActiveCfg = Release|Any CPU
		{1BE39447-6C5B-4803-A977-3FB886323426}.Ad-Hoc|iPhoneSimulator.Build.0 = Release|Any CPU
		{1BE39447-6C5B-4803-A977-3FB886323426}.Ad-Hoc|iPhoneSimulator.Deploy.0 = Release|Any CPU
		{1BE39447-6C5B-4803-A977-3FB886323426}.Ad-Hoc|x64.ActiveCfg = Release|Any CPU
		{1BE39447-6C5B-4803-A977-3FB886323426}.Ad-Hoc|x64.Build.0 = Release|Any CPU
		{1BE39447-6C5B-4803-A977-3FB886323426}.Ad-Hoc|x64.Deploy.0 = Release|Any CPU
		{1BE39447-6C5B-4803-A977-3FB886323426}.Ad-Hoc|x86.ActiveCfg = Release|Any CPU
		{1BE39447-6C5B-4803-A977-3FB886323426}.Ad-Hoc|x86.Build.0 = Release|Any CPU
		{1BE39447-6C5B-4803-A977-3FB886323426}.Ad-Hoc|x86.Deploy.0 = Release|Any CPU
		{1BE39447-6C5B-4803-A977-3FB886323426}.AppStore|Any CPU.ActiveCfg = Release|Any CPU
		{1BE39447-6C5B-4803-A977-3FB886323426}.AppStore|Any CPU.Build.0 = Release|Any CPU
		{1BE39447-6C5B-4803-A977-3FB886323426}.AppStore|Any CPU.Deploy.0 = Release|Any CPU
		{1BE39447-6C5B-4803-A977-3FB886323426}.AppStore|ARM.ActiveCfg = Release|Any CPU
		{1BE39447-6C5B-4803-A977-3FB886323426}.AppStore|ARM.Build.0 = Release|Any CPU
		{1BE39447-6C5B-4803-A977-3FB886323426}.AppStore|ARM.Deploy.0 = Release|Any CPU
		{1BE39447-6C5B-4803-A977-3FB886323426}.AppStore|iPhone.ActiveCfg = Release|Any CPU
		{1BE39447-6C5B-4803-A977-3FB886323426}.AppStore|iPhone.Build.0 = Release|Any CPU
		{1BE39447-6C5B-4803-A977-3FB886323426}.AppStore|iPhone.Deploy.0 = Release|Any CPU
		{1BE39447-6C5B-4803-A977-3FB886323426}.AppStore|iPhoneSimulator.ActiveCfg = Release|Any CPU
		{1BE39447-6C5B-4803-A977-3FB886323426}.AppStore|iPhoneSimulator.Build.0 = Release|Any CPU
		{1BE39447-6C5B-4803-A977-3FB886323426}.AppStore|iPhoneSimulator.Deploy.0 = Release|Any CPU
		{1BE39447-6C5B-4803-A977-3FB886323426}.AppStore|x64.ActiveCfg = Release|Any CPU
		{1BE39447-6C5B-4803-A977-3FB886323426}.AppStore|x64.Build.0 = Release|Any CPU
		{1BE39447-6C5B-4803-A977-3FB886323426}.AppStore|x64.Deploy.0 = Release|Any CPU
		{1BE39447-6C5B-4803-A977-3FB886323426}.AppStore|x86.ActiveCfg = Release|Any CPU
		{1BE39447-6C5B-4803-A977-3FB886323426}.AppStore|x86.Build.0 = Release|Any CPU
		{1BE39447-6C5B-4803-A977-3FB886323426}.AppStore|x86.Deploy.0 = Release|Any CPU
		{1BE39447-6C5B-4803-A977-3FB886323426}.Debug|Any CPU.ActiveCfg = Debug|Any CPU
		{1BE39447-6C5B-4803-A977-3FB886323426}.Debug|Any CPU.Build.0 = Debug|Any CPU
		{1BE39447-6C5B-4803-A977-3FB886323426}.Debug|Any CPU.Deploy.0 = Debug|Any CPU
		{1BE39447-6C5B-4803-A977-3FB886323426}.Debug|ARM.ActiveCfg = Debug|Any CPU
		{1BE39447-6C5B-4803-A977-3FB886323426}.Debug|ARM.Build.0 = Debug|Any CPU
		{1BE39447-6C5B-4803-A977-3FB886323426}.Debug|ARM.Deploy.0 = Debug|Any CPU
		{1BE39447-6C5B-4803-A977-3FB886323426}.Debug|iPhone.ActiveCfg = Debug|Any CPU
		{1BE39447-6C5B-4803-A977-3FB886323426}.Debug|iPhone.Build.0 = Debug|Any CPU
		{1BE39447-6C5B-4803-A977-3FB886323426}.Debug|iPhone.Deploy.0 = Debug|Any CPU
		{1BE39447-6C5B-4803-A977-3FB886323426}.Debug|iPhoneSimulator.ActiveCfg = Debug|Any CPU
		{1BE39447-6C5B-4803-A977-3FB886323426}.Debug|iPhoneSimulator.Build.0 = Debug|Any CPU
		{1BE39447-6C5B-4803-A977-3FB886323426}.Debug|iPhoneSimulator.Deploy.0 = Debug|Any CPU
		{1BE39447-6C5B-4803-A977-3FB886323426}.Debug|x64.ActiveCfg = Debug|Any CPU
		{1BE39447-6C5B-4803-A977-3FB886323426}.Debug|x64.Build.0 = Debug|Any CPU
		{1BE39447-6C5B-4803-A977-3FB886323426}.Debug|x64.Deploy.0 = Debug|Any CPU
		{1BE39447-6C5B-4803-A977-3FB886323426}.Debug|x86.ActiveCfg = Debug|Any CPU
		{1BE39447-6C5B-4803-A977-3FB886323426}.Debug|x86.Build.0 = Debug|Any CPU
		{1BE39447-6C5B-4803-A977-3FB886323426}.Debug|x86.Deploy.0 = Debug|Any CPU
		{1BE39447-6C5B-4803-A977-3FB886323426}.Release|Any CPU.ActiveCfg = Release|Any CPU
		{1BE39447-6C5B-4803-A977-3FB886323426}.Release|Any CPU.Build.0 = Release|Any CPU
		{1BE39447-6C5B-4803-A977-3FB886323426}.Release|Any CPU.Deploy.0 = Release|Any CPU
		{1BE39447-6C5B-4803-A977-3FB886323426}.Release|ARM.ActiveCfg = Release|Any CPU
		{1BE39447-6C5B-4803-A977-3FB886323426}.Release|ARM.Build.0 = Release|Any CPU
		{1BE39447-6C5B-4803-A977-3FB886323426}.Release|ARM.Deploy.0 = Release|Any CPU
		{1BE39447-6C5B-4803-A977-3FB886323426}.Release|iPhone.ActiveCfg = Release|Any CPU
		{1BE39447-6C5B-4803-A977-3FB886323426}.Release|iPhone.Build.0 = Release|Any CPU
		{1BE39447-6C5B-4803-A977-3FB886323426}.Release|iPhone.Deploy.0 = Release|Any CPU
		{1BE39447-6C5B-4803-A977-3FB886323426}.Release|iPhoneSimulator.ActiveCfg = Release|Any CPU
		{1BE39447-6C5B-4803-A977-3FB886323426}.Release|iPhoneSimulator.Build.0 = Release|Any CPU
		{1BE39447-6C5B-4803-A977-3FB886323426}.Release|iPhoneSimulator.Deploy.0 = Release|Any CPU
		{1BE39447-6C5B-4803-A977-3FB886323426}.Release|x64.ActiveCfg = Release|Any CPU
		{1BE39447-6C5B-4803-A977-3FB886323426}.Release|x64.Build.0 = Release|Any CPU
		{1BE39447-6C5B-4803-A977-3FB886323426}.Release|x64.Deploy.0 = Release|Any CPU
		{1BE39447-6C5B-4803-A977-3FB886323426}.Release|x86.ActiveCfg = Release|Any CPU
		{1BE39447-6C5B-4803-A977-3FB886323426}.Release|x86.Build.0 = Release|Any CPU
		{1BE39447-6C5B-4803-A977-3FB886323426}.Release|x86.Deploy.0 = Release|Any CPU
		{4203982A-88E7-4E39-ACDD-582429AF369B}.Ad-Hoc|Any CPU.ActiveCfg = Ad-Hoc|iPhone
		{4203982A-88E7-4E39-ACDD-582429AF369B}.Ad-Hoc|Any CPU.Build.0 = Ad-Hoc|iPhone
		{4203982A-88E7-4E39-ACDD-582429AF369B}.Ad-Hoc|Any CPU.Deploy.0 = Ad-Hoc|iPhone
		{4203982A-88E7-4E39-ACDD-582429AF369B}.Ad-Hoc|ARM.ActiveCfg = Ad-Hoc|iPhone
		{4203982A-88E7-4E39-ACDD-582429AF369B}.Ad-Hoc|ARM.Build.0 = Ad-Hoc|iPhone
		{4203982A-88E7-4E39-ACDD-582429AF369B}.Ad-Hoc|ARM.Deploy.0 = Ad-Hoc|iPhone
		{4203982A-88E7-4E39-ACDD-582429AF369B}.Ad-Hoc|iPhone.ActiveCfg = Ad-Hoc|iPhone
		{4203982A-88E7-4E39-ACDD-582429AF369B}.Ad-Hoc|iPhone.Build.0 = Ad-Hoc|iPhone
		{4203982A-88E7-4E39-ACDD-582429AF369B}.Ad-Hoc|iPhone.Deploy.0 = Ad-Hoc|iPhone
		{4203982A-88E7-4E39-ACDD-582429AF369B}.Ad-Hoc|iPhoneSimulator.ActiveCfg = Ad-Hoc|iPhoneSimulator
		{4203982A-88E7-4E39-ACDD-582429AF369B}.Ad-Hoc|iPhoneSimulator.Build.0 = Ad-Hoc|iPhoneSimulator
		{4203982A-88E7-4E39-ACDD-582429AF369B}.Ad-Hoc|iPhoneSimulator.Deploy.0 = Ad-Hoc|iPhoneSimulator
		{4203982A-88E7-4E39-ACDD-582429AF369B}.Ad-Hoc|x64.ActiveCfg = Ad-Hoc|iPhone
		{4203982A-88E7-4E39-ACDD-582429AF369B}.Ad-Hoc|x64.Build.0 = Ad-Hoc|iPhone
		{4203982A-88E7-4E39-ACDD-582429AF369B}.Ad-Hoc|x64.Deploy.0 = Ad-Hoc|iPhone
		{4203982A-88E7-4E39-ACDD-582429AF369B}.Ad-Hoc|x86.ActiveCfg = Ad-Hoc|iPhone
		{4203982A-88E7-4E39-ACDD-582429AF369B}.Ad-Hoc|x86.Build.0 = Ad-Hoc|iPhone
		{4203982A-88E7-4E39-ACDD-582429AF369B}.Ad-Hoc|x86.Deploy.0 = Ad-Hoc|iPhone
		{4203982A-88E7-4E39-ACDD-582429AF369B}.AppStore|Any CPU.ActiveCfg = AppStore|iPhone
		{4203982A-88E7-4E39-ACDD-582429AF369B}.AppStore|Any CPU.Build.0 = AppStore|iPhone
		{4203982A-88E7-4E39-ACDD-582429AF369B}.AppStore|Any CPU.Deploy.0 = AppStore|iPhone
		{4203982A-88E7-4E39-ACDD-582429AF369B}.AppStore|ARM.ActiveCfg = AppStore|iPhone
		{4203982A-88E7-4E39-ACDD-582429AF369B}.AppStore|ARM.Build.0 = AppStore|iPhone
		{4203982A-88E7-4E39-ACDD-582429AF369B}.AppStore|ARM.Deploy.0 = AppStore|iPhone
		{4203982A-88E7-4E39-ACDD-582429AF369B}.AppStore|iPhone.ActiveCfg = AppStore|iPhone
		{4203982A-88E7-4E39-ACDD-582429AF369B}.AppStore|iPhone.Build.0 = AppStore|iPhone
		{4203982A-88E7-4E39-ACDD-582429AF369B}.AppStore|iPhone.Deploy.0 = AppStore|iPhone
		{4203982A-88E7-4E39-ACDD-582429AF369B}.AppStore|iPhoneSimulator.ActiveCfg = AppStore|iPhoneSimulator
		{4203982A-88E7-4E39-ACDD-582429AF369B}.AppStore|iPhoneSimulator.Build.0 = AppStore|iPhoneSimulator
		{4203982A-88E7-4E39-ACDD-582429AF369B}.AppStore|iPhoneSimulator.Deploy.0 = AppStore|iPhoneSimulator
		{4203982A-88E7-4E39-ACDD-582429AF369B}.AppStore|x64.ActiveCfg = AppStore|iPhone
		{4203982A-88E7-4E39-ACDD-582429AF369B}.AppStore|x64.Build.0 = AppStore|iPhone
		{4203982A-88E7-4E39-ACDD-582429AF369B}.AppStore|x64.Deploy.0 = AppStore|iPhone
		{4203982A-88E7-4E39-ACDD-582429AF369B}.AppStore|x86.ActiveCfg = AppStore|iPhone
		{4203982A-88E7-4E39-ACDD-582429AF369B}.AppStore|x86.Build.0 = AppStore|iPhone
		{4203982A-88E7-4E39-ACDD-582429AF369B}.AppStore|x86.Deploy.0 = AppStore|iPhone
		{4203982A-88E7-4E39-ACDD-582429AF369B}.Debug|Any CPU.ActiveCfg = Debug|iPhoneSimulator
		{4203982A-88E7-4E39-ACDD-582429AF369B}.Debug|Any CPU.Build.0 = Debug|iPhoneSimulator
		{4203982A-88E7-4E39-ACDD-582429AF369B}.Debug|Any CPU.Deploy.0 = Debug|iPhoneSimulator
		{4203982A-88E7-4E39-ACDD-582429AF369B}.Debug|ARM.ActiveCfg = Debug|iPhone
		{4203982A-88E7-4E39-ACDD-582429AF369B}.Debug|ARM.Build.0 = Debug|iPhone
		{4203982A-88E7-4E39-ACDD-582429AF369B}.Debug|ARM.Deploy.0 = Debug|iPhone
		{4203982A-88E7-4E39-ACDD-582429AF369B}.Debug|iPhone.ActiveCfg = Debug|iPhone
		{4203982A-88E7-4E39-ACDD-582429AF369B}.Debug|iPhone.Build.0 = Debug|iPhone
		{4203982A-88E7-4E39-ACDD-582429AF369B}.Debug|iPhone.Deploy.0 = Debug|iPhone
		{4203982A-88E7-4E39-ACDD-582429AF369B}.Debug|iPhoneSimulator.ActiveCfg = Debug|iPhoneSimulator
		{4203982A-88E7-4E39-ACDD-582429AF369B}.Debug|iPhoneSimulator.Build.0 = Debug|iPhoneSimulator
		{4203982A-88E7-4E39-ACDD-582429AF369B}.Debug|iPhoneSimulator.Deploy.0 = Debug|iPhoneSimulator
		{4203982A-88E7-4E39-ACDD-582429AF369B}.Debug|x64.ActiveCfg = Debug|iPhone
		{4203982A-88E7-4E39-ACDD-582429AF369B}.Debug|x64.Build.0 = Debug|iPhone
		{4203982A-88E7-4E39-ACDD-582429AF369B}.Debug|x64.Deploy.0 = Debug|iPhone
		{4203982A-88E7-4E39-ACDD-582429AF369B}.Debug|x86.ActiveCfg = Debug|iPhone
		{4203982A-88E7-4E39-ACDD-582429AF369B}.Debug|x86.Build.0 = Debug|iPhone
		{4203982A-88E7-4E39-ACDD-582429AF369B}.Debug|x86.Deploy.0 = Debug|iPhone
		{4203982A-88E7-4E39-ACDD-582429AF369B}.Release|Any CPU.ActiveCfg = Release|iPhone
		{4203982A-88E7-4E39-ACDD-582429AF369B}.Release|Any CPU.Build.0 = Release|iPhone
		{4203982A-88E7-4E39-ACDD-582429AF369B}.Release|Any CPU.Deploy.0 = Release|iPhone
		{4203982A-88E7-4E39-ACDD-582429AF369B}.Release|ARM.ActiveCfg = Release|iPhone
		{4203982A-88E7-4E39-ACDD-582429AF369B}.Release|ARM.Build.0 = Release|iPhone
		{4203982A-88E7-4E39-ACDD-582429AF369B}.Release|ARM.Deploy.0 = Release|iPhone
		{4203982A-88E7-4E39-ACDD-582429AF369B}.Release|iPhone.ActiveCfg = Release|iPhone
		{4203982A-88E7-4E39-ACDD-582429AF369B}.Release|iPhone.Build.0 = Release|iPhone
		{4203982A-88E7-4E39-ACDD-582429AF369B}.Release|iPhone.Deploy.0 = Release|iPhone
		{4203982A-88E7-4E39-ACDD-582429AF369B}.Release|iPhoneSimulator.ActiveCfg = Release|iPhoneSimulator
		{4203982A-88E7-4E39-ACDD-582429AF369B}.Release|iPhoneSimulator.Build.0 = Release|iPhoneSimulator
		{4203982A-88E7-4E39-ACDD-582429AF369B}.Release|iPhoneSimulator.Deploy.0 = Release|iPhoneSimulator
		{4203982A-88E7-4E39-ACDD-582429AF369B}.Release|x64.ActiveCfg = Release|iPhone
		{4203982A-88E7-4E39-ACDD-582429AF369B}.Release|x64.Build.0 = Release|iPhone
		{4203982A-88E7-4E39-ACDD-582429AF369B}.Release|x64.Deploy.0 = Release|iPhone
		{4203982A-88E7-4E39-ACDD-582429AF369B}.Release|x86.ActiveCfg = Release|iPhone
		{4203982A-88E7-4E39-ACDD-582429AF369B}.Release|x86.Build.0 = Release|iPhone
		{4203982A-88E7-4E39-ACDD-582429AF369B}.Release|x86.Deploy.0 = Release|iPhone
		{C1EC24CB-602D-41A4-80CC-DB3902A860EE}.Ad-Hoc|Any CPU.ActiveCfg = Release|x86
		{C1EC24CB-602D-41A4-80CC-DB3902A860EE}.Ad-Hoc|Any CPU.Build.0 = Release|x86
		{C1EC24CB-602D-41A4-80CC-DB3902A860EE}.Ad-Hoc|Any CPU.Deploy.0 = Release|x86
		{C1EC24CB-602D-41A4-80CC-DB3902A860EE}.Ad-Hoc|ARM.ActiveCfg = Release|ARM
		{C1EC24CB-602D-41A4-80CC-DB3902A860EE}.Ad-Hoc|ARM.Build.0 = Release|ARM
		{C1EC24CB-602D-41A4-80CC-DB3902A860EE}.Ad-Hoc|ARM.Deploy.0 = Release|ARM
		{C1EC24CB-602D-41A4-80CC-DB3902A860EE}.Ad-Hoc|iPhone.ActiveCfg = Release|x86
		{C1EC24CB-602D-41A4-80CC-DB3902A860EE}.Ad-Hoc|iPhone.Build.0 = Release|x86
		{C1EC24CB-602D-41A4-80CC-DB3902A860EE}.Ad-Hoc|iPhone.Deploy.0 = Release|x86
		{C1EC24CB-602D-41A4-80CC-DB3902A860EE}.Ad-Hoc|iPhoneSimulator.ActiveCfg = Release|x86
		{C1EC24CB-602D-41A4-80CC-DB3902A860EE}.Ad-Hoc|iPhoneSimulator.Build.0 = Release|x86
		{C1EC24CB-602D-41A4-80CC-DB3902A860EE}.Ad-Hoc|iPhoneSimulator.Deploy.0 = Release|x86
		{C1EC24CB-602D-41A4-80CC-DB3902A860EE}.Ad-Hoc|x64.ActiveCfg = Release|x64
		{C1EC24CB-602D-41A4-80CC-DB3902A860EE}.Ad-Hoc|x64.Build.0 = Release|x64
		{C1EC24CB-602D-41A4-80CC-DB3902A860EE}.Ad-Hoc|x64.Deploy.0 = Release|x64
		{C1EC24CB-602D-41A4-80CC-DB3902A860EE}.Ad-Hoc|x86.ActiveCfg = Release|x86
		{C1EC24CB-602D-41A4-80CC-DB3902A860EE}.Ad-Hoc|x86.Build.0 = Release|x86
		{C1EC24CB-602D-41A4-80CC-DB3902A860EE}.Ad-Hoc|x86.Deploy.0 = Release|x86
		{C1EC24CB-602D-41A4-80CC-DB3902A860EE}.AppStore|Any CPU.ActiveCfg = Release|x86
		{C1EC24CB-602D-41A4-80CC-DB3902A860EE}.AppStore|Any CPU.Build.0 = Release|x86
		{C1EC24CB-602D-41A4-80CC-DB3902A860EE}.AppStore|Any CPU.Deploy.0 = Release|x86
		{C1EC24CB-602D-41A4-80CC-DB3902A860EE}.AppStore|ARM.ActiveCfg = Release|ARM
		{C1EC24CB-602D-41A4-80CC-DB3902A860EE}.AppStore|ARM.Build.0 = Release|ARM
		{C1EC24CB-602D-41A4-80CC-DB3902A860EE}.AppStore|ARM.Deploy.0 = Release|ARM
		{C1EC24CB-602D-41A4-80CC-DB3902A860EE}.AppStore|iPhone.ActiveCfg = Release|x86
		{C1EC24CB-602D-41A4-80CC-DB3902A860EE}.AppStore|iPhone.Build.0 = Release|x86
		{C1EC24CB-602D-41A4-80CC-DB3902A860EE}.AppStore|iPhone.Deploy.0 = Release|x86
		{C1EC24CB-602D-41A4-80CC-DB3902A860EE}.AppStore|iPhoneSimulator.ActiveCfg = Release|x86
		{C1EC24CB-602D-41A4-80CC-DB3902A860EE}.AppStore|iPhoneSimulator.Build.0 = Release|x86
		{C1EC24CB-602D-41A4-80CC-DB3902A860EE}.AppStore|iPhoneSimulator.Deploy.0 = Release|x86
		{C1EC24CB-602D-41A4-80CC-DB3902A860EE}.AppStore|x64.ActiveCfg = Release|x64
		{C1EC24CB-602D-41A4-80CC-DB3902A860EE}.AppStore|x64.Build.0 = Release|x64
		{C1EC24CB-602D-41A4-80CC-DB3902A860EE}.AppStore|x64.Deploy.0 = Release|x64
		{C1EC24CB-602D-41A4-80CC-DB3902A860EE}.AppStore|x86.ActiveCfg = Release|x86
		{C1EC24CB-602D-41A4-80CC-DB3902A860EE}.AppStore|x86.Build.0 = Release|x86
		{C1EC24CB-602D-41A4-80CC-DB3902A860EE}.AppStore|x86.Deploy.0 = Release|x86
		{C1EC24CB-602D-41A4-80CC-DB3902A860EE}.Debug|Any CPU.ActiveCfg = Debug|x86
		{C1EC24CB-602D-41A4-80CC-DB3902A860EE}.Debug|Any CPU.Build.0 = Debug|x86
		{C1EC24CB-602D-41A4-80CC-DB3902A860EE}.Debug|Any CPU.Deploy.0 = Debug|x86
		{C1EC24CB-602D-41A4-80CC-DB3902A860EE}.Debug|ARM.ActiveCfg = Debug|ARM
		{C1EC24CB-602D-41A4-80CC-DB3902A860EE}.Debug|ARM.Build.0 = Debug|ARM
		{C1EC24CB-602D-41A4-80CC-DB3902A860EE}.Debug|ARM.Deploy.0 = Debug|ARM
		{C1EC24CB-602D-41A4-80CC-DB3902A860EE}.Debug|iPhone.ActiveCfg = Debug|x86
		{C1EC24CB-602D-41A4-80CC-DB3902A860EE}.Debug|iPhone.Build.0 = Debug|x86
		{C1EC24CB-602D-41A4-80CC-DB3902A860EE}.Debug|iPhone.Deploy.0 = Debug|x86
		{C1EC24CB-602D-41A4-80CC-DB3902A860EE}.Debug|iPhoneSimulator.ActiveCfg = Debug|x86
		{C1EC24CB-602D-41A4-80CC-DB3902A860EE}.Debug|iPhoneSimulator.Build.0 = Debug|x86
		{C1EC24CB-602D-41A4-80CC-DB3902A860EE}.Debug|iPhoneSimulator.Deploy.0 = Debug|x86
		{C1EC24CB-602D-41A4-80CC-DB3902A860EE}.Debug|x64.ActiveCfg = Debug|x64
		{C1EC24CB-602D-41A4-80CC-DB3902A860EE}.Debug|x64.Build.0 = Debug|x64
		{C1EC24CB-602D-41A4-80CC-DB3902A860EE}.Debug|x64.Deploy.0 = Debug|x64
		{C1EC24CB-602D-41A4-80CC-DB3902A860EE}.Debug|x86.ActiveCfg = Debug|x86
		{C1EC24CB-602D-41A4-80CC-DB3902A860EE}.Debug|x86.Build.0 = Debug|x86
		{C1EC24CB-602D-41A4-80CC-DB3902A860EE}.Debug|x86.Deploy.0 = Debug|x86
		{C1EC24CB-602D-41A4-80CC-DB3902A860EE}.Release|Any CPU.ActiveCfg = Release|x86
		{C1EC24CB-602D-41A4-80CC-DB3902A860EE}.Release|Any CPU.Build.0 = Release|x86
		{C1EC24CB-602D-41A4-80CC-DB3902A860EE}.Release|Any CPU.Deploy.0 = Release|x86
		{C1EC24CB-602D-41A4-80CC-DB3902A860EE}.Release|ARM.ActiveCfg = Release|ARM
		{C1EC24CB-602D-41A4-80CC-DB3902A860EE}.Release|ARM.Build.0 = Release|ARM
		{C1EC24CB-602D-41A4-80CC-DB3902A860EE}.Release|ARM.Deploy.0 = Release|ARM
		{C1EC24CB-602D-41A4-80CC-DB3902A860EE}.Release|iPhone.ActiveCfg = Release|x86
		{C1EC24CB-602D-41A4-80CC-DB3902A860EE}.Release|iPhone.Build.0 = Release|x86
		{C1EC24CB-602D-41A4-80CC-DB3902A860EE}.Release|iPhone.Deploy.0 = Release|x86
		{C1EC24CB-602D-41A4-80CC-DB3902A860EE}.Release|iPhoneSimulator.ActiveCfg = Release|x86
		{C1EC24CB-602D-41A4-80CC-DB3902A860EE}.Release|iPhoneSimulator.Build.0 = Release|x86
		{C1EC24CB-602D-41A4-80CC-DB3902A860EE}.Release|iPhoneSimulator.Deploy.0 = Release|x86
		{C1EC24CB-602D-41A4-80CC-DB3902A860EE}.Release|x64.ActiveCfg = Release|x64
		{C1EC24CB-602D-41A4-80CC-DB3902A860EE}.Release|x64.Build.0 = Release|x64
		{C1EC24CB-602D-41A4-80CC-DB3902A860EE}.Release|x64.Deploy.0 = Release|x64
		{C1EC24CB-602D-41A4-80CC-DB3902A860EE}.Release|x86.ActiveCfg = Release|x86
		{C1EC24CB-602D-41A4-80CC-DB3902A860EE}.Release|x86.Build.0 = Release|x86
		{C1EC24CB-602D-41A4-80CC-DB3902A860EE}.Release|x86.Deploy.0 = Release|x86
		{3FF018E8-3484-48FE-A915-33FA34CC577F}.Ad-Hoc|Any CPU.ActiveCfg = Debug|Any CPU
		{3FF018E8-3484-48FE-A915-33FA34CC577F}.Ad-Hoc|Any CPU.Build.0 = Debug|Any CPU
		{3FF018E8-3484-48FE-A915-33FA34CC577F}.Ad-Hoc|Any CPU.Deploy.0 = Debug|Any CPU
		{3FF018E8-3484-48FE-A915-33FA34CC577F}.Ad-Hoc|ARM.ActiveCfg = Debug|Any CPU
		{3FF018E8-3484-48FE-A915-33FA34CC577F}.Ad-Hoc|ARM.Build.0 = Debug|Any CPU
		{3FF018E8-3484-48FE-A915-33FA34CC577F}.Ad-Hoc|ARM.Deploy.0 = Debug|Any CPU
		{3FF018E8-3484-48FE-A915-33FA34CC577F}.Ad-Hoc|iPhone.ActiveCfg = Debug|Any CPU
		{3FF018E8-3484-48FE-A915-33FA34CC577F}.Ad-Hoc|iPhone.Build.0 = Debug|Any CPU
		{3FF018E8-3484-48FE-A915-33FA34CC577F}.Ad-Hoc|iPhone.Deploy.0 = Debug|Any CPU
		{3FF018E8-3484-48FE-A915-33FA34CC577F}.Ad-Hoc|iPhoneSimulator.ActiveCfg = Debug|Any CPU
		{3FF018E8-3484-48FE-A915-33FA34CC577F}.Ad-Hoc|iPhoneSimulator.Build.0 = Debug|Any CPU
		{3FF018E8-3484-48FE-A915-33FA34CC577F}.Ad-Hoc|iPhoneSimulator.Deploy.0 = Debug|Any CPU
		{3FF018E8-3484-48FE-A915-33FA34CC577F}.Ad-Hoc|x64.ActiveCfg = Debug|Any CPU
		{3FF018E8-3484-48FE-A915-33FA34CC577F}.Ad-Hoc|x64.Build.0 = Debug|Any CPU
		{3FF018E8-3484-48FE-A915-33FA34CC577F}.Ad-Hoc|x64.Deploy.0 = Debug|Any CPU
		{3FF018E8-3484-48FE-A915-33FA34CC577F}.Ad-Hoc|x86.ActiveCfg = Debug|Any CPU
		{3FF018E8-3484-48FE-A915-33FA34CC577F}.Ad-Hoc|x86.Build.0 = Debug|Any CPU
		{3FF018E8-3484-48FE-A915-33FA34CC577F}.Ad-Hoc|x86.Deploy.0 = Debug|Any CPU
		{3FF018E8-3484-48FE-A915-33FA34CC577F}.AppStore|Any CPU.ActiveCfg = Debug|Any CPU
		{3FF018E8-3484-48FE-A915-33FA34CC577F}.AppStore|Any CPU.Build.0 = Debug|Any CPU
		{3FF018E8-3484-48FE-A915-33FA34CC577F}.AppStore|Any CPU.Deploy.0 = Debug|Any CPU
		{3FF018E8-3484-48FE-A915-33FA34CC577F}.AppStore|ARM.ActiveCfg = Debug|Any CPU
		{3FF018E8-3484-48FE-A915-33FA34CC577F}.AppStore|ARM.Build.0 = Debug|Any CPU
		{3FF018E8-3484-48FE-A915-33FA34CC577F}.AppStore|ARM.Deploy.0 = Debug|Any CPU
		{3FF018E8-3484-48FE-A915-33FA34CC577F}.AppStore|iPhone.ActiveCfg = Debug|Any CPU
		{3FF018E8-3484-48FE-A915-33FA34CC577F}.AppStore|iPhone.Build.0 = Debug|Any CPU
		{3FF018E8-3484-48FE-A915-33FA34CC577F}.AppStore|iPhone.Deploy.0 = Debug|Any CPU
		{3FF018E8-3484-48FE-A915-33FA34CC577F}.AppStore|iPhoneSimulator.ActiveCfg = Debug|Any CPU
		{3FF018E8-3484-48FE-A915-33FA34CC577F}.AppStore|iPhoneSimulator.Build.0 = Debug|Any CPU
		{3FF018E8-3484-48FE-A915-33FA34CC577F}.AppStore|iPhoneSimulator.Deploy.0 = Debug|Any CPU
		{3FF018E8-3484-48FE-A915-33FA34CC577F}.AppStore|x64.ActiveCfg = Debug|Any CPU
		{3FF018E8-3484-48FE-A915-33FA34CC577F}.AppStore|x64.Build.0 = Debug|Any CPU
		{3FF018E8-3484-48FE-A915-33FA34CC577F}.AppStore|x64.Deploy.0 = Debug|Any CPU
		{3FF018E8-3484-48FE-A915-33FA34CC577F}.AppStore|x86.ActiveCfg = Debug|Any CPU
		{3FF018E8-3484-48FE-A915-33FA34CC577F}.AppStore|x86.Build.0 = Debug|Any CPU
		{3FF018E8-3484-48FE-A915-33FA34CC577F}.AppStore|x86.Deploy.0 = Debug|Any CPU
		{3FF018E8-3484-48FE-A915-33FA34CC577F}.Debug|Any CPU.ActiveCfg = Debug|Any CPU
		{3FF018E8-3484-48FE-A915-33FA34CC577F}.Debug|Any CPU.Build.0 = Debug|Any CPU
		{3FF018E8-3484-48FE-A915-33FA34CC577F}.Debug|Any CPU.Deploy.0 = Debug|Any CPU
		{3FF018E8-3484-48FE-A915-33FA34CC577F}.Debug|ARM.ActiveCfg = Debug|Any CPU
		{3FF018E8-3484-48FE-A915-33FA34CC577F}.Debug|ARM.Build.0 = Debug|Any CPU
		{3FF018E8-3484-48FE-A915-33FA34CC577F}.Debug|ARM.Deploy.0 = Debug|Any CPU
		{3FF018E8-3484-48FE-A915-33FA34CC577F}.Debug|iPhone.ActiveCfg = Debug|Any CPU
		{3FF018E8-3484-48FE-A915-33FA34CC577F}.Debug|iPhone.Build.0 = Debug|Any CPU
		{3FF018E8-3484-48FE-A915-33FA34CC577F}.Debug|iPhone.Deploy.0 = Debug|Any CPU
		{3FF018E8-3484-48FE-A915-33FA34CC577F}.Debug|iPhoneSimulator.ActiveCfg = Debug|Any CPU
		{3FF018E8-3484-48FE-A915-33FA34CC577F}.Debug|iPhoneSimulator.Build.0 = Debug|Any CPU
		{3FF018E8-3484-48FE-A915-33FA34CC577F}.Debug|iPhoneSimulator.Deploy.0 = Debug|Any CPU
		{3FF018E8-3484-48FE-A915-33FA34CC577F}.Debug|x64.ActiveCfg = Debug|Any CPU
		{3FF018E8-3484-48FE-A915-33FA34CC577F}.Debug|x64.Build.0 = Debug|Any CPU
		{3FF018E8-3484-48FE-A915-33FA34CC577F}.Debug|x64.Deploy.0 = Debug|Any CPU
		{3FF018E8-3484-48FE-A915-33FA34CC577F}.Debug|x86.ActiveCfg = Debug|Any CPU
		{3FF018E8-3484-48FE-A915-33FA34CC577F}.Debug|x86.Build.0 = Debug|Any CPU
		{3FF018E8-3484-48FE-A915-33FA34CC577F}.Debug|x86.Deploy.0 = Debug|Any CPU
		{3FF018E8-3484-48FE-A915-33FA34CC577F}.Release|Any CPU.ActiveCfg = Release|Any CPU
		{3FF018E8-3484-48FE-A915-33FA34CC577F}.Release|Any CPU.Build.0 = Release|Any CPU
		{3FF018E8-3484-48FE-A915-33FA34CC577F}.Release|Any CPU.Deploy.0 = Release|Any CPU
		{3FF018E8-3484-48FE-A915-33FA34CC577F}.Release|ARM.ActiveCfg = Release|Any CPU
		{3FF018E8-3484-48FE-A915-33FA34CC577F}.Release|ARM.Build.0 = Release|Any CPU
		{3FF018E8-3484-48FE-A915-33FA34CC577F}.Release|ARM.Deploy.0 = Release|Any CPU
		{3FF018E8-3484-48FE-A915-33FA34CC577F}.Release|iPhone.ActiveCfg = Release|Any CPU
		{3FF018E8-3484-48FE-A915-33FA34CC577F}.Release|iPhone.Build.0 = Release|Any CPU
		{3FF018E8-3484-48FE-A915-33FA34CC577F}.Release|iPhone.Deploy.0 = Release|Any CPU
		{3FF018E8-3484-48FE-A915-33FA34CC577F}.Release|iPhoneSimulator.ActiveCfg = Release|Any CPU
		{3FF018E8-3484-48FE-A915-33FA34CC577F}.Release|iPhoneSimulator.Build.0 = Release|Any CPU
		{3FF018E8-3484-48FE-A915-33FA34CC577F}.Release|iPhoneSimulator.Deploy.0 = Release|Any CPU
		{3FF018E8-3484-48FE-A915-33FA34CC577F}.Release|x64.ActiveCfg = Release|Any CPU
		{3FF018E8-3484-48FE-A915-33FA34CC577F}.Release|x64.Build.0 = Release|Any CPU
		{3FF018E8-3484-48FE-A915-33FA34CC577F}.Release|x64.Deploy.0 = Release|Any CPU
		{3FF018E8-3484-48FE-A915-33FA34CC577F}.Release|x86.ActiveCfg = Release|Any CPU
		{3FF018E8-3484-48FE-A915-33FA34CC577F}.Release|x86.Build.0 = Release|Any CPU
		{3FF018E8-3484-48FE-A915-33FA34CC577F}.Release|x86.Deploy.0 = Release|Any CPU
	EndGlobalSection
	GlobalSection(SolutionProperties) = preSolution
		HideSolutionNode = FALSE
	EndGlobalSection
	GlobalSection(ExtensibilityGlobals) = postSolution
		SolutionGuid = {CBEE38F8-945A-4341-9182-C334D06CB316}
	EndGlobalSection
EndGlobal
