
Microsoft Visual Studio Solution File, Format Version 12.00
# Visual Studio 15
VisualStudioVersion = 15.0.28010.2026
MinimumVisualStudioVersion = 10.0.40219.1
Project("{FAE04EC0-301F-11D3-BF4B-00C04F79EFBC}") = "App03_LayoutXF.Android", "App03_LayoutXF\App03_LayoutXF.Android\App03_LayoutXF.Android.csproj", "{40FF9F3F-1721-4807-9DAD-6F0FAEE75B9D}"
EndProject
Project("{FAE04EC0-301F-11D3-BF4B-00C04F79EFBC}") = "App03_LayoutXF.iOS", "App03_LayoutXF\App03_LayoutXF.iOS\App03_LayoutXF.iOS.csproj", "{B195EC85-10B6-4DCB-86ED-1CACC1F83BED}"
EndProject
Project("{FAE04EC0-301F-11D3-BF4B-00C04F79EFBC}") = "App03_LayoutXF.UWP", "App03_LayoutXF\App03_LayoutXF.UWP\App03_LayoutXF.UWP.csproj", "{D1D38BA1-744F-44FF-84D5-D2CDD02C1978}"
EndProject
Project("{FAE04EC0-301F-11D3-BF4B-00C04F79EFBC}") = "App03_LayoutXF", "App03_LayoutXF\App03_LayoutXF\App03_LayoutXF.csproj", "{C08AA410-7883-40AC-80B7-39EC2F70CBE0}"
EndProject
Global
	GlobalSection(SolutionConfigurationPlatforms) = preSolution
		Ad-Hoc|Any CPU = Ad-Hoc|Any CPU
		Ad-Hoc|ARM = Ad-Hoc|ARM
		Ad-Hoc|iPhone = Ad-Hoc|iPhone
		Ad-Hoc|iPhoneSimulator = Ad-Hoc|iPhoneSimulator
		Ad-Hoc|x64 = Ad-Hoc|x64
		Ad-Hoc|x86 = Ad-Hoc|x86
		AppStore|Any CPU = AppStore|Any CPU
		AppStore|ARM = AppStore|ARM
		AppStore|iPhone = AppStore|iPhone
		AppStore|iPhoneSimulator = AppStore|iPhoneSimulator
		AppStore|x64 = AppStore|x64
		AppStore|x86 = AppStore|x86
		Debug|Any CPU = Debug|Any CPU
		Debug|ARM = Debug|ARM
		Debug|iPhone = Debug|iPhone
		Debug|iPhoneSimulator = Debug|iPhoneSimulator
		Debug|x64 = Debug|x64
		Debug|x86 = Debug|x86
		Release|Any CPU = Release|Any CPU
		Release|ARM = Release|ARM
		Release|iPhone = Release|iPhone
		Release|iPhoneSimulator = Release|iPhoneSimulator
		Release|x64 = Release|x64
		Release|x86 = Release|x86
	EndGlobalSection
	GlobalSection(ProjectConfigurationPlatforms) = postSolution
		{40FF9F3F-1721-4807-9DAD-6F0FAEE75B9D}.Ad-Hoc|Any CPU.ActiveCfg = Release|Any CPU
		{40FF9F3F-1721-4807-9DAD-6F0FAEE75B9D}.Ad-Hoc|Any CPU.Build.0 = Release|Any CPU
		{40FF9F3F-1721-4807-9DAD-6F0FAEE75B9D}.Ad-Hoc|Any CPU.Deploy.0 = Release|Any CPU
		{40FF9F3F-1721-4807-9DAD-6F0FAEE75B9D}.Ad-Hoc|ARM.ActiveCfg = Release|Any CPU
		{40FF9F3F-1721-4807-9DAD-6F0FAEE75B9D}.Ad-Hoc|ARM.Build.0 = Release|Any CPU
		{40FF9F3F-1721-4807-9DAD-6F0FAEE75B9D}.Ad-Hoc|ARM.Deploy.0 = Release|Any CPU
		{40FF9F3F-1721-4807-9DAD-6F0FAEE75B9D}.Ad-Hoc|iPhone.ActiveCfg = Release|Any CPU
		{40FF9F3F-1721-4807-9DAD-6F0FAEE75B9D}.Ad-Hoc|iPhone.Build.0 = Release|Any CPU
		{40FF9F3F-1721-4807-9DAD-6F0FAEE75B9D}.Ad-Hoc|iPhone.Deploy.0 = Release|Any CPU
		{40FF9F3F-1721-4807-9DAD-6F0FAEE75B9D}.Ad-Hoc|iPhoneSimulator.ActiveCfg = Release|Any CPU
		{40FF9F3F-1721-4807-9DAD-6F0FAEE75B9D}.Ad-Hoc|iPhoneSimulator.Build.0 = Release|Any CPU
		{40FF9F3F-1721-4807-9DAD-6F0FAEE75B9D}.Ad-Hoc|iPhoneSimulator.Deploy.0 = Release|Any CPU
		{40FF9F3F-1721-4807-9DAD-6F0FAEE75B9D}.Ad-Hoc|x64.ActiveCfg = Release|Any CPU
		{40FF9F3F-1721-4807-9DAD-6F0FAEE75B9D}.Ad-Hoc|x64.Build.0 = Release|Any CPU
		{40FF9F3F-1721-4807-9DAD-6F0FAEE75B9D}.Ad-Hoc|x64.Deploy.0 = Release|Any CPU
		{40FF9F3F-1721-4807-9DAD-6F0FAEE75B9D}.Ad-Hoc|x86.ActiveCfg = Release|Any CPU
		{40FF9F3F-1721-4807-9DAD-6F0FAEE75B9D}.Ad-Hoc|x86.Build.0 = Release|Any CPU
		{40FF9F3F-1721-4807-9DAD-6F0FAEE75B9D}.Ad-Hoc|x86.Deploy.0 = Release|Any CPU
		{40FF9F3F-1721-4807-9DAD-6F0FAEE75B9D}.AppStore|Any CPU.ActiveCfg = Release|Any CPU
		{40FF9F3F-1721-4807-9DAD-6F0FAEE75B9D}.AppStore|Any CPU.Build.0 = Release|Any CPU
		{40FF9F3F-1721-4807-9DAD-6F0FAEE75B9D}.AppStore|Any CPU.Deploy.0 = Release|Any CPU
		{40FF9F3F-1721-4807-9DAD-6F0FAEE75B9D}.AppStore|ARM.ActiveCfg = Release|Any CPU
		{40FF9F3F-1721-4807-9DAD-6F0FAEE75B9D}.AppStore|ARM.Build.0 = Release|Any CPU
		{40FF9F3F-1721-4807-9DAD-6F0FAEE75B9D}.AppStore|ARM.Deploy.0 = Release|Any CPU
		{40FF9F3F-1721-4807-9DAD-6F0FAEE75B9D}.AppStore|iPhone.ActiveCfg = Release|Any CPU
		{40FF9F3F-1721-4807-9DAD-6F0FAEE75B9D}.AppStore|iPhone.Build.0 = Release|Any CPU
		{40FF9F3F-1721-4807-9DAD-6F0FAEE75B9D}.AppStore|iPhone.Deploy.0 = Release|Any CPU
		{40FF9F3F-1721-4807-9DAD-6F0FAEE75B9D}.AppStore|iPhoneSimulator.ActiveCfg = Release|Any CPU
		{40FF9F3F-1721-4807-9DAD-6F0FAEE75B9D}.AppStore|iPhoneSimulator.Build.0 = Release|Any CPU
		{40FF9F3F-1721-4807-9DAD-6F0FAEE75B9D}.AppStore|iPhoneSimulator.Deploy.0 = Release|Any CPU
		{40FF9F3F-1721-4807-9DAD-6F0FAEE75B9D}.AppStore|x64.ActiveCfg = Release|Any CPU
		{40FF9F3F-1721-4807-9DAD-6F0FAEE75B9D}.AppStore|x64.Build.0 = Release|Any CPU
		{40FF9F3F-1721-4807-9DAD-6F0FAEE75B9D}.AppStore|x64.Deploy.0 = Release|Any CPU
		{40FF9F3F-1721-4807-9DAD-6F0FAEE75B9D}.AppStore|x86.ActiveCfg = Release|Any CPU
		{40FF9F3F-1721-4807-9DAD-6F0FAEE75B9D}.AppStore|x86.Build.0 = Release|Any CPU
		{40FF9F3F-1721-4807-9DAD-6F0FAEE75B9D}.AppStore|x86.Deploy.0 = Release|Any CPU
		{40FF9F3F-1721-4807-9DAD-6F0FAEE75B9D}.Debug|Any CPU.ActiveCfg = Debug|Any CPU
		{40FF9F3F-1721-4807-9DAD-6F0FAEE75B9D}.Debug|Any CPU.Build.0 = Debug|Any CPU
		{40FF9F3F-1721-4807-9DAD-6F0FAEE75B9D}.Debug|Any CPU.Deploy.0 = Debug|Any CPU
		{40FF9F3F-1721-4807-9DAD-6F0FAEE75B9D}.Debug|ARM.ActiveCfg = Debug|Any CPU
		{40FF9F3F-1721-4807-9DAD-6F0FAEE75B9D}.Debug|ARM.Build.0 = Debug|Any CPU
		{40FF9F3F-1721-4807-9DAD-6F0FAEE75B9D}.Debug|ARM.Deploy.0 = Debug|Any CPU
		{40FF9F3F-1721-4807-9DAD-6F0FAEE75B9D}.Debug|iPhone.ActiveCfg = Debug|Any CPU
		{40FF9F3F-1721-4807-9DAD-6F0FAEE75B9D}.Debug|iPhone.Build.0 = Debug|Any CPU
		{40FF9F3F-1721-4807-9DAD-6F0FAEE75B9D}.Debug|iPhone.Deploy.0 = Debug|Any CPU
		{40FF9F3F-1721-4807-9DAD-6F0FAEE75B9D}.Debug|iPhoneSimulator.ActiveCfg = Debug|Any CPU
		{40FF9F3F-1721-4807-9DAD-6F0FAEE75B9D}.Debug|iPhoneSimulator.Build.0 = Debug|Any CPU
		{40FF9F3F-1721-4807-9DAD-6F0FAEE75B9D}.Debug|iPhoneSimulator.Deploy.0 = Debug|Any CPU
		{40FF9F3F-1721-4807-9DAD-6F0FAEE75B9D}.Debug|x64.ActiveCfg = Debug|Any CPU
		{40FF9F3F-1721-4807-9DAD-6F0FAEE75B9D}.Debug|x64.Build.0 = Debug|Any CPU
		{40FF9F3F-1721-4807-9DAD-6F0FAEE75B9D}.Debug|x64.Deploy.0 = Debug|Any CPU
		{40FF9F3F-1721-4807-9DAD-6F0FAEE75B9D}.Debug|x86.ActiveCfg = Debug|Any CPU
		{40FF9F3F-1721-4807-9DAD-6F0FAEE75B9D}.Debug|x86.Build.0 = Debug|Any CPU
		{40FF9F3F-1721-4807-9DAD-6F0FAEE75B9D}.Debug|x86.Deploy.0 = Debug|Any CPU
		{40FF9F3F-1721-4807-9DAD-6F0FAEE75B9D}.Release|Any CPU.ActiveCfg = Release|Any CPU
		{40FF9F3F-1721-4807-9DAD-6F0FAEE75B9D}.Release|Any CPU.Build.0 = Release|Any CPU
		{40FF9F3F-1721-4807-9DAD-6F0FAEE75B9D}.Release|Any CPU.Deploy.0 = Release|Any CPU
		{40FF9F3F-1721-4807-9DAD-6F0FAEE75B9D}.Release|ARM.ActiveCfg = Release|Any CPU
		{40FF9F3F-1721-4807-9DAD-6F0FAEE75B9D}.Release|ARM.Build.0 = Release|Any CPU
		{40FF9F3F-1721-4807-9DAD-6F0FAEE75B9D}.Release|ARM.Deploy.0 = Release|Any CPU
		{40FF9F3F-1721-4807-9DAD-6F0FAEE75B9D}.Release|iPhone.ActiveCfg = Release|Any CPU
		{40FF9F3F-1721-4807-9DAD-6F0FAEE75B9D}.Release|iPhone.Build.0 = Release|Any CPU
		{40FF9F3F-1721-4807-9DAD-6F0FAEE75B9D}.Release|iPhone.Deploy.0 = Release|Any CPU
		{40FF9F3F-1721-4807-9DAD-6F0FAEE75B9D}.Release|iPhoneSimulator.ActiveCfg = Release|Any CPU
		{40FF9F3F-1721-4807-9DAD-6F0FAEE75B9D}.Release|iPhoneSimulator.Build.0 = Release|Any CPU
		{40FF9F3F-1721-4807-9DAD-6F0FAEE75B9D}.Release|iPhoneSimulator.Deploy.0 = Release|Any CPU
		{40FF9F3F-1721-4807-9DAD-6F0FAEE75B9D}.Release|x64.ActiveCfg = Release|Any CPU
		{40FF9F3F-1721-4807-9DAD-6F0FAEE75B9D}.Release|x64.Build.0 = Release|Any CPU
		{40FF9F3F-1721-4807-9DAD-6F0FAEE75B9D}.Release|x64.Deploy.0 = Release|Any CPU
		{40FF9F3F-1721-4807-9DAD-6F0FAEE75B9D}.Release|x86.ActiveCfg = Release|Any CPU
		{40FF9F3F-1721-4807-9DAD-6F0FAEE75B9D}.Release|x86.Build.0 = Release|Any CPU
		{40FF9F3F-1721-4807-9DAD-6F0FAEE75B9D}.Release|x86.Deploy.0 = Release|Any CPU
		{B195EC85-10B6-4DCB-86ED-1CACC1F83BED}.Ad-Hoc|Any CPU.ActiveCfg = Ad-Hoc|iPhone
		{B195EC85-10B6-4DCB-86ED-1CACC1F83BED}.Ad-Hoc|Any CPU.Build.0 = Ad-Hoc|iPhone
		{B195EC85-10B6-4DCB-86ED-1CACC1F83BED}.Ad-Hoc|Any CPU.Deploy.0 = Ad-Hoc|iPhone
		{B195EC85-10B6-4DCB-86ED-1CACC1F83BED}.Ad-Hoc|ARM.ActiveCfg = Ad-Hoc|iPhone
		{B195EC85-10B6-4DCB-86ED-1CACC1F83BED}.Ad-Hoc|ARM.Build.0 = Ad-Hoc|iPhone
		{B195EC85-10B6-4DCB-86ED-1CACC1F83BED}.Ad-Hoc|ARM.Deploy.0 = Ad-Hoc|iPhone
		{B195EC85-10B6-4DCB-86ED-1CACC1F83BED}.Ad-Hoc|iPhone.ActiveCfg = Ad-Hoc|iPhone
		{B195EC85-10B6-4DCB-86ED-1CACC1F83BED}.Ad-Hoc|iPhone.Build.0 = Ad-Hoc|iPhone
		{B195EC85-10B6-4DCB-86ED-1CACC1F83BED}.Ad-Hoc|iPhone.Deploy.0 = Ad-Hoc|iPhone
		{B195EC85-10B6-4DCB-86ED-1CACC1F83BED}.Ad-Hoc|iPhoneSimulator.ActiveCfg = Ad-Hoc|iPhoneSimulator
		{B195EC85-10B6-4DCB-86ED-1CACC1F83BED}.Ad-Hoc|iPhoneSimulator.Build.0 = Ad-Hoc|iPhoneSimulator
		{B195EC85-10B6-4DCB-86ED-1CACC1F83BED}.Ad-Hoc|iPhoneSimulator.Deploy.0 = Ad-Hoc|iPhoneSimulator
		{B195EC85-10B6-4DCB-86ED-1CACC1F83BED}.Ad-Hoc|x64.ActiveCfg = Ad-Hoc|iPhone
		{B195EC85-10B6-4DCB-86ED-1CACC1F83BED}.Ad-Hoc|x64.Build.0 = Ad-Hoc|iPhone
		{B195EC85-10B6-4DCB-86ED-1CACC1F83BED}.Ad-Hoc|x64.Deploy.0 = Ad-Hoc|iPhone
		{B195EC85-10B6-4DCB-86ED-1CACC1F83BED}.Ad-Hoc|x86.ActiveCfg = Ad-Hoc|iPhone
		{B195EC85-10B6-4DCB-86ED-1CACC1F83BED}.Ad-Hoc|x86.Build.0 = Ad-Hoc|iPhone
		{B195EC85-10B6-4DCB-86ED-1CACC1F83BED}.Ad-Hoc|x86.Deploy.0 = Ad-Hoc|iPhone
		{B195EC85-10B6-4DCB-86ED-1CACC1F83BED}.AppStore|Any CPU.ActiveCfg = AppStore|iPhone
		{B195EC85-10B6-4DCB-86ED-1CACC1F83BED}.AppStore|Any CPU.Build.0 = AppStore|iPhone
		{B195EC85-10B6-4DCB-86ED-1CACC1F83BED}.AppStore|Any CPU.Deploy.0 = AppStore|iPhone
		{B195EC85-10B6-4DCB-86ED-1CACC1F83BED}.AppStore|ARM.ActiveCfg = AppStore|iPhone
		{B195EC85-10B6-4DCB-86ED-1CACC1F83BED}.AppStore|ARM.Build.0 = AppStore|iPhone
		{B195EC85-10B6-4DCB-86ED-1CACC1F83BED}.AppStore|ARM.Deploy.0 = AppStore|iPhone
		{B195EC85-10B6-4DCB-86ED-1CACC1F83BED}.AppStore|iPhone.ActiveCfg = AppStore|iPhone
		{B195EC85-10B6-4DCB-86ED-1CACC1F83BED}.AppStore|iPhone.Build.0 = AppStore|iPhone
		{B195EC85-10B6-4DCB-86ED-1CACC1F83BED}.AppStore|iPhone.Deploy.0 = AppStore|iPhone
		{B195EC85-10B6-4DCB-86ED-1CACC1F83BED}.AppStore|iPhoneSimulator.ActiveCfg = AppStore|iPhoneSimulator
		{B195EC85-10B6-4DCB-86ED-1CACC1F83BED}.AppStore|iPhoneSimulator.Build.0 = AppStore|iPhoneSimulator
		{B195EC85-10B6-4DCB-86ED-1CACC1F83BED}.AppStore|iPhoneSimulator.Deploy.0 = AppStore|iPhoneSimulator
		{B195EC85-10B6-4DCB-86ED-1CACC1F83BED}.AppStore|x64.ActiveCfg = AppStore|iPhone
		{B195EC85-10B6-4DCB-86ED-1CACC1F83BED}.AppStore|x64.Build.0 = AppStore|iPhone
		{B195EC85-10B6-4DCB-86ED-1CACC1F83BED}.AppStore|x64.Deploy.0 = AppStore|iPhone
		{B195EC85-10B6-4DCB-86ED-1CACC1F83BED}.AppStore|x86.ActiveCfg = AppStore|iPhone
		{B195EC85-10B6-4DCB-86ED-1CACC1F83BED}.AppStore|x86.Build.0 = AppStore|iPhone
		{B195EC85-10B6-4DCB-86ED-1CACC1F83BED}.AppStore|x86.Deploy.0 = AppStore|iPhone
		{B195EC85-10B6-4DCB-86ED-1CACC1F83BED}.Debug|Any CPU.ActiveCfg = Debug|iPhoneSimulator
		{B195EC85-10B6-4DCB-86ED-1CACC1F83BED}.Debug|Any CPU.Build.0 = Debug|iPhoneSimulator
		{B195EC85-10B6-4DCB-86ED-1CACC1F83BED}.Debug|Any CPU.Deploy.0 = Debug|iPhoneSimulator
		{B195EC85-10B6-4DCB-86ED-1CACC1F83BED}.Debug|ARM.ActiveCfg = Debug|iPhone
		{B195EC85-10B6-4DCB-86ED-1CACC1F83BED}.Debug|ARM.Build.0 = Debug|iPhone
		{B195EC85-10B6-4DCB-86ED-1CACC1F83BED}.Debug|ARM.Deploy.0 = Debug|iPhone
		{B195EC85-10B6-4DCB-86ED-1CACC1F83BED}.Debug|iPhone.ActiveCfg = Debug|iPhone
		{B195EC85-10B6-4DCB-86ED-1CACC1F83BED}.Debug|iPhone.Build.0 = Debug|iPhone
		{B195EC85-10B6-4DCB-86ED-1CACC1F83BED}.Debug|iPhone.Deploy.0 = Debug|iPhone
		{B195EC85-10B6-4DCB-86ED-1CACC1F83BED}.Debug|iPhoneSimulator.ActiveCfg = Debug|iPhoneSimulator
		{B195EC85-10B6-4DCB-86ED-1CACC1F83BED}.Debug|iPhoneSimulator.Build.0 = Debug|iPhoneSimulator
		{B195EC85-10B6-4DCB-86ED-1CACC1F83BED}.Debug|iPhoneSimulator.Deploy.0 = Debug|iPhoneSimulator
		{B195EC85-10B6-4DCB-86ED-1CACC1F83BED}.Debug|x64.ActiveCfg = Debug|iPhone
		{B195EC85-10B6-4DCB-86ED-1CACC1F83BED}.Debug|x64.Build.0 = Debug|iPhone
		{B195EC85-10B6-4DCB-86ED-1CACC1F83BED}.Debug|x64.Deploy.0 = Debug|iPhone
		{B195EC85-10B6-4DCB-86ED-1CACC1F83BED}.Debug|x86.ActiveCfg = Debug|iPhone
		{B195EC85-10B6-4DCB-86ED-1CACC1F83BED}.Debug|x86.Build.0 = Debug|iPhone
		{B195EC85-10B6-4DCB-86ED-1CACC1F83BED}.Debug|x86.Deploy.0 = Debug|iPhone
		{B195EC85-10B6-4DCB-86ED-1CACC1F83BED}.Release|Any CPU.ActiveCfg = Release|iPhone
		{B195EC85-10B6-4DCB-86ED-1CACC1F83BED}.Release|Any CPU.Build.0 = Release|iPhone
		{B195EC85-10B6-4DCB-86ED-1CACC1F83BED}.Release|Any CPU.Deploy.0 = Release|iPhone
		{B195EC85-10B6-4DCB-86ED-1CACC1F83BED}.Release|ARM.ActiveCfg = Release|iPhone
		{B195EC85-10B6-4DCB-86ED-1CACC1F83BED}.Release|ARM.Build.0 = Release|iPhone
		{B195EC85-10B6-4DCB-86ED-1CACC1F83BED}.Release|ARM.Deploy.0 = Release|iPhone
		{B195EC85-10B6-4DCB-86ED-1CACC1F83BED}.Release|iPhone.ActiveCfg = Release|iPhone
		{B195EC85-10B6-4DCB-86ED-1CACC1F83BED}.Release|iPhone.Build.0 = Release|iPhone
		{B195EC85-10B6-4DCB-86ED-1CACC1F83BED}.Release|iPhone.Deploy.0 = Release|iPhone
		{B195EC85-10B6-4DCB-86ED-1CACC1F83BED}.Release|iPhoneSimulator.ActiveCfg = Release|iPhoneSimulator
		{B195EC85-10B6-4DCB-86ED-1CACC1F83BED}.Release|iPhoneSimulator.Build.0 = Release|iPhoneSimulator
		{B195EC85-10B6-4DCB-86ED-1CACC1F83BED}.Release|iPhoneSimulator.Deploy.0 = Release|iPhoneSimulator
		{B195EC85-10B6-4DCB-86ED-1CACC1F83BED}.Release|x64.ActiveCfg = Release|iPhone
		{B195EC85-10B6-4DCB-86ED-1CACC1F83BED}.Release|x64.Build.0 = Release|iPhone
		{B195EC85-10B6-4DCB-86ED-1CACC1F83BED}.Release|x64.Deploy.0 = Release|iPhone
		{B195EC85-10B6-4DCB-86ED-1CACC1F83BED}.Release|x86.ActiveCfg = Release|iPhone
		{B195EC85-10B6-4DCB-86ED-1CACC1F83BED}.Release|x86.Build.0 = Release|iPhone
		{B195EC85-10B6-4DCB-86ED-1CACC1F83BED}.Release|x86.Deploy.0 = Release|iPhone
		{D1D38BA1-744F-44FF-84D5-D2CDD02C1978}.Ad-Hoc|Any CPU.ActiveCfg = Release|x86
		{D1D38BA1-744F-44FF-84D5-D2CDD02C1978}.Ad-Hoc|Any CPU.Build.0 = Release|x86
		{D1D38BA1-744F-44FF-84D5-D2CDD02C1978}.Ad-Hoc|Any CPU.Deploy.0 = Release|x86
		{D1D38BA1-744F-44FF-84D5-D2CDD02C1978}.Ad-Hoc|ARM.ActiveCfg = Release|ARM
		{D1D38BA1-744F-44FF-84D5-D2CDD02C1978}.Ad-Hoc|ARM.Build.0 = Release|ARM
		{D1D38BA1-744F-44FF-84D5-D2CDD02C1978}.Ad-Hoc|ARM.Deploy.0 = Release|ARM
		{D1D38BA1-744F-44FF-84D5-D2CDD02C1978}.Ad-Hoc|iPhone.ActiveCfg = Release|x86
		{D1D38BA1-744F-44FF-84D5-D2CDD02C1978}.Ad-Hoc|iPhone.Build.0 = Release|x86
		{D1D38BA1-744F-44FF-84D5-D2CDD02C1978}.Ad-Hoc|iPhone.Deploy.0 = Release|x86
		{D1D38BA1-744F-44FF-84D5-D2CDD02C1978}.Ad-Hoc|iPhoneSimulator.ActiveCfg = Release|x86
		{D1D38BA1-744F-44FF-84D5-D2CDD02C1978}.Ad-Hoc|iPhoneSimulator.Build.0 = Release|x86
		{D1D38BA1-744F-44FF-84D5-D2CDD02C1978}.Ad-Hoc|iPhoneSimulator.Deploy.0 = Release|x86
		{D1D38BA1-744F-44FF-84D5-D2CDD02C1978}.Ad-Hoc|x64.ActiveCfg = Release|x64
		{D1D38BA1-744F-44FF-84D5-D2CDD02C1978}.Ad-Hoc|x64.Build.0 = Release|x64
		{D1D38BA1-744F-44FF-84D5-D2CDD02C1978}.Ad-Hoc|x64.Deploy.0 = Release|x64
		{D1D38BA1-744F-44FF-84D5-D2CDD02C1978}.Ad-Hoc|x86.ActiveCfg = Release|x86
		{D1D38BA1-744F-44FF-84D5-D2CDD02C1978}.Ad-Hoc|x86.Build.0 = Release|x86
		{D1D38BA1-744F-44FF-84D5-D2CDD02C1978}.Ad-Hoc|x86.Deploy.0 = Release|x86
		{D1D38BA1-744F-44FF-84D5-D2CDD02C1978}.AppStore|Any CPU.ActiveCfg = Release|x86
		{D1D38BA1-744F-44FF-84D5-D2CDD02C1978}.AppStore|Any CPU.Build.0 = Release|x86
		{D1D38BA1-744F-44FF-84D5-D2CDD02C1978}.AppStore|Any CPU.Deploy.0 = Release|x86
		{D1D38BA1-744F-44FF-84D5-D2CDD02C1978}.AppStore|ARM.ActiveCfg = Release|ARM
		{D1D38BA1-744F-44FF-84D5-D2CDD02C1978}.AppStore|ARM.Build.0 = Release|ARM
		{D1D38BA1-744F-44FF-84D5-D2CDD02C1978}.AppStore|ARM.Deploy.0 = Release|ARM
		{D1D38BA1-744F-44FF-84D5-D2CDD02C1978}.AppStore|iPhone.ActiveCfg = Release|x86
		{D1D38BA1-744F-44FF-84D5-D2CDD02C1978}.AppStore|iPhone.Build.0 = Release|x86
		{D1D38BA1-744F-44FF-84D5-D2CDD02C1978}.AppStore|iPhone.Deploy.0 = Release|x86
		{D1D38BA1-744F-44FF-84D5-D2CDD02C1978}.AppStore|iPhoneSimulator.ActiveCfg = Release|x86
		{D1D38BA1-744F-44FF-84D5-D2CDD02C1978}.AppStore|iPhoneSimulator.Build.0 = Release|x86
		{D1D38BA1-744F-44FF-84D5-D2CDD02C1978}.AppStore|iPhoneSimulator.Deploy.0 = Release|x86
		{D1D38BA1-744F-44FF-84D5-D2CDD02C1978}.AppStore|x64.ActiveCfg = Release|x64
		{D1D38BA1-744F-44FF-84D5-D2CDD02C1978}.AppStore|x64.Build.0 = Release|x64
		{D1D38BA1-744F-44FF-84D5-D2CDD02C1978}.AppStore|x64.Deploy.0 = Release|x64
		{D1D38BA1-744F-44FF-84D5-D2CDD02C1978}.AppStore|x86.ActiveCfg = Release|x86
		{D1D38BA1-744F-44FF-84D5-D2CDD02C1978}.AppStore|x86.Build.0 = Release|x86
		{D1D38BA1-744F-44FF-84D5-D2CDD02C1978}.AppStore|x86.Deploy.0 = Release|x86
		{D1D38BA1-744F-44FF-84D5-D2CDD02C1978}.Debug|Any CPU.ActiveCfg = Debug|x86
		{D1D38BA1-744F-44FF-84D5-D2CDD02C1978}.Debug|Any CPU.Build.0 = Debug|x86
		{D1D38BA1-744F-44FF-84D5-D2CDD02C1978}.Debug|Any CPU.Deploy.0 = Debug|x86
		{D1D38BA1-744F-44FF-84D5-D2CDD02C1978}.Debug|ARM.ActiveCfg = Debug|ARM
		{D1D38BA1-744F-44FF-84D5-D2CDD02C1978}.Debug|ARM.Build.0 = Debug|ARM
		{D1D38BA1-744F-44FF-84D5-D2CDD02C1978}.Debug|ARM.Deploy.0 = Debug|ARM
		{D1D38BA1-744F-44FF-84D5-D2CDD02C1978}.Debug|iPhone.ActiveCfg = Debug|x86
		{D1D38BA1-744F-44FF-84D5-D2CDD02C1978}.Debug|iPhone.Build.0 = Debug|x86
		{D1D38BA1-744F-44FF-84D5-D2CDD02C1978}.Debug|iPhone.Deploy.0 = Debug|x86
		{D1D38BA1-744F-44FF-84D5-D2CDD02C1978}.Debug|iPhoneSimulator.ActiveCfg = Debug|x86
		{D1D38BA1-744F-44FF-84D5-D2CDD02C1978}.Debug|iPhoneSimulator.Build.0 = Debug|x86
		{D1D38BA1-744F-44FF-84D5-D2CDD02C1978}.Debug|iPhoneSimulator.Deploy.0 = Debug|x86
		{D1D38BA1-744F-44FF-84D5-D2CDD02C1978}.Debug|x64.ActiveCfg = Debug|x64
		{D1D38BA1-744F-44FF-84D5-D2CDD02C1978}.Debug|x64.Build.0 = Debug|x64
		{D1D38BA1-744F-44FF-84D5-D2CDD02C1978}.Debug|x64.Deploy.0 = Debug|x64
		{D1D38BA1-744F-44FF-84D5-D2CDD02C1978}.Debug|x86.ActiveCfg = Debug|x86
		{D1D38BA1-744F-44FF-84D5-D2CDD02C1978}.Debug|x86.Build.0 = Debug|x86
		{D1D38BA1-744F-44FF-84D5-D2CDD02C1978}.Debug|x86.Deploy.0 = Debug|x86
		{D1D38BA1-744F-44FF-84D5-D2CDD02C1978}.Release|Any CPU.ActiveCfg = Release|x86
		{D1D38BA1-744F-44FF-84D5-D2CDD02C1978}.Release|Any CPU.Build.0 = Release|x86
		{D1D38BA1-744F-44FF-84D5-D2CDD02C1978}.Release|Any CPU.Deploy.0 = Release|x86
		{D1D38BA1-744F-44FF-84D5-D2CDD02C1978}.Release|ARM.ActiveCfg = Release|ARM
		{D1D38BA1-744F-44FF-84D5-D2CDD02C1978}.Release|ARM.Build.0 = Release|ARM
		{D1D38BA1-744F-44FF-84D5-D2CDD02C1978}.Release|ARM.Deploy.0 = Release|ARM
		{D1D38BA1-744F-44FF-84D5-D2CDD02C1978}.Release|iPhone.ActiveCfg = Release|x86
		{D1D38BA1-744F-44FF-84D5-D2CDD02C1978}.Release|iPhone.Build.0 = Release|x86
		{D1D38BA1-744F-44FF-84D5-D2CDD02C1978}.Release|iPhone.Deploy.0 = Release|x86
		{D1D38BA1-744F-44FF-84D5-D2CDD02C1978}.Release|iPhoneSimulator.ActiveCfg = Release|x86
		{D1D38BA1-744F-44FF-84D5-D2CDD02C1978}.Release|iPhoneSimulator.Build.0 = Release|x86
		{D1D38BA1-744F-44FF-84D5-D2CDD02C1978}.Release|iPhoneSimulator.Deploy.0 = Release|x86
		{D1D38BA1-744F-44FF-84D5-D2CDD02C1978}.Release|x64.ActiveCfg = Release|x64
		{D1D38BA1-744F-44FF-84D5-D2CDD02C1978}.Release|x64.Build.0 = Release|x64
		{D1D38BA1-744F-44FF-84D5-D2CDD02C1978}.Release|x64.Deploy.0 = Release|x64
		{D1D38BA1-744F-44FF-84D5-D2CDD02C1978}.Release|x86.ActiveCfg = Release|x86
		{D1D38BA1-744F-44FF-84D5-D2CDD02C1978}.Release|x86.Build.0 = Release|x86
		{D1D38BA1-744F-44FF-84D5-D2CDD02C1978}.Release|x86.Deploy.0 = Release|x86
		{C08AA410-7883-40AC-80B7-39EC2F70CBE0}.Ad-Hoc|Any CPU.ActiveCfg = Debug|Any CPU
		{C08AA410-7883-40AC-80B7-39EC2F70CBE0}.Ad-Hoc|Any CPU.Build.0 = Debug|Any CPU
		{C08AA410-7883-40AC-80B7-39EC2F70CBE0}.Ad-Hoc|Any CPU.Deploy.0 = Debug|Any CPU
		{C08AA410-7883-40AC-80B7-39EC2F70CBE0}.Ad-Hoc|ARM.ActiveCfg = Debug|Any CPU
		{C08AA410-7883-40AC-80B7-39EC2F70CBE0}.Ad-Hoc|ARM.Build.0 = Debug|Any CPU
		{C08AA410-7883-40AC-80B7-39EC2F70CBE0}.Ad-Hoc|ARM.Deploy.0 = Debug|Any CPU
		{C08AA410-7883-40AC-80B7-39EC2F70CBE0}.Ad-Hoc|iPhone.ActiveCfg = Debug|Any CPU
		{C08AA410-7883-40AC-80B7-39EC2F70CBE0}.Ad-Hoc|iPhone.Build.0 = Debug|Any CPU
		{C08AA410-7883-40AC-80B7-39EC2F70CBE0}.Ad-Hoc|iPhone.Deploy.0 = Debug|Any CPU
		{C08AA410-7883-40AC-80B7-39EC2F70CBE0}.Ad-Hoc|iPhoneSimulator.ActiveCfg = Debug|Any CPU
		{C08AA410-7883-40AC-80B7-39EC2F70CBE0}.Ad-Hoc|iPhoneSimulator.Build.0 = Debug|Any CPU
		{C08AA410-7883-40AC-80B7-39EC2F70CBE0}.Ad-Hoc|iPhoneSimulator.Deploy.0 = Debug|Any CPU
		{C08AA410-7883-40AC-80B7-39EC2F70CBE0}.Ad-Hoc|x64.ActiveCfg = Debug|Any CPU
		{C08AA410-7883-40AC-80B7-39EC2F70CBE0}.Ad-Hoc|x64.Build.0 = Debug|Any CPU
		{C08AA410-7883-40AC-80B7-39EC2F70CBE0}.Ad-Hoc|x64.Deploy.0 = Debug|Any CPU
		{C08AA410-7883-40AC-80B7-39EC2F70CBE0}.Ad-Hoc|x86.ActiveCfg = Debug|Any CPU
		{C08AA410-7883-40AC-80B7-39EC2F70CBE0}.Ad-Hoc|x86.Build.0 = Debug|Any CPU
		{C08AA410-7883-40AC-80B7-39EC2F70CBE0}.Ad-Hoc|x86.Deploy.0 = Debug|Any CPU
		{C08AA410-7883-40AC-80B7-39EC2F70CBE0}.AppStore|Any CPU.ActiveCfg = Debug|Any CPU
		{C08AA410-7883-40AC-80B7-39EC2F70CBE0}.AppStore|Any CPU.Build.0 = Debug|Any CPU
		{C08AA410-7883-40AC-80B7-39EC2F70CBE0}.AppStore|Any CPU.Deploy.0 = Debug|Any CPU
		{C08AA410-7883-40AC-80B7-39EC2F70CBE0}.AppStore|ARM.ActiveCfg = Debug|Any CPU
		{C08AA410-7883-40AC-80B7-39EC2F70CBE0}.AppStore|ARM.Build.0 = Debug|Any CPU
		{C08AA410-7883-40AC-80B7-39EC2F70CBE0}.AppStore|ARM.Deploy.0 = Debug|Any CPU
		{C08AA410-7883-40AC-80B7-39EC2F70CBE0}.AppStore|iPhone.ActiveCfg = Debug|Any CPU
		{C08AA410-7883-40AC-80B7-39EC2F70CBE0}.AppStore|iPhone.Build.0 = Debug|Any CPU
		{C08AA410-7883-40AC-80B7-39EC2F70CBE0}.AppStore|iPhone.Deploy.0 = Debug|Any CPU
		{C08AA410-7883-40AC-80B7-39EC2F70CBE0}.AppStore|iPhoneSimulator.ActiveCfg = Debug|Any CPU
		{C08AA410-7883-40AC-80B7-39EC2F70CBE0}.AppStore|iPhoneSimulator.Build.0 = Debug|Any CPU
		{C08AA410-7883-40AC-80B7-39EC2F70CBE0}.AppStore|iPhoneSimulator.Deploy.0 = Debug|Any CPU
		{C08AA410-7883-40AC-80B7-39EC2F70CBE0}.AppStore|x64.ActiveCfg = Debug|Any CPU
		{C08AA410-7883-40AC-80B7-39EC2F70CBE0}.AppStore|x64.Build.0 = Debug|Any CPU
		{C08AA410-7883-40AC-80B7-39EC2F70CBE0}.AppStore|x64.Deploy.0 = Debug|Any CPU
		{C08AA410-7883-40AC-80B7-39EC2F70CBE0}.AppStore|x86.ActiveCfg = Debug|Any CPU
		{C08AA410-7883-40AC-80B7-39EC2F70CBE0}.AppStore|x86.Build.0 = Debug|Any CPU
		{C08AA410-7883-40AC-80B7-39EC2F70CBE0}.AppStore|x86.Deploy.0 = Debug|Any CPU
		{C08AA410-7883-40AC-80B7-39EC2F70CBE0}.Debug|Any CPU.ActiveCfg = Debug|Any CPU
		{C08AA410-7883-40AC-80B7-39EC2F70CBE0}.Debug|Any CPU.Build.0 = Debug|Any CPU
		{C08AA410-7883-40AC-80B7-39EC2F70CBE0}.Debug|Any CPU.Deploy.0 = Debug|Any CPU
		{C08AA410-7883-40AC-80B7-39EC2F70CBE0}.Debug|ARM.ActiveCfg = Debug|Any CPU
		{C08AA410-7883-40AC-80B7-39EC2F70CBE0}.Debug|ARM.Build.0 = Debug|Any CPU
		{C08AA410-7883-40AC-80B7-39EC2F70CBE0}.Debug|ARM.Deploy.0 = Debug|Any CPU
		{C08AA410-7883-40AC-80B7-39EC2F70CBE0}.Debug|iPhone.ActiveCfg = Debug|Any CPU
		{C08AA410-7883-40AC-80B7-39EC2F70CBE0}.Debug|iPhone.Build.0 = Debug|Any CPU
		{C08AA410-7883-40AC-80B7-39EC2F70CBE0}.Debug|iPhone.Deploy.0 = Debug|Any CPU
		{C08AA410-7883-40AC-80B7-39EC2F70CBE0}.Debug|iPhoneSimulator.ActiveCfg = Debug|Any CPU
		{C08AA410-7883-40AC-80B7-39EC2F70CBE0}.Debug|iPhoneSimulator.Build.0 = Debug|Any CPU
		{C08AA410-7883-40AC-80B7-39EC2F70CBE0}.Debug|iPhoneSimulator.Deploy.0 = Debug|Any CPU
		{C08AA410-7883-40AC-80B7-39EC2F70CBE0}.Debug|x64.ActiveCfg = Debug|Any CPU
		{C08AA410-7883-40AC-80B7-39EC2F70CBE0}.Debug|x64.Build.0 = Debug|Any CPU
		{C08AA410-7883-40AC-80B7-39EC2F70CBE0}.Debug|x64.Deploy.0 = Debug|Any CPU
		{C08AA410-7883-40AC-80B7-39EC2F70CBE0}.Debug|x86.ActiveCfg = Debug|Any CPU
		{C08AA410-7883-40AC-80B7-39EC2F70CBE0}.Debug|x86.Build.0 = Debug|Any CPU
		{C08AA410-7883-40AC-80B7-39EC2F70CBE0}.Debug|x86.Deploy.0 = Debug|Any CPU
		{C08AA410-7883-40AC-80B7-39EC2F70CBE0}.Release|Any CPU.ActiveCfg = Release|Any CPU
		{C08AA410-7883-40AC-80B7-39EC2F70CBE0}.Release|Any CPU.Build.0 = Release|Any CPU
		{C08AA410-7883-40AC-80B7-39EC2F70CBE0}.Release|Any CPU.Deploy.0 = Release|Any CPU
		{C08AA410-7883-40AC-80B7-39EC2F70CBE0}.Release|ARM.ActiveCfg = Release|Any CPU
		{C08AA410-7883-40AC-80B7-39EC2F70CBE0}.Release|ARM.Build.0 = Release|Any CPU
		{C08AA410-7883-40AC-80B7-39EC2F70CBE0}.Release|ARM.Deploy.0 = Release|Any CPU
		{C08AA410-7883-40AC-80B7-39EC2F70CBE0}.Release|iPhone.ActiveCfg = Release|Any CPU
		{C08AA410-7883-40AC-80B7-39EC2F70CBE0}.Release|iPhone.Build.0 = Release|Any CPU
		{C08AA410-7883-40AC-80B7-39EC2F70CBE0}.Release|iPhone.Deploy.0 = Release|Any CPU
		{C08AA410-7883-40AC-80B7-39EC2F70CBE0}.Release|iPhoneSimulator.ActiveCfg = Release|Any CPU
		{C08AA410-7883-40AC-80B7-39EC2F70CBE0}.Release|iPhoneSimulator.Build.0 = Release|Any CPU
		{C08AA410-7883-40AC-80B7-39EC2F70CBE0}.Release|iPhoneSimulator.Deploy.0 = Release|Any CPU
		{C08AA410-7883-40AC-80B7-39EC2F70CBE0}.Release|x64.ActiveCfg = Release|Any CPU
		{C08AA410-7883-40AC-80B7-39EC2F70CBE0}.Release|x64.Build.0 = Release|Any CPU
		{C08AA410-7883-40AC-80B7-39EC2F70CBE0}.Release|x64.Deploy.0 = Release|Any CPU
		{C08AA410-7883-40AC-80B7-39EC2F70CBE0}.Release|x86.ActiveCfg = Release|Any CPU
		{C08AA410-7883-40AC-80B7-39EC2F70CBE0}.Release|x86.Build.0 = Release|Any CPU
		{C08AA410-7883-40AC-80B7-39EC2F70CBE0}.Release|x86.Deploy.0 = Release|Any CPU
	EndGlobalSection
	GlobalSection(SolutionProperties) = preSolution
		HideSolutionNode = FALSE
	EndGlobalSection
	GlobalSection(ExtensibilityGlobals) = postSolution
		SolutionGuid = {0471F46B-DFF4-4BBA-94EF-376C52BBE806}
	EndGlobalSection
EndGlobal
