
Microsoft Visual Studio Solution File, Format Version 12.00
# Visual Studio 15
VisualStudioVersion = 15.0.28010.2026
MinimumVisualStudioVersion = 10.0.40219.1
Project("{FAE04EC0-301F-11D3-BF4B-00C04F79EFBC}") = "App01_ConsultarCEP.Android", "App01_ConsultarCEP\App01_ConsultarCEP.Android\App01_ConsultarCEP.Android.csproj", "{5E75DDB5-D751-4B04-96DA-D81579BE6F56}"
EndProject
Project("{FAE04EC0-301F-11D3-BF4B-00C04F79EFBC}") = "App01_ConsultarCEP.iOS", "App01_ConsultarCEP\App01_ConsultarCEP.iOS\App01_ConsultarCEP.iOS.csproj", "{7CE758ED-D765-4CCC-BCED-75D6FD331693}"
EndProject
Project("{FAE04EC0-301F-11D3-BF4B-00C04F79EFBC}") = "App01_ConsultarCEP.UWP", "App01_ConsultarCEP\App01_ConsultarCEP.UWP\App01_ConsultarCEP.UWP.csproj", "{0870E295-ECF2-4053-B469-741E111E9164}"
EndProject
Project("{FAE04EC0-301F-11D3-BF4B-00C04F79EFBC}") = "App01_ConsultarCEP", "App01_ConsultarCEP\App01_ConsultarCEP\App01_ConsultarCEP.csproj", "{9324F353-EFF7-47D5-84FD-DC64F9BD440A}"
EndProject
Global
	GlobalSection(SolutionConfigurationPlatforms) = preSolution
		Ad-Hoc|Any CPU = Ad-Hoc|Any CPU
		Ad-Hoc|ARM = Ad-Hoc|ARM
		Ad-Hoc|iPhone = Ad-Hoc|iPhone
		Ad-Hoc|iPhoneSimulator = Ad-Hoc|iPhoneSimulator
		Ad-Hoc|x64 = Ad-Hoc|x64
		Ad-Hoc|x86 = Ad-Hoc|x86
		AppStore|Any CPU = AppStore|Any CPU
		AppStore|ARM = AppStore|ARM
		AppStore|iPhone = AppStore|iPhone
		AppStore|iPhoneSimulator = AppStore|iPhoneSimulator
		AppStore|x64 = AppStore|x64
		AppStore|x86 = AppStore|x86
		Debug|Any CPU = Debug|Any CPU
		Debug|ARM = Debug|ARM
		Debug|iPhone = Debug|iPhone
		Debug|iPhoneSimulator = Debug|iPhoneSimulator
		Debug|x64 = Debug|x64
		Debug|x86 = Debug|x86
		Release|Any CPU = Release|Any CPU
		Release|ARM = Release|ARM
		Release|iPhone = Release|iPhone
		Release|iPhoneSimulator = Release|iPhoneSimulator
		Release|x64 = Release|x64
		Release|x86 = Release|x86
	EndGlobalSection
	GlobalSection(ProjectConfigurationPlatforms) = postSolution
		{5E75DDB5-D751-4B04-96DA-D81579BE6F56}.Ad-Hoc|Any CPU.ActiveCfg = Release|Any CPU
		{5E75DDB5-D751-4B04-96DA-D81579BE6F56}.Ad-Hoc|Any CPU.Build.0 = Release|Any CPU
		{5E75DDB5-D751-4B04-96DA-D81579BE6F56}.Ad-Hoc|Any CPU.Deploy.0 = Release|Any CPU
		{5E75DDB5-D751-4B04-96DA-D81579BE6F56}.Ad-Hoc|ARM.ActiveCfg = Release|Any CPU
		{5E75DDB5-D751-4B04-96DA-D81579BE6F56}.Ad-Hoc|ARM.Build.0 = Release|Any CPU
		{5E75DDB5-D751-4B04-96DA-D81579BE6F56}.Ad-Hoc|ARM.Deploy.0 = Release|Any CPU
		{5E75DDB5-D751-4B04-96DA-D81579BE6F56}.Ad-Hoc|iPhone.ActiveCfg = Release|Any CPU
		{5E75DDB5-D751-4B04-96DA-D81579BE6F56}.Ad-Hoc|iPhone.Build.0 = Release|Any CPU
		{5E75DDB5-D751-4B04-96DA-D81579BE6F56}.Ad-Hoc|iPhone.Deploy.0 = Release|Any CPU
		{5E75DDB5-D751-4B04-96DA-D81579BE6F56}.Ad-Hoc|iPhoneSimulator.ActiveCfg = Release|Any CPU
		{5E75DDB5-D751-4B04-96DA-D81579BE6F56}.Ad-Hoc|iPhoneSimulator.Build.0 = Release|Any CPU
		{5E75DDB5-D751-4B04-96DA-D81579BE6F56}.Ad-Hoc|iPhoneSimulator.Deploy.0 = Release|Any CPU
		{5E75DDB5-D751-4B04-96DA-D81579BE6F56}.Ad-Hoc|x64.ActiveCfg = Release|Any CPU
		{5E75DDB5-D751-4B04-96DA-D81579BE6F56}.Ad-Hoc|x64.Build.0 = Release|Any CPU
		{5E75DDB5-D751-4B04-96DA-D81579BE6F56}.Ad-Hoc|x64.Deploy.0 = Release|Any CPU
		{5E75DDB5-D751-4B04-96DA-D81579BE6F56}.Ad-Hoc|x86.ActiveCfg = Release|Any CPU
		{5E75DDB5-D751-4B04-96DA-D81579BE6F56}.Ad-Hoc|x86.Build.0 = Release|Any CPU
		{5E75DDB5-D751-4B04-96DA-D81579BE6F56}.Ad-Hoc|x86.Deploy.0 = Release|Any CPU
		{5E75DDB5-D751-4B04-96DA-D81579BE6F56}.AppStore|Any CPU.ActiveCfg = Release|Any CPU
		{5E75DDB5-D751-4B04-96DA-D81579BE6F56}.AppStore|Any CPU.Build.0 = Release|Any CPU
		{5E75DDB5-D751-4B04-96DA-D81579BE6F56}.AppStore|Any CPU.Deploy.0 = Release|Any CPU
		{5E75DDB5-D751-4B04-96DA-D81579BE6F56}.AppStore|ARM.ActiveCfg = Release|Any CPU
		{5E75DDB5-D751-4B04-96DA-D81579BE6F56}.AppStore|ARM.Build.0 = Release|Any CPU
		{5E75DDB5-D751-4B04-96DA-D81579BE6F56}.AppStore|ARM.Deploy.0 = Release|Any CPU
		{5E75DDB5-D751-4B04-96DA-D81579BE6F56}.AppStore|iPhone.ActiveCfg = Release|Any CPU
		{5E75DDB5-D751-4B04-96DA-D81579BE6F56}.AppStore|iPhone.Build.0 = Release|Any CPU
		{5E75DDB5-D751-4B04-96DA-D81579BE6F56}.AppStore|iPhone.Deploy.0 = Release|Any CPU
		{5E75DDB5-D751-4B04-96DA-D81579BE6F56}.AppStore|iPhoneSimulator.ActiveCfg = Release|Any CPU
		{5E75DDB5-D751-4B04-96DA-D81579BE6F56}.AppStore|iPhoneSimulator.Build.0 = Release|Any CPU
		{5E75DDB5-D751-4B04-96DA-D81579BE6F56}.AppStore|iPhoneSimulator.Deploy.0 = Release|Any CPU
		{5E75DDB5-D751-4B04-96DA-D81579BE6F56}.AppStore|x64.ActiveCfg = Release|Any CPU
		{5E75DDB5-D751-4B04-96DA-D81579BE6F56}.AppStore|x64.Build.0 = Release|Any CPU
		{5E75DDB5-D751-4B04-96DA-D81579BE6F56}.AppStore|x64.Deploy.0 = Release|Any CPU
		{5E75DDB5-D751-4B04-96DA-D81579BE6F56}.AppStore|x86.ActiveCfg = Release|Any CPU
		{5E75DDB5-D751-4B04-96DA-D81579BE6F56}.AppStore|x86.Build.0 = Release|Any CPU
		{5E75DDB5-D751-4B04-96DA-D81579BE6F56}.AppStore|x86.Deploy.0 = Release|Any CPU
		{5E75DDB5-D751-4B04-96DA-D81579BE6F56}.Debug|Any CPU.ActiveCfg = Debug|Any CPU
		{5E75DDB5-D751-4B04-96DA-D81579BE6F56}.Debug|Any CPU.Build.0 = Debug|Any CPU
		{5E75DDB5-D751-4B04-96DA-D81579BE6F56}.Debug|Any CPU.Deploy.0 = Debug|Any CPU
		{5E75DDB5-D751-4B04-96DA-D81579BE6F56}.Debug|ARM.ActiveCfg = Debug|Any CPU
		{5E75DDB5-D751-4B04-96DA-D81579BE6F56}.Debug|ARM.Build.0 = Debug|Any CPU
		{5E75DDB5-D751-4B04-96DA-D81579BE6F56}.Debug|ARM.Deploy.0 = Debug|Any CPU
		{5E75DDB5-D751-4B04-96DA-D81579BE6F56}.Debug|iPhone.ActiveCfg = Debug|Any CPU
		{5E75DDB5-D751-4B04-96DA-D81579BE6F56}.Debug|iPhone.Build.0 = Debug|Any CPU
		{5E75DDB5-D751-4B04-96DA-D81579BE6F56}.Debug|iPhone.Deploy.0 = Debug|Any CPU
		{5E75DDB5-D751-4B04-96DA-D81579BE6F56}.Debug|iPhoneSimulator.ActiveCfg = Debug|Any CPU
		{5E75DDB5-D751-4B04-96DA-D81579BE6F56}.Debug|iPhoneSimulator.Build.0 = Debug|Any CPU
		{5E75DDB5-D751-4B04-96DA-D81579BE6F56}.Debug|iPhoneSimulator.Deploy.0 = Debug|Any CPU
		{5E75DDB5-D751-4B04-96DA-D81579BE6F56}.Debug|x64.ActiveCfg = Debug|Any CPU
		{5E75DDB5-D751-4B04-96DA-D81579BE6F56}.Debug|x64.Build.0 = Debug|Any CPU
		{5E75DDB5-D751-4B04-96DA-D81579BE6F56}.Debug|x64.Deploy.0 = Debug|Any CPU
		{5E75DDB5-D751-4B04-96DA-D81579BE6F56}.Debug|x86.ActiveCfg = Debug|Any CPU
		{5E75DDB5-D751-4B04-96DA-D81579BE6F56}.Debug|x86.Build.0 = Debug|Any CPU
		{5E75DDB5-D751-4B04-96DA-D81579BE6F56}.Debug|x86.Deploy.0 = Debug|Any CPU
		{5E75DDB5-D751-4B04-96DA-D81579BE6F56}.Release|Any CPU.ActiveCfg = Release|Any CPU
		{5E75DDB5-D751-4B04-96DA-D81579BE6F56}.Release|Any CPU.Build.0 = Release|Any CPU
		{5E75DDB5-D751-4B04-96DA-D81579BE6F56}.Release|Any CPU.Deploy.0 = Release|Any CPU
		{5E75DDB5-D751-4B04-96DA-D81579BE6F56}.Release|ARM.ActiveCfg = Release|Any CPU
		{5E75DDB5-D751-4B04-96DA-D81579BE6F56}.Release|ARM.Build.0 = Release|Any CPU
		{5E75DDB5-D751-4B04-96DA-D81579BE6F56}.Release|ARM.Deploy.0 = Release|Any CPU
		{5E75DDB5-D751-4B04-96DA-D81579BE6F56}.Release|iPhone.ActiveCfg = Release|Any CPU
		{5E75DDB5-D751-4B04-96DA-D81579BE6F56}.Release|iPhone.Build.0 = Release|Any CPU
		{5E75DDB5-D751-4B04-96DA-D81579BE6F56}.Release|iPhone.Deploy.0 = Release|Any CPU
		{5E75DDB5-D751-4B04-96DA-D81579BE6F56}.Release|iPhoneSimulator.ActiveCfg = Release|Any CPU
		{5E75DDB5-D751-4B04-96DA-D81579BE6F56}.Release|iPhoneSimulator.Build.0 = Release|Any CPU
		{5E75DDB5-D751-4B04-96DA-D81579BE6F56}.Release|iPhoneSimulator.Deploy.0 = Release|Any CPU
		{5E75DDB5-D751-4B04-96DA-D81579BE6F56}.Release|x64.ActiveCfg = Release|Any CPU
		{5E75DDB5-D751-4B04-96DA-D81579BE6F56}.Release|x64.Build.0 = Release|Any CPU
		{5E75DDB5-D751-4B04-96DA-D81579BE6F56}.Release|x64.Deploy.0 = Release|Any CPU
		{5E75DDB5-D751-4B04-96DA-D81579BE6F56}.Release|x86.ActiveCfg = Release|Any CPU
		{5E75DDB5-D751-4B04-96DA-D81579BE6F56}.Release|x86.Build.0 = Release|Any CPU
		{5E75DDB5-D751-4B04-96DA-D81579BE6F56}.Release|x86.Deploy.0 = Release|Any CPU
		{7CE758ED-D765-4CCC-BCED-75D6FD331693}.Ad-Hoc|Any CPU.ActiveCfg = Ad-Hoc|iPhone
		{7CE758ED-D765-4CCC-BCED-75D6FD331693}.Ad-Hoc|Any CPU.Build.0 = Ad-Hoc|iPhone
		{7CE758ED-D765-4CCC-BCED-75D6FD331693}.Ad-Hoc|Any CPU.Deploy.0 = Ad-Hoc|iPhone
		{7CE758ED-D765-4CCC-BCED-75D6FD331693}.Ad-Hoc|ARM.ActiveCfg = Ad-Hoc|iPhone
		{7CE758ED-D765-4CCC-BCED-75D6FD331693}.Ad-Hoc|ARM.Build.0 = Ad-Hoc|iPhone
		{7CE758ED-D765-4CCC-BCED-75D6FD331693}.Ad-Hoc|ARM.Deploy.0 = Ad-Hoc|iPhone
		{7CE758ED-D765-4CCC-BCED-75D6FD331693}.Ad-Hoc|iPhone.ActiveCfg = Ad-Hoc|iPhone
		{7CE758ED-D765-4CCC-BCED-75D6FD331693}.Ad-Hoc|iPhone.Build.0 = Ad-Hoc|iPhone
		{7CE758ED-D765-4CCC-BCED-75D6FD331693}.Ad-Hoc|iPhone.Deploy.0 = Ad-Hoc|iPhone
		{7CE758ED-D765-4CCC-BCED-75D6FD331693}.Ad-Hoc|iPhoneSimulator.ActiveCfg = Ad-Hoc|iPhoneSimulator
		{7CE758ED-D765-4CCC-BCED-75D6FD331693}.Ad-Hoc|iPhoneSimulator.Build.0 = Ad-Hoc|iPhoneSimulator
		{7CE758ED-D765-4CCC-BCED-75D6FD331693}.Ad-Hoc|iPhoneSimulator.Deploy.0 = Ad-Hoc|iPhoneSimulator
		{7CE758ED-D765-4CCC-BCED-75D6FD331693}.Ad-Hoc|x64.ActiveCfg = Ad-Hoc|iPhone
		{7CE758ED-D765-4CCC-BCED-75D6FD331693}.Ad-Hoc|x64.Build.0 = Ad-Hoc|iPhone
		{7CE758ED-D765-4CCC-BCED-75D6FD331693}.Ad-Hoc|x64.Deploy.0 = Ad-Hoc|iPhone
		{7CE758ED-D765-4CCC-BCED-75D6FD331693}.Ad-Hoc|x86.ActiveCfg = Ad-Hoc|iPhone
		{7CE758ED-D765-4CCC-BCED-75D6FD331693}.Ad-Hoc|x86.Build.0 = Ad-Hoc|iPhone
		{7CE758ED-D765-4CCC-BCED-75D6FD331693}.Ad-Hoc|x86.Deploy.0 = Ad-Hoc|iPhone
		{7CE758ED-D765-4CCC-BCED-75D6FD331693}.AppStore|Any CPU.ActiveCfg = AppStore|iPhone
		{7CE758ED-D765-4CCC-BCED-75D6FD331693}.AppStore|Any CPU.Build.0 = AppStore|iPhone
		{7CE758ED-D765-4CCC-BCED-75D6FD331693}.AppStore|Any CPU.Deploy.0 = AppStore|iPhone
		{7CE758ED-D765-4CCC-BCED-75D6FD331693}.AppStore|ARM.ActiveCfg = AppStore|iPhone
		{7CE758ED-D765-4CCC-BCED-75D6FD331693}.AppStore|ARM.Build.0 = AppStore|iPhone
		{7CE758ED-D765-4CCC-BCED-75D6FD331693}.AppStore|ARM.Deploy.0 = AppStore|iPhone
		{7CE758ED-D765-4CCC-BCED-75D6FD331693}.AppStore|iPhone.ActiveCfg = AppStore|iPhone
		{7CE758ED-D765-4CCC-BCED-75D6FD331693}.AppStore|iPhone.Build.0 = AppStore|iPhone
		{7CE758ED-D765-4CCC-BCED-75D6FD331693}.AppStore|iPhone.Deploy.0 = AppStore|iPhone
		{7CE758ED-D765-4CCC-BCED-75D6FD331693}.AppStore|iPhoneSimulator.ActiveCfg = AppStore|iPhoneSimulator
		{7CE758ED-D765-4CCC-BCED-75D6FD331693}.AppStore|iPhoneSimulator.Build.0 = AppStore|iPhoneSimulator
		{7CE758ED-D765-4CCC-BCED-75D6FD331693}.AppStore|iPhoneSimulator.Deploy.0 = AppStore|iPhoneSimulator
		{7CE758ED-D765-4CCC-BCED-75D6FD331693}.AppStore|x64.ActiveCfg = AppStore|iPhone
		{7CE758ED-D765-4CCC-BCED-75D6FD331693}.AppStore|x64.Build.0 = AppStore|iPhone
		{7CE758ED-D765-4CCC-BCED-75D6FD331693}.AppStore|x64.Deploy.0 = AppStore|iPhone
		{7CE758ED-D765-4CCC-BCED-75D6FD331693}.AppStore|x86.ActiveCfg = AppStore|iPhone
		{7CE758ED-D765-4CCC-BCED-75D6FD331693}.AppStore|x86.Build.0 = AppStore|iPhone
		{7CE758ED-D765-4CCC-BCED-75D6FD331693}.AppStore|x86.Deploy.0 = AppStore|iPhone
		{7CE758ED-D765-4CCC-BCED-75D6FD331693}.Debug|Any CPU.ActiveCfg = Debug|iPhoneSimulator
		{7CE758ED-D765-4CCC-BCED-75D6FD331693}.Debug|Any CPU.Build.0 = Debug|iPhoneSimulator
		{7CE758ED-D765-4CCC-BCED-75D6FD331693}.Debug|Any CPU.Deploy.0 = Debug|iPhoneSimulator
		{7CE758ED-D765-4CCC-BCED-75D6FD331693}.Debug|ARM.ActiveCfg = Debug|iPhone
		{7CE758ED-D765-4CCC-BCED-75D6FD331693}.Debug|ARM.Build.0 = Debug|iPhone
		{7CE758ED-D765-4CCC-BCED-75D6FD331693}.Debug|ARM.Deploy.0 = Debug|iPhone
		{7CE758ED-D765-4CCC-BCED-75D6FD331693}.Debug|iPhone.ActiveCfg = Debug|iPhone
		{7CE758ED-D765-4CCC-BCED-75D6FD331693}.Debug|iPhone.Build.0 = Debug|iPhone
		{7CE758ED-D765-4CCC-BCED-75D6FD331693}.Debug|iPhone.Deploy.0 = Debug|iPhone
		{7CE758ED-D765-4CCC-BCED-75D6FD331693}.Debug|iPhoneSimulator.ActiveCfg = Debug|iPhoneSimulator
		{7CE758ED-D765-4CCC-BCED-75D6FD331693}.Debug|iPhoneSimulator.Build.0 = Debug|iPhoneSimulator
		{7CE758ED-D765-4CCC-BCED-75D6FD331693}.Debug|iPhoneSimulator.Deploy.0 = Debug|iPhoneSimulator
		{7CE758ED-D765-4CCC-BCED-75D6FD331693}.Debug|x64.ActiveCfg = Debug|iPhone
		{7CE758ED-D765-4CCC-BCED-75D6FD331693}.Debug|x64.Build.0 = Debug|iPhone
		{7CE758ED-D765-4CCC-BCED-75D6FD331693}.Debug|x64.Deploy.0 = Debug|iPhone
		{7CE758ED-D765-4CCC-BCED-75D6FD331693}.Debug|x86.ActiveCfg = Debug|iPhone
		{7CE758ED-D765-4CCC-BCED-75D6FD331693}.Debug|x86.Build.0 = Debug|iPhone
		{7CE758ED-D765-4CCC-BCED-75D6FD331693}.Debug|x86.Deploy.0 = Debug|iPhone
		{7CE758ED-D765-4CCC-BCED-75D6FD331693}.Release|Any CPU.ActiveCfg = Release|iPhone
		{7CE758ED-D765-4CCC-BCED-75D6FD331693}.Release|Any CPU.Build.0 = Release|iPhone
		{7CE758ED-D765-4CCC-BCED-75D6FD331693}.Release|Any CPU.Deploy.0 = Release|iPhone
		{7CE758ED-D765-4CCC-BCED-75D6FD331693}.Release|ARM.ActiveCfg = Release|iPhone
		{7CE758ED-D765-4CCC-BCED-75D6FD331693}.Release|ARM.Build.0 = Release|iPhone
		{7CE758ED-D765-4CCC-BCED-75D6FD331693}.Release|ARM.Deploy.0 = Release|iPhone
		{7CE758ED-D765-4CCC-BCED-75D6FD331693}.Release|iPhone.ActiveCfg = Release|iPhone
		{7CE758ED-D765-4CCC-BCED-75D6FD331693}.Release|iPhone.Build.0 = Release|iPhone
		{7CE758ED-D765-4CCC-BCED-75D6FD331693}.Release|iPhone.Deploy.0 = Release|iPhone
		{7CE758ED-D765-4CCC-BCED-75D6FD331693}.Release|iPhoneSimulator.ActiveCfg = Release|iPhoneSimulator
		{7CE758ED-D765-4CCC-BCED-75D6FD331693}.Release|iPhoneSimulator.Build.0 = Release|iPhoneSimulator
		{7CE758ED-D765-4CCC-BCED-75D6FD331693}.Release|iPhoneSimulator.Deploy.0 = Release|iPhoneSimulator
		{7CE758ED-D765-4CCC-BCED-75D6FD331693}.Release|x64.ActiveCfg = Release|iPhone
		{7CE758ED-D765-4CCC-BCED-75D6FD331693}.Release|x64.Build.0 = Release|iPhone
		{7CE758ED-D765-4CCC-BCED-75D6FD331693}.Release|x64.Deploy.0 = Release|iPhone
		{7CE758ED-D765-4CCC-BCED-75D6FD331693}.Release|x86.ActiveCfg = Release|iPhone
		{7CE758ED-D765-4CCC-BCED-75D6FD331693}.Release|x86.Build.0 = Release|iPhone
		{7CE758ED-D765-4CCC-BCED-75D6FD331693}.Release|x86.Deploy.0 = Release|iPhone
		{0870E295-ECF2-4053-B469-741E111E9164}.Ad-Hoc|Any CPU.ActiveCfg = Release|x86
		{0870E295-ECF2-4053-B469-741E111E9164}.Ad-Hoc|Any CPU.Build.0 = Release|x86
		{0870E295-ECF2-4053-B469-741E111E9164}.Ad-Hoc|Any CPU.Deploy.0 = Release|x86
		{0870E295-ECF2-4053-B469-741E111E9164}.Ad-Hoc|ARM.ActiveCfg = Release|ARM
		{0870E295-ECF2-4053-B469-741E111E9164}.Ad-Hoc|ARM.Build.0 = Release|ARM
		{0870E295-ECF2-4053-B469-741E111E9164}.Ad-Hoc|ARM.Deploy.0 = Release|ARM
		{0870E295-ECF2-4053-B469-741E111E9164}.Ad-Hoc|iPhone.ActiveCfg = Release|x86
		{0870E295-ECF2-4053-B469-741E111E9164}.Ad-Hoc|iPhone.Build.0 = Release|x86
		{0870E295-ECF2-4053-B469-741E111E9164}.Ad-Hoc|iPhone.Deploy.0 = Release|x86
		{0870E295-ECF2-4053-B469-741E111E9164}.Ad-Hoc|iPhoneSimulator.ActiveCfg = Release|x86
		{0870E295-ECF2-4053-B469-741E111E9164}.Ad-Hoc|iPhoneSimulator.Build.0 = Release|x86
		{0870E295-ECF2-4053-B469-741E111E9164}.Ad-Hoc|iPhoneSimulator.Deploy.0 = Release|x86
		{0870E295-ECF2-4053-B469-741E111E9164}.Ad-Hoc|x64.ActiveCfg = Release|x64
		{0870E295-ECF2-4053-B469-741E111E9164}.Ad-Hoc|x64.Build.0 = Release|x64
		{0870E295-ECF2-4053-B469-741E111E9164}.Ad-Hoc|x64.Deploy.0 = Release|x64
		{0870E295-ECF2-4053-B469-741E111E9164}.Ad-Hoc|x86.ActiveCfg = Release|x86
		{0870E295-ECF2-4053-B469-741E111E9164}.Ad-Hoc|x86.Build.0 = Release|x86
		{0870E295-ECF2-4053-B469-741E111E9164}.Ad-Hoc|x86.Deploy.0 = Release|x86
		{0870E295-ECF2-4053-B469-741E111E9164}.AppStore|Any CPU.ActiveCfg = Release|x86
		{0870E295-ECF2-4053-B469-741E111E9164}.AppStore|Any CPU.Build.0 = Release|x86
		{0870E295-ECF2-4053-B469-741E111E9164}.AppStore|Any CPU.Deploy.0 = Release|x86
		{0870E295-ECF2-4053-B469-741E111E9164}.AppStore|ARM.ActiveCfg = Release|ARM
		{0870E295-ECF2-4053-B469-741E111E9164}.AppStore|ARM.Build.0 = Release|ARM
		{0870E295-ECF2-4053-B469-741E111E9164}.AppStore|ARM.Deploy.0 = Release|ARM
		{0870E295-ECF2-4053-B469-741E111E9164}.AppStore|iPhone.ActiveCfg = Release|x86
		{0870E295-ECF2-4053-B469-741E111E9164}.AppStore|iPhone.Build.0 = Release|x86
		{0870E295-ECF2-4053-B469-741E111E9164}.AppStore|iPhone.Deploy.0 = Release|x86
		{0870E295-ECF2-4053-B469-741E111E9164}.AppStore|iPhoneSimulator.ActiveCfg = Release|x86
		{0870E295-ECF2-4053-B469-741E111E9164}.AppStore|iPhoneSimulator.Build.0 = Release|x86
		{0870E295-ECF2-4053-B469-741E111E9164}.AppStore|iPhoneSimulator.Deploy.0 = Release|x86
		{0870E295-ECF2-4053-B469-741E111E9164}.AppStore|x64.ActiveCfg = Release|x64
		{0870E295-ECF2-4053-B469-741E111E9164}.AppStore|x64.Build.0 = Release|x64
		{0870E295-ECF2-4053-B469-741E111E9164}.AppStore|x64.Deploy.0 = Release|x64
		{0870E295-ECF2-4053-B469-741E111E9164}.AppStore|x86.ActiveCfg = Release|x86
		{0870E295-ECF2-4053-B469-741E111E9164}.AppStore|x86.Build.0 = Release|x86
		{0870E295-ECF2-4053-B469-741E111E9164}.AppStore|x86.Deploy.0 = Release|x86
		{0870E295-ECF2-4053-B469-741E111E9164}.Debug|Any CPU.ActiveCfg = Debug|x86
		{0870E295-ECF2-4053-B469-741E111E9164}.Debug|Any CPU.Build.0 = Debug|x86
		{0870E295-ECF2-4053-B469-741E111E9164}.Debug|Any CPU.Deploy.0 = Debug|x86
		{0870E295-ECF2-4053-B469-741E111E9164}.Debug|ARM.ActiveCfg = Debug|ARM
		{0870E295-ECF2-4053-B469-741E111E9164}.Debug|ARM.Build.0 = Debug|ARM
		{0870E295-ECF2-4053-B469-741E111E9164}.Debug|ARM.Deploy.0 = Debug|ARM
		{0870E295-ECF2-4053-B469-741E111E9164}.Debug|iPhone.ActiveCfg = Debug|x86
		{0870E295-ECF2-4053-B469-741E111E9164}.Debug|iPhone.Build.0 = Debug|x86
		{0870E295-ECF2-4053-B469-741E111E9164}.Debug|iPhone.Deploy.0 = Debug|x86
		{0870E295-ECF2-4053-B469-741E111E9164}.Debug|iPhoneSimulator.ActiveCfg = Debug|x86
		{0870E295-ECF2-4053-B469-741E111E9164}.Debug|iPhoneSimulator.Build.0 = Debug|x86
		{0870E295-ECF2-4053-B469-741E111E9164}.Debug|iPhoneSimulator.Deploy.0 = Debug|x86
		{0870E295-ECF2-4053-B469-741E111E9164}.Debug|x64.ActiveCfg = Debug|x64
		{0870E295-ECF2-4053-B469-741E111E9164}.Debug|x64.Build.0 = Debug|x64
		{0870E295-ECF2-4053-B469-741E111E9164}.Debug|x64.Deploy.0 = Debug|x64
		{0870E295-ECF2-4053-B469-741E111E9164}.Debug|x86.ActiveCfg = Debug|x86
		{0870E295-ECF2-4053-B469-741E111E9164}.Debug|x86.Build.0 = Debug|x86
		{0870E295-ECF2-4053-B469-741E111E9164}.Debug|x86.Deploy.0 = Debug|x86
		{0870E295-ECF2-4053-B469-741E111E9164}.Release|Any CPU.ActiveCfg = Release|x86
		{0870E295-ECF2-4053-B469-741E111E9164}.Release|Any CPU.Build.0 = Release|x86
		{0870E295-ECF2-4053-B469-741E111E9164}.Release|Any CPU.Deploy.0 = Release|x86
		{0870E295-ECF2-4053-B469-741E111E9164}.Release|ARM.ActiveCfg = Release|ARM
		{0870E295-ECF2-4053-B469-741E111E9164}.Release|ARM.Build.0 = Release|ARM
		{0870E295-ECF2-4053-B469-741E111E9164}.Release|ARM.Deploy.0 = Release|ARM
		{0870E295-ECF2-4053-B469-741E111E9164}.Release|iPhone.ActiveCfg = Release|x86
		{0870E295-ECF2-4053-B469-741E111E9164}.Release|iPhone.Build.0 = Release|x86
		{0870E295-ECF2-4053-B469-741E111E9164}.Release|iPhone.Deploy.0 = Release|x86
		{0870E295-ECF2-4053-B469-741E111E9164}.Release|iPhoneSimulator.ActiveCfg = Release|x86
		{0870E295-ECF2-4053-B469-741E111E9164}.Release|iPhoneSimulator.Build.0 = Release|x86
		{0870E295-ECF2-4053-B469-741E111E9164}.Release|iPhoneSimulator.Deploy.0 = Release|x86
		{0870E295-ECF2-4053-B469-741E111E9164}.Release|x64.ActiveCfg = Release|x64
		{0870E295-ECF2-4053-B469-741E111E9164}.Release|x64.Build.0 = Release|x64
		{0870E295-ECF2-4053-B469-741E111E9164}.Release|x64.Deploy.0 = Release|x64
		{0870E295-ECF2-4053-B469-741E111E9164}.Release|x86.ActiveCfg = Release|x86
		{0870E295-ECF2-4053-B469-741E111E9164}.Release|x86.Build.0 = Release|x86
		{0870E295-ECF2-4053-B469-741E111E9164}.Release|x86.Deploy.0 = Release|x86
		{9324F353-EFF7-47D5-84FD-DC64F9BD440A}.Ad-Hoc|Any CPU.ActiveCfg = Debug|Any CPU
		{9324F353-EFF7-47D5-84FD-DC64F9BD440A}.Ad-Hoc|Any CPU.Build.0 = Debug|Any CPU
		{9324F353-EFF7-47D5-84FD-DC64F9BD440A}.Ad-Hoc|Any CPU.Deploy.0 = Debug|Any CPU
		{9324F353-EFF7-47D5-84FD-DC64F9BD440A}.Ad-Hoc|ARM.ActiveCfg = Debug|Any CPU
		{9324F353-EFF7-47D5-84FD-DC64F9BD440A}.Ad-Hoc|ARM.Build.0 = Debug|Any CPU
		{9324F353-EFF7-47D5-84FD-DC64F9BD440A}.Ad-Hoc|ARM.Deploy.0 = Debug|Any CPU
		{9324F353-EFF7-47D5-84FD-DC64F9BD440A}.Ad-Hoc|iPhone.ActiveCfg = Debug|Any CPU
		{9324F353-EFF7-47D5-84FD-DC64F9BD440A}.Ad-Hoc|iPhone.Build.0 = Debug|Any CPU
		{9324F353-EFF7-47D5-84FD-DC64F9BD440A}.Ad-Hoc|iPhone.Deploy.0 = Debug|Any CPU
		{9324F353-EFF7-47D5-84FD-DC64F9BD440A}.Ad-Hoc|iPhoneSimulator.ActiveCfg = Debug|Any CPU
		{9324F353-EFF7-47D5-84FD-DC64F9BD440A}.Ad-Hoc|iPhoneSimulator.Build.0 = Debug|Any CPU
		{9324F353-EFF7-47D5-84FD-DC64F9BD440A}.Ad-Hoc|iPhoneSimulator.Deploy.0 = Debug|Any CPU
		{9324F353-EFF7-47D5-84FD-DC64F9BD440A}.Ad-Hoc|x64.ActiveCfg = Debug|Any CPU
		{9324F353-EFF7-47D5-84FD-DC64F9BD440A}.Ad-Hoc|x64.Build.0 = Debug|Any CPU
		{9324F353-EFF7-47D5-84FD-DC64F9BD440A}.Ad-Hoc|x64.Deploy.0 = Debug|Any CPU
		{9324F353-EFF7-47D5-84FD-DC64F9BD440A}.Ad-Hoc|x86.ActiveCfg = Debug|Any CPU
		{9324F353-EFF7-47D5-84FD-DC64F9BD440A}.Ad-Hoc|x86.Build.0 = Debug|Any CPU
		{9324F353-EFF7-47D5-84FD-DC64F9BD440A}.Ad-Hoc|x86.Deploy.0 = Debug|Any CPU
		{9324F353-EFF7-47D5-84FD-DC64F9BD440A}.AppStore|Any CPU.ActiveCfg = Debug|Any CPU
		{9324F353-EFF7-47D5-84FD-DC64F9BD440A}.AppStore|Any CPU.Build.0 = Debug|Any CPU
		{9324F353-EFF7-47D5-84FD-DC64F9BD440A}.AppStore|Any CPU.Deploy.0 = Debug|Any CPU
		{9324F353-EFF7-47D5-84FD-DC64F9BD440A}.AppStore|ARM.ActiveCfg = Debug|Any CPU
		{9324F353-EFF7-47D5-84FD-DC64F9BD440A}.AppStore|ARM.Build.0 = Debug|Any CPU
		{9324F353-EFF7-47D5-84FD-DC64F9BD440A}.AppStore|ARM.Deploy.0 = Debug|Any CPU
		{9324F353-EFF7-47D5-84FD-DC64F9BD440A}.AppStore|iPhone.ActiveCfg = Debug|Any CPU
		{9324F353-EFF7-47D5-84FD-DC64F9BD440A}.AppStore|iPhone.Build.0 = Debug|Any CPU
		{9324F353-EFF7-47D5-84FD-DC64F9BD440A}.AppStore|iPhone.Deploy.0 = Debug|Any CPU
		{9324F353-EFF7-47D5-84FD-DC64F9BD440A}.AppStore|iPhoneSimulator.ActiveCfg = Debug|Any CPU
		{9324F353-EFF7-47D5-84FD-DC64F9BD440A}.AppStore|iPhoneSimulator.Build.0 = Debug|Any CPU
		{9324F353-EFF7-47D5-84FD-DC64F9BD440A}.AppStore|iPhoneSimulator.Deploy.0 = Debug|Any CPU
		{9324F353-EFF7-47D5-84FD-DC64F9BD440A}.AppStore|x64.ActiveCfg = Debug|Any CPU
		{9324F353-EFF7-47D5-84FD-DC64F9BD440A}.AppStore|x64.Build.0 = Debug|Any CPU
		{9324F353-EFF7-47D5-84FD-DC64F9BD440A}.AppStore|x64.Deploy.0 = Debug|Any CPU
		{9324F353-EFF7-47D5-84FD-DC64F9BD440A}.AppStore|x86.ActiveCfg = Debug|Any CPU
		{9324F353-EFF7-47D5-84FD-DC64F9BD440A}.AppStore|x86.Build.0 = Debug|Any CPU
		{9324F353-EFF7-47D5-84FD-DC64F9BD440A}.AppStore|x86.Deploy.0 = Debug|Any CPU
		{9324F353-EFF7-47D5-84FD-DC64F9BD440A}.Debug|Any CPU.ActiveCfg = Debug|Any CPU
		{9324F353-EFF7-47D5-84FD-DC64F9BD440A}.Debug|Any CPU.Build.0 = Debug|Any CPU
		{9324F353-EFF7-47D5-84FD-DC64F9BD440A}.Debug|Any CPU.Deploy.0 = Debug|Any CPU
		{9324F353-EFF7-47D5-84FD-DC64F9BD440A}.Debug|ARM.ActiveCfg = Debug|Any CPU
		{9324F353-EFF7-47D5-84FD-DC64F9BD440A}.Debug|ARM.Build.0 = Debug|Any CPU
		{9324F353-EFF7-47D5-84FD-DC64F9BD440A}.Debug|ARM.Deploy.0 = Debug|Any CPU
		{9324F353-EFF7-47D5-84FD-DC64F9BD440A}.Debug|iPhone.ActiveCfg = Debug|Any CPU
		{9324F353-EFF7-47D5-84FD-DC64F9BD440A}.Debug|iPhone.Build.0 = Debug|Any CPU
		{9324F353-EFF7-47D5-84FD-DC64F9BD440A}.Debug|iPhone.Deploy.0 = Debug|Any CPU
		{9324F353-EFF7-47D5-84FD-DC64F9BD440A}.Debug|iPhoneSimulator.ActiveCfg = Debug|Any CPU
		{9324F353-EFF7-47D5-84FD-DC64F9BD440A}.Debug|iPhoneSimulator.Build.0 = Debug|Any CPU
		{9324F353-EFF7-47D5-84FD-DC64F9BD440A}.Debug|iPhoneSimulator.Deploy.0 = Debug|Any CPU
		{9324F353-EFF7-47D5-84FD-DC64F9BD440A}.Debug|x64.ActiveCfg = Debug|Any CPU
		{9324F353-EFF7-47D5-84FD-DC64F9BD440A}.Debug|x64.Build.0 = Debug|Any CPU
		{9324F353-EFF7-47D5-84FD-DC64F9BD440A}.Debug|x64.Deploy.0 = Debug|Any CPU
		{9324F353-EFF7-47D5-84FD-DC64F9BD440A}.Debug|x86.ActiveCfg = Debug|Any CPU
		{9324F353-EFF7-47D5-84FD-DC64F9BD440A}.Debug|x86.Build.0 = Debug|Any CPU
		{9324F353-EFF7-47D5-84FD-DC64F9BD440A}.Debug|x86.Deploy.0 = Debug|Any CPU
		{9324F353-EFF7-47D5-84FD-DC64F9BD440A}.Release|Any CPU.ActiveCfg = Release|Any CPU
		{9324F353-EFF7-47D5-84FD-DC64F9BD440A}.Release|Any CPU.Build.0 = Release|Any CPU
		{9324F353-EFF7-47D5-84FD-DC64F9BD440A}.Release|Any CPU.Deploy.0 = Release|Any CPU
		{9324F353-EFF7-47D5-84FD-DC64F9BD440A}.Release|ARM.ActiveCfg = Release|Any CPU
		{9324F353-EFF7-47D5-84FD-DC64F9BD440A}.Release|ARM.Build.0 = Release|Any CPU
		{9324F353-EFF7-47D5-84FD-DC64F9BD440A}.Release|ARM.Deploy.0 = Release|Any CPU
		{9324F353-EFF7-47D5-84FD-DC64F9BD440A}.Release|iPhone.ActiveCfg = Release|Any CPU
		{9324F353-EFF7-47D5-84FD-DC64F9BD440A}.Release|iPhone.Build.0 = Release|Any CPU
		{9324F353-EFF7-47D5-84FD-DC64F9BD440A}.Release|iPhone.Deploy.0 = Release|Any CPU
		{9324F353-EFF7-47D5-84FD-DC64F9BD440A}.Release|iPhoneSimulator.ActiveCfg = Release|Any CPU
		{9324F353-EFF7-47D5-84FD-DC64F9BD440A}.Release|iPhoneSimulator.Build.0 = Release|Any CPU
		{9324F353-EFF7-47D5-84FD-DC64F9BD440A}.Release|iPhoneSimulator.Deploy.0 = Release|Any CPU
		{9324F353-EFF7-47D5-84FD-DC64F9BD440A}.Release|x64.ActiveCfg = Release|Any CPU
		{9324F353-EFF7-47D5-84FD-DC64F9BD440A}.Release|x64.Build.0 = Release|Any CPU
		{9324F353-EFF7-47D5-84FD-DC64F9BD440A}.Release|x64.Deploy.0 = Release|Any CPU
		{9324F353-EFF7-47D5-84FD-DC64F9BD440A}.Release|x86.ActiveCfg = Release|Any CPU
		{9324F353-EFF7-47D5-84FD-DC64F9BD440A}.Release|x86.Build.0 = Release|Any CPU
		{9324F353-EFF7-47D5-84FD-DC64F9BD440A}.Release|x86.Deploy.0 = Release|Any CPU
	EndGlobalSection
	GlobalSection(SolutionProperties) = preSolution
		HideSolutionNode = FALSE
	EndGlobalSection
	GlobalSection(ExtensibilityGlobals) = postSolution
		SolutionGuid = {AE73F32D-4D0C-4C8C-AEEC-6D79AFA82BDC}
	EndGlobalSection
EndGlobal
