
Microsoft Visual Studio Solution File, Format Version 12.00
# Visual Studio 15
VisualStudioVersion = 15.0.28010.2026
MinimumVisualStudioVersion = 10.0.40219.1
Project("{FAE04EC0-301F-11D3-BF4B-00C04F79EFBC}") = "App01_Estilo.Android", "App01_Estilo\App01_Estilo.Android\App01_Estilo.Android.csproj", "{8F8B9E24-68DC-4507-BC84-FA1E2565A653}"
EndProject
Project("{FAE04EC0-301F-11D3-BF4B-00C04F79EFBC}") = "App01_Estilo.iOS", "App01_Estilo\App01_Estilo.iOS\App01_Estilo.iOS.csproj", "{F056A88B-9036-4A13-A747-DAC2FE3E0CE6}"
EndProject
Project("{FAE04EC0-301F-11D3-BF4B-00C04F79EFBC}") = "App01_Estilo.UWP", "App01_Estilo\App01_Estilo.UWP\App01_Estilo.UWP.csproj", "{84984C3D-13CF-4F0A-B4CA-867F2C44F412}"
EndProject
Project("{FAE04EC0-301F-11D3-BF4B-00C04F79EFBC}") = "App01_Estilo", "App01_Estilo\App01_Estilo\App01_Estilo.csproj", "{DC08D9F6-D3D3-4DED-8016-9D6470EB5045}"
EndProject
Global
	GlobalSection(SolutionConfigurationPlatforms) = preSolution
		Ad-Hoc|Any CPU = Ad-Hoc|Any CPU
		Ad-Hoc|ARM = Ad-Hoc|ARM
		Ad-Hoc|iPhone = Ad-Hoc|iPhone
		Ad-Hoc|iPhoneSimulator = Ad-Hoc|iPhoneSimulator
		Ad-Hoc|x64 = Ad-Hoc|x64
		Ad-Hoc|x86 = Ad-Hoc|x86
		AppStore|Any CPU = AppStore|Any CPU
		AppStore|ARM = AppStore|ARM
		AppStore|iPhone = AppStore|iPhone
		AppStore|iPhoneSimulator = AppStore|iPhoneSimulator
		AppStore|x64 = AppStore|x64
		AppStore|x86 = AppStore|x86
		Debug|Any CPU = Debug|Any CPU
		Debug|ARM = Debug|ARM
		Debug|iPhone = Debug|iPhone
		Debug|iPhoneSimulator = Debug|iPhoneSimulator
		Debug|x64 = Debug|x64
		Debug|x86 = Debug|x86
		Release|Any CPU = Release|Any CPU
		Release|ARM = Release|ARM
		Release|iPhone = Release|iPhone
		Release|iPhoneSimulator = Release|iPhoneSimulator
		Release|x64 = Release|x64
		Release|x86 = Release|x86
	EndGlobalSection
	GlobalSection(ProjectConfigurationPlatforms) = postSolution
		{8F8B9E24-68DC-4507-BC84-FA1E2565A653}.Ad-Hoc|Any CPU.ActiveCfg = Release|Any CPU
		{8F8B9E24-68DC-4507-BC84-FA1E2565A653}.Ad-Hoc|Any CPU.Build.0 = Release|Any CPU
		{8F8B9E24-68DC-4507-BC84-FA1E2565A653}.Ad-Hoc|Any CPU.Deploy.0 = Release|Any CPU
		{8F8B9E24-68DC-4507-BC84-FA1E2565A653}.Ad-Hoc|ARM.ActiveCfg = Release|Any CPU
		{8F8B9E24-68DC-4507-BC84-FA1E2565A653}.Ad-Hoc|ARM.Build.0 = Release|Any CPU
		{8F8B9E24-68DC-4507-BC84-FA1E2565A653}.Ad-Hoc|ARM.Deploy.0 = Release|Any CPU
		{8F8B9E24-68DC-4507-BC84-FA1E2565A653}.Ad-Hoc|iPhone.ActiveCfg = Release|Any CPU
		{8F8B9E24-68DC-4507-BC84-FA1E2565A653}.Ad-Hoc|iPhone.Build.0 = Release|Any CPU
		{8F8B9E24-68DC-4507-BC84-FA1E2565A653}.Ad-Hoc|iPhone.Deploy.0 = Release|Any CPU
		{8F8B9E24-68DC-4507-BC84-FA1E2565A653}.Ad-Hoc|iPhoneSimulator.ActiveCfg = Release|Any CPU
		{8F8B9E24-68DC-4507-BC84-FA1E2565A653}.Ad-Hoc|iPhoneSimulator.Build.0 = Release|Any CPU
		{8F8B9E24-68DC-4507-BC84-FA1E2565A653}.Ad-Hoc|iPhoneSimulator.Deploy.0 = Release|Any CPU
		{8F8B9E24-68DC-4507-BC84-FA1E2565A653}.Ad-Hoc|x64.ActiveCfg = Release|Any CPU
		{8F8B9E24-68DC-4507-BC84-FA1E2565A653}.Ad-Hoc|x64.Build.0 = Release|Any CPU
		{8F8B9E24-68DC-4507-BC84-FA1E2565A653}.Ad-Hoc|x64.Deploy.0 = Release|Any CPU
		{8F8B9E24-68DC-4507-BC84-FA1E2565A653}.Ad-Hoc|x86.ActiveCfg = Release|Any CPU
		{8F8B9E24-68DC-4507-BC84-FA1E2565A653}.Ad-Hoc|x86.Build.0 = Release|Any CPU
		{8F8B9E24-68DC-4507-BC84-FA1E2565A653}.Ad-Hoc|x86.Deploy.0 = Release|Any CPU
		{8F8B9E24-68DC-4507-BC84-FA1E2565A653}.AppStore|Any CPU.ActiveCfg = Release|Any CPU
		{8F8B9E24-68DC-4507-BC84-FA1E2565A653}.AppStore|Any CPU.Build.0 = Release|Any CPU
		{8F8B9E24-68DC-4507-BC84-FA1E2565A653}.AppStore|Any CPU.Deploy.0 = Release|Any CPU
		{8F8B9E24-68DC-4507-BC84-FA1E2565A653}.AppStore|ARM.ActiveCfg = Release|Any CPU
		{8F8B9E24-68DC-4507-BC84-FA1E2565A653}.AppStore|ARM.Build.0 = Release|Any CPU
		{8F8B9E24-68DC-4507-BC84-FA1E2565A653}.AppStore|ARM.Deploy.0 = Release|Any CPU
		{8F8B9E24-68DC-4507-BC84-FA1E2565A653}.AppStore|iPhone.ActiveCfg = Release|Any CPU
		{8F8B9E24-68DC-4507-BC84-FA1E2565A653}.AppStore|iPhone.Build.0 = Release|Any CPU
		{8F8B9E24-68DC-4507-BC84-FA1E2565A653}.AppStore|iPhone.Deploy.0 = Release|Any CPU
		{8F8B9E24-68DC-4507-BC84-FA1E2565A653}.AppStore|iPhoneSimulator.ActiveCfg = Release|Any CPU
		{8F8B9E24-68DC-4507-BC84-FA1E2565A653}.AppStore|iPhoneSimulator.Build.0 = Release|Any CPU
		{8F8B9E24-68DC-4507-BC84-FA1E2565A653}.AppStore|iPhoneSimulator.Deploy.0 = Release|Any CPU
		{8F8B9E24-68DC-4507-BC84-FA1E2565A653}.AppStore|x64.ActiveCfg = Release|Any CPU
		{8F8B9E24-68DC-4507-BC84-FA1E2565A653}.AppStore|x64.Build.0 = Release|Any CPU
		{8F8B9E24-68DC-4507-BC84-FA1E2565A653}.AppStore|x64.Deploy.0 = Release|Any CPU
		{8F8B9E24-68DC-4507-BC84-FA1E2565A653}.AppStore|x86.ActiveCfg = Release|Any CPU
		{8F8B9E24-68DC-4507-BC84-FA1E2565A653}.AppStore|x86.Build.0 = Release|Any CPU
		{8F8B9E24-68DC-4507-BC84-FA1E2565A653}.AppStore|x86.Deploy.0 = Release|Any CPU
		{8F8B9E24-68DC-4507-BC84-FA1E2565A653}.Debug|Any CPU.ActiveCfg = Debug|Any CPU
		{8F8B9E24-68DC-4507-BC84-FA1E2565A653}.Debug|Any CPU.Build.0 = Debug|Any CPU
		{8F8B9E24-68DC-4507-BC84-FA1E2565A653}.Debug|Any CPU.Deploy.0 = Debug|Any CPU
		{8F8B9E24-68DC-4507-BC84-FA1E2565A653}.Debug|ARM.ActiveCfg = Debug|Any CPU
		{8F8B9E24-68DC-4507-BC84-FA1E2565A653}.Debug|ARM.Build.0 = Debug|Any CPU
		{8F8B9E24-68DC-4507-BC84-FA1E2565A653}.Debug|ARM.Deploy.0 = Debug|Any CPU
		{8F8B9E24-68DC-4507-BC84-FA1E2565A653}.Debug|iPhone.ActiveCfg = Debug|Any CPU
		{8F8B9E24-68DC-4507-BC84-FA1E2565A653}.Debug|iPhone.Build.0 = Debug|Any CPU
		{8F8B9E24-68DC-4507-BC84-FA1E2565A653}.Debug|iPhone.Deploy.0 = Debug|Any CPU
		{8F8B9E24-68DC-4507-BC84-FA1E2565A653}.Debug|iPhoneSimulator.ActiveCfg = Debug|Any CPU
		{8F8B9E24-68DC-4507-BC84-FA1E2565A653}.Debug|iPhoneSimulator.Build.0 = Debug|Any CPU
		{8F8B9E24-68DC-4507-BC84-FA1E2565A653}.Debug|iPhoneSimulator.Deploy.0 = Debug|Any CPU
		{8F8B9E24-68DC-4507-BC84-FA1E2565A653}.Debug|x64.ActiveCfg = Debug|Any CPU
		{8F8B9E24-68DC-4507-BC84-FA1E2565A653}.Debug|x64.Build.0 = Debug|Any CPU
		{8F8B9E24-68DC-4507-BC84-FA1E2565A653}.Debug|x64.Deploy.0 = Debug|Any CPU
		{8F8B9E24-68DC-4507-BC84-FA1E2565A653}.Debug|x86.ActiveCfg = Debug|Any CPU
		{8F8B9E24-68DC-4507-BC84-FA1E2565A653}.Debug|x86.Build.0 = Debug|Any CPU
		{8F8B9E24-68DC-4507-BC84-FA1E2565A653}.Debug|x86.Deploy.0 = Debug|Any CPU
		{8F8B9E24-68DC-4507-BC84-FA1E2565A653}.Release|Any CPU.ActiveCfg = Release|Any CPU
		{8F8B9E24-68DC-4507-BC84-FA1E2565A653}.Release|Any CPU.Build.0 = Release|Any CPU
		{8F8B9E24-68DC-4507-BC84-FA1E2565A653}.Release|Any CPU.Deploy.0 = Release|Any CPU
		{8F8B9E24-68DC-4507-BC84-FA1E2565A653}.Release|ARM.ActiveCfg = Release|Any CPU
		{8F8B9E24-68DC-4507-BC84-FA1E2565A653}.Release|ARM.Build.0 = Release|Any CPU
		{8F8B9E24-68DC-4507-BC84-FA1E2565A653}.Release|ARM.Deploy.0 = Release|Any CPU
		{8F8B9E24-68DC-4507-BC84-FA1E2565A653}.Release|iPhone.ActiveCfg = Release|Any CPU
		{8F8B9E24-68DC-4507-BC84-FA1E2565A653}.Release|iPhone.Build.0 = Release|Any CPU
		{8F8B9E24-68DC-4507-BC84-FA1E2565A653}.Release|iPhone.Deploy.0 = Release|Any CPU
		{8F8B9E24-68DC-4507-BC84-FA1E2565A653}.Release|iPhoneSimulator.ActiveCfg = Release|Any CPU
		{8F8B9E24-68DC-4507-BC84-FA1E2565A653}.Release|iPhoneSimulator.Build.0 = Release|Any CPU
		{8F8B9E24-68DC-4507-BC84-FA1E2565A653}.Release|iPhoneSimulator.Deploy.0 = Release|Any CPU
		{8F8B9E24-68DC-4507-BC84-FA1E2565A653}.Release|x64.ActiveCfg = Release|Any CPU
		{8F8B9E24-68DC-4507-BC84-FA1E2565A653}.Release|x64.Build.0 = Release|Any CPU
		{8F8B9E24-68DC-4507-BC84-FA1E2565A653}.Release|x64.Deploy.0 = Release|Any CPU
		{8F8B9E24-68DC-4507-BC84-FA1E2565A653}.Release|x86.ActiveCfg = Release|Any CPU
		{8F8B9E24-68DC-4507-BC84-FA1E2565A653}.Release|x86.Build.0 = Release|Any CPU
		{8F8B9E24-68DC-4507-BC84-FA1E2565A653}.Release|x86.Deploy.0 = Release|Any CPU
		{F056A88B-9036-4A13-A747-DAC2FE3E0CE6}.Ad-Hoc|Any CPU.ActiveCfg = Ad-Hoc|iPhone
		{F056A88B-9036-4A13-A747-DAC2FE3E0CE6}.Ad-Hoc|Any CPU.Build.0 = Ad-Hoc|iPhone
		{F056A88B-9036-4A13-A747-DAC2FE3E0CE6}.Ad-Hoc|Any CPU.Deploy.0 = Ad-Hoc|iPhone
		{F056A88B-9036-4A13-A747-DAC2FE3E0CE6}.Ad-Hoc|ARM.ActiveCfg = Ad-Hoc|iPhone
		{F056A88B-9036-4A13-A747-DAC2FE3E0CE6}.Ad-Hoc|ARM.Build.0 = Ad-Hoc|iPhone
		{F056A88B-9036-4A13-A747-DAC2FE3E0CE6}.Ad-Hoc|ARM.Deploy.0 = Ad-Hoc|iPhone
		{F056A88B-9036-4A13-A747-DAC2FE3E0CE6}.Ad-Hoc|iPhone.ActiveCfg = Ad-Hoc|iPhone
		{F056A88B-9036-4A13-A747-DAC2FE3E0CE6}.Ad-Hoc|iPhone.Build.0 = Ad-Hoc|iPhone
		{F056A88B-9036-4A13-A747-DAC2FE3E0CE6}.Ad-Hoc|iPhone.Deploy.0 = Ad-Hoc|iPhone
		{F056A88B-9036-4A13-A747-DAC2FE3E0CE6}.Ad-Hoc|iPhoneSimulator.ActiveCfg = Ad-Hoc|iPhoneSimulator
		{F056A88B-9036-4A13-A747-DAC2FE3E0CE6}.Ad-Hoc|iPhoneSimulator.Build.0 = Ad-Hoc|iPhoneSimulator
		{F056A88B-9036-4A13-A747-DAC2FE3E0CE6}.Ad-Hoc|iPhoneSimulator.Deploy.0 = Ad-Hoc|iPhoneSimulator
		{F056A88B-9036-4A13-A747-DAC2FE3E0CE6}.Ad-Hoc|x64.ActiveCfg = Ad-Hoc|iPhone
		{F056A88B-9036-4A13-A747-DAC2FE3E0CE6}.Ad-Hoc|x64.Build.0 = Ad-Hoc|iPhone
		{F056A88B-9036-4A13-A747-DAC2FE3E0CE6}.Ad-Hoc|x64.Deploy.0 = Ad-Hoc|iPhone
		{F056A88B-9036-4A13-A747-DAC2FE3E0CE6}.Ad-Hoc|x86.ActiveCfg = Ad-Hoc|iPhone
		{F056A88B-9036-4A13-A747-DAC2FE3E0CE6}.Ad-Hoc|x86.Build.0 = Ad-Hoc|iPhone
		{F056A88B-9036-4A13-A747-DAC2FE3E0CE6}.Ad-Hoc|x86.Deploy.0 = Ad-Hoc|iPhone
		{F056A88B-9036-4A13-A747-DAC2FE3E0CE6}.AppStore|Any CPU.ActiveCfg = AppStore|iPhone
		{F056A88B-9036-4A13-A747-DAC2FE3E0CE6}.AppStore|Any CPU.Build.0 = AppStore|iPhone
		{F056A88B-9036-4A13-A747-DAC2FE3E0CE6}.AppStore|Any CPU.Deploy.0 = AppStore|iPhone
		{F056A88B-9036-4A13-A747-DAC2FE3E0CE6}.AppStore|ARM.ActiveCfg = AppStore|iPhone
		{F056A88B-9036-4A13-A747-DAC2FE3E0CE6}.AppStore|ARM.Build.0 = AppStore|iPhone
		{F056A88B-9036-4A13-A747-DAC2FE3E0CE6}.AppStore|ARM.Deploy.0 = AppStore|iPhone
		{F056A88B-9036-4A13-A747-DAC2FE3E0CE6}.AppStore|iPhone.ActiveCfg = AppStore|iPhone
		{F056A88B-9036-4A13-A747-DAC2FE3E0CE6}.AppStore|iPhone.Build.0 = AppStore|iPhone
		{F056A88B-9036-4A13-A747-DAC2FE3E0CE6}.AppStore|iPhone.Deploy.0 = AppStore|iPhone
		{F056A88B-9036-4A13-A747-DAC2FE3E0CE6}.AppStore|iPhoneSimulator.ActiveCfg = AppStore|iPhoneSimulator
		{F056A88B-9036-4A13-A747-DAC2FE3E0CE6}.AppStore|iPhoneSimulator.Build.0 = AppStore|iPhoneSimulator
		{F056A88B-9036-4A13-A747-DAC2FE3E0CE6}.AppStore|iPhoneSimulator.Deploy.0 = AppStore|iPhoneSimulator
		{F056A88B-9036-4A13-A747-DAC2FE3E0CE6}.AppStore|x64.ActiveCfg = AppStore|iPhone
		{F056A88B-9036-4A13-A747-DAC2FE3E0CE6}.AppStore|x64.Build.0 = AppStore|iPhone
		{F056A88B-9036-4A13-A747-DAC2FE3E0CE6}.AppStore|x64.Deploy.0 = AppStore|iPhone
		{F056A88B-9036-4A13-A747-DAC2FE3E0CE6}.AppStore|x86.ActiveCfg = AppStore|iPhone
		{F056A88B-9036-4A13-A747-DAC2FE3E0CE6}.AppStore|x86.Build.0 = AppStore|iPhone
		{F056A88B-9036-4A13-A747-DAC2FE3E0CE6}.AppStore|x86.Deploy.0 = AppStore|iPhone
		{F056A88B-9036-4A13-A747-DAC2FE3E0CE6}.Debug|Any CPU.ActiveCfg = Debug|iPhoneSimulator
		{F056A88B-9036-4A13-A747-DAC2FE3E0CE6}.Debug|Any CPU.Build.0 = Debug|iPhoneSimulator
		{F056A88B-9036-4A13-A747-DAC2FE3E0CE6}.Debug|Any CPU.Deploy.0 = Debug|iPhoneSimulator
		{F056A88B-9036-4A13-A747-DAC2FE3E0CE6}.Debug|ARM.ActiveCfg = Debug|iPhone
		{F056A88B-9036-4A13-A747-DAC2FE3E0CE6}.Debug|ARM.Build.0 = Debug|iPhone
		{F056A88B-9036-4A13-A747-DAC2FE3E0CE6}.Debug|ARM.Deploy.0 = Debug|iPhone
		{F056A88B-9036-4A13-A747-DAC2FE3E0CE6}.Debug|iPhone.ActiveCfg = Debug|iPhone
		{F056A88B-9036-4A13-A747-DAC2FE3E0CE6}.Debug|iPhone.Build.0 = Debug|iPhone
		{F056A88B-9036-4A13-A747-DAC2FE3E0CE6}.Debug|iPhone.Deploy.0 = Debug|iPhone
		{F056A88B-9036-4A13-A747-DAC2FE3E0CE6}.Debug|iPhoneSimulator.ActiveCfg = Debug|iPhoneSimulator
		{F056A88B-9036-4A13-A747-DAC2FE3E0CE6}.Debug|iPhoneSimulator.Build.0 = Debug|iPhoneSimulator
		{F056A88B-9036-4A13-A747-DAC2FE3E0CE6}.Debug|iPhoneSimulator.Deploy.0 = Debug|iPhoneSimulator
		{F056A88B-9036-4A13-A747-DAC2FE3E0CE6}.Debug|x64.ActiveCfg = Debug|iPhone
		{F056A88B-9036-4A13-A747-DAC2FE3E0CE6}.Debug|x64.Build.0 = Debug|iPhone
		{F056A88B-9036-4A13-A747-DAC2FE3E0CE6}.Debug|x64.Deploy.0 = Debug|iPhone
		{F056A88B-9036-4A13-A747-DAC2FE3E0CE6}.Debug|x86.ActiveCfg = Debug|iPhone
		{F056A88B-9036-4A13-A747-DAC2FE3E0CE6}.Debug|x86.Build.0 = Debug|iPhone
		{F056A88B-9036-4A13-A747-DAC2FE3E0CE6}.Debug|x86.Deploy.0 = Debug|iPhone
		{F056A88B-9036-4A13-A747-DAC2FE3E0CE6}.Release|Any CPU.ActiveCfg = Release|iPhone
		{F056A88B-9036-4A13-A747-DAC2FE3E0CE6}.Release|Any CPU.Build.0 = Release|iPhone
		{F056A88B-9036-4A13-A747-DAC2FE3E0CE6}.Release|Any CPU.Deploy.0 = Release|iPhone
		{F056A88B-9036-4A13-A747-DAC2FE3E0CE6}.Release|ARM.ActiveCfg = Release|iPhone
		{F056A88B-9036-4A13-A747-DAC2FE3E0CE6}.Release|ARM.Build.0 = Release|iPhone
		{F056A88B-9036-4A13-A747-DAC2FE3E0CE6}.Release|ARM.Deploy.0 = Release|iPhone
		{F056A88B-9036-4A13-A747-DAC2FE3E0CE6}.Release|iPhone.ActiveCfg = Release|iPhone
		{F056A88B-9036-4A13-A747-DAC2FE3E0CE6}.Release|iPhone.Build.0 = Release|iPhone
		{F056A88B-9036-4A13-A747-DAC2FE3E0CE6}.Release|iPhone.Deploy.0 = Release|iPhone
		{F056A88B-9036-4A13-A747-DAC2FE3E0CE6}.Release|iPhoneSimulator.ActiveCfg = Release|iPhoneSimulator
		{F056A88B-9036-4A13-A747-DAC2FE3E0CE6}.Release|iPhoneSimulator.Build.0 = Release|iPhoneSimulator
		{F056A88B-9036-4A13-A747-DAC2FE3E0CE6}.Release|iPhoneSimulator.Deploy.0 = Release|iPhoneSimulator
		{F056A88B-9036-4A13-A747-DAC2FE3E0CE6}.Release|x64.ActiveCfg = Release|iPhone
		{F056A88B-9036-4A13-A747-DAC2FE3E0CE6}.Release|x64.Build.0 = Release|iPhone
		{F056A88B-9036-4A13-A747-DAC2FE3E0CE6}.Release|x64.Deploy.0 = Release|iPhone
		{F056A88B-9036-4A13-A747-DAC2FE3E0CE6}.Release|x86.ActiveCfg = Release|iPhone
		{F056A88B-9036-4A13-A747-DAC2FE3E0CE6}.Release|x86.Build.0 = Release|iPhone
		{F056A88B-9036-4A13-A747-DAC2FE3E0CE6}.Release|x86.Deploy.0 = Release|iPhone
		{84984C3D-13CF-4F0A-B4CA-867F2C44F412}.Ad-Hoc|Any CPU.ActiveCfg = Release|x86
		{84984C3D-13CF-4F0A-B4CA-867F2C44F412}.Ad-Hoc|Any CPU.Build.0 = Release|x86
		{84984C3D-13CF-4F0A-B4CA-867F2C44F412}.Ad-Hoc|Any CPU.Deploy.0 = Release|x86
		{84984C3D-13CF-4F0A-B4CA-867F2C44F412}.Ad-Hoc|ARM.ActiveCfg = Release|ARM
		{84984C3D-13CF-4F0A-B4CA-867F2C44F412}.Ad-Hoc|ARM.Build.0 = Release|ARM
		{84984C3D-13CF-4F0A-B4CA-867F2C44F412}.Ad-Hoc|ARM.Deploy.0 = Release|ARM
		{84984C3D-13CF-4F0A-B4CA-867F2C44F412}.Ad-Hoc|iPhone.ActiveCfg = Release|x86
		{84984C3D-13CF-4F0A-B4CA-867F2C44F412}.Ad-Hoc|iPhone.Build.0 = Release|x86
		{84984C3D-13CF-4F0A-B4CA-867F2C44F412}.Ad-Hoc|iPhone.Deploy.0 = Release|x86
		{84984C3D-13CF-4F0A-B4CA-867F2C44F412}.Ad-Hoc|iPhoneSimulator.ActiveCfg = Release|x86
		{84984C3D-13CF-4F0A-B4CA-867F2C44F412}.Ad-Hoc|iPhoneSimulator.Build.0 = Release|x86
		{84984C3D-13CF-4F0A-B4CA-867F2C44F412}.Ad-Hoc|iPhoneSimulator.Deploy.0 = Release|x86
		{84984C3D-13CF-4F0A-B4CA-867F2C44F412}.Ad-Hoc|x64.ActiveCfg = Release|x64
		{84984C3D-13CF-4F0A-B4CA-867F2C44F412}.Ad-Hoc|x64.Build.0 = Release|x64
		{84984C3D-13CF-4F0A-B4CA-867F2C44F412}.Ad-Hoc|x64.Deploy.0 = Release|x64
		{84984C3D-13CF-4F0A-B4CA-867F2C44F412}.Ad-Hoc|x86.ActiveCfg = Release|x86
		{84984C3D-13CF-4F0A-B4CA-867F2C44F412}.Ad-Hoc|x86.Build.0 = Release|x86
		{84984C3D-13CF-4F0A-B4CA-867F2C44F412}.Ad-Hoc|x86.Deploy.0 = Release|x86
		{84984C3D-13CF-4F0A-B4CA-867F2C44F412}.AppStore|Any CPU.ActiveCfg = Release|x86
		{84984C3D-13CF-4F0A-B4CA-867F2C44F412}.AppStore|Any CPU.Build.0 = Release|x86
		{84984C3D-13CF-4F0A-B4CA-867F2C44F412}.AppStore|Any CPU.Deploy.0 = Release|x86
		{84984C3D-13CF-4F0A-B4CA-867F2C44F412}.AppStore|ARM.ActiveCfg = Release|ARM
		{84984C3D-13CF-4F0A-B4CA-867F2C44F412}.AppStore|ARM.Build.0 = Release|ARM
		{84984C3D-13CF-4F0A-B4CA-867F2C44F412}.AppStore|ARM.Deploy.0 = Release|ARM
		{84984C3D-13CF-4F0A-B4CA-867F2C44F412}.AppStore|iPhone.ActiveCfg = Release|x86
		{84984C3D-13CF-4F0A-B4CA-867F2C44F412}.AppStore|iPhone.Build.0 = Release|x86
		{84984C3D-13CF-4F0A-B4CA-867F2C44F412}.AppStore|iPhone.Deploy.0 = Release|x86
		{84984C3D-13CF-4F0A-B4CA-867F2C44F412}.AppStore|iPhoneSimulator.ActiveCfg = Release|x86
		{84984C3D-13CF-4F0A-B4CA-867F2C44F412}.AppStore|iPhoneSimulator.Build.0 = Release|x86
		{84984C3D-13CF-4F0A-B4CA-867F2C44F412}.AppStore|iPhoneSimulator.Deploy.0 = Release|x86
		{84984C3D-13CF-4F0A-B4CA-867F2C44F412}.AppStore|x64.ActiveCfg = Release|x64
		{84984C3D-13CF-4F0A-B4CA-867F2C44F412}.AppStore|x64.Build.0 = Release|x64
		{84984C3D-13CF-4F0A-B4CA-867F2C44F412}.AppStore|x64.Deploy.0 = Release|x64
		{84984C3D-13CF-4F0A-B4CA-867F2C44F412}.AppStore|x86.ActiveCfg = Release|x86
		{84984C3D-13CF-4F0A-B4CA-867F2C44F412}.AppStore|x86.Build.0 = Release|x86
		{84984C3D-13CF-4F0A-B4CA-867F2C44F412}.AppStore|x86.Deploy.0 = Release|x86
		{84984C3D-13CF-4F0A-B4CA-867F2C44F412}.Debug|Any CPU.ActiveCfg = Debug|x86
		{84984C3D-13CF-4F0A-B4CA-867F2C44F412}.Debug|Any CPU.Build.0 = Debug|x86
		{84984C3D-13CF-4F0A-B4CA-867F2C44F412}.Debug|Any CPU.Deploy.0 = Debug|x86
		{84984C3D-13CF-4F0A-B4CA-867F2C44F412}.Debug|ARM.ActiveCfg = Debug|ARM
		{84984C3D-13CF-4F0A-B4CA-867F2C44F412}.Debug|ARM.Build.0 = Debug|ARM
		{84984C3D-13CF-4F0A-B4CA-867F2C44F412}.Debug|ARM.Deploy.0 = Debug|ARM
		{84984C3D-13CF-4F0A-B4CA-867F2C44F412}.Debug|iPhone.ActiveCfg = Debug|x86
		{84984C3D-13CF-4F0A-B4CA-867F2C44F412}.Debug|iPhone.Build.0 = Debug|x86
		{84984C3D-13CF-4F0A-B4CA-867F2C44F412}.Debug|iPhone.Deploy.0 = Debug|x86
		{84984C3D-13CF-4F0A-B4CA-867F2C44F412}.Debug|iPhoneSimulator.ActiveCfg = Debug|x86
		{84984C3D-13CF-4F0A-B4CA-867F2C44F412}.Debug|iPhoneSimulator.Build.0 = Debug|x86
		{84984C3D-13CF-4F0A-B4CA-867F2C44F412}.Debug|iPhoneSimulator.Deploy.0 = Debug|x86
		{84984C3D-13CF-4F0A-B4CA-867F2C44F412}.Debug|x64.ActiveCfg = Debug|x64
		{84984C3D-13CF-4F0A-B4CA-867F2C44F412}.Debug|x64.Build.0 = Debug|x64
		{84984C3D-13CF-4F0A-B4CA-867F2C44F412}.Debug|x64.Deploy.0 = Debug|x64
		{84984C3D-13CF-4F0A-B4CA-867F2C44F412}.Debug|x86.ActiveCfg = Debug|x86
		{84984C3D-13CF-4F0A-B4CA-867F2C44F412}.Debug|x86.Build.0 = Debug|x86
		{84984C3D-13CF-4F0A-B4CA-867F2C44F412}.Debug|x86.Deploy.0 = Debug|x86
		{84984C3D-13CF-4F0A-B4CA-867F2C44F412}.Release|Any CPU.ActiveCfg = Release|x86
		{84984C3D-13CF-4F0A-B4CA-867F2C44F412}.Release|Any CPU.Build.0 = Release|x86
		{84984C3D-13CF-4F0A-B4CA-867F2C44F412}.Release|Any CPU.Deploy.0 = Release|x86
		{84984C3D-13CF-4F0A-B4CA-867F2C44F412}.Release|ARM.ActiveCfg = Release|ARM
		{84984C3D-13CF-4F0A-B4CA-867F2C44F412}.Release|ARM.Build.0 = Release|ARM
		{84984C3D-13CF-4F0A-B4CA-867F2C44F412}.Release|ARM.Deploy.0 = Release|ARM
		{84984C3D-13CF-4F0A-B4CA-867F2C44F412}.Release|iPhone.ActiveCfg = Release|x86
		{84984C3D-13CF-4F0A-B4CA-867F2C44F412}.Release|iPhone.Build.0 = Release|x86
		{84984C3D-13CF-4F0A-B4CA-867F2C44F412}.Release|iPhone.Deploy.0 = Release|x86
		{84984C3D-13CF-4F0A-B4CA-867F2C44F412}.Release|iPhoneSimulator.ActiveCfg = Release|x86
		{84984C3D-13CF-4F0A-B4CA-867F2C44F412}.Release|iPhoneSimulator.Build.0 = Release|x86
		{84984C3D-13CF-4F0A-B4CA-867F2C44F412}.Release|iPhoneSimulator.Deploy.0 = Release|x86
		{84984C3D-13CF-4F0A-B4CA-867F2C44F412}.Release|x64.ActiveCfg = Release|x64
		{84984C3D-13CF-4F0A-B4CA-867F2C44F412}.Release|x64.Build.0 = Release|x64
		{84984C3D-13CF-4F0A-B4CA-867F2C44F412}.Release|x64.Deploy.0 = Release|x64
		{84984C3D-13CF-4F0A-B4CA-867F2C44F412}.Release|x86.ActiveCfg = Release|x86
		{84984C3D-13CF-4F0A-B4CA-867F2C44F412}.Release|x86.Build.0 = Release|x86
		{84984C3D-13CF-4F0A-B4CA-867F2C44F412}.Release|x86.Deploy.0 = Release|x86
		{DC08D9F6-D3D3-4DED-8016-9D6470EB5045}.Ad-Hoc|Any CPU.ActiveCfg = Debug|Any CPU
		{DC08D9F6-D3D3-4DED-8016-9D6470EB5045}.Ad-Hoc|Any CPU.Build.0 = Debug|Any CPU
		{DC08D9F6-D3D3-4DED-8016-9D6470EB5045}.Ad-Hoc|Any CPU.Deploy.0 = Debug|Any CPU
		{DC08D9F6-D3D3-4DED-8016-9D6470EB5045}.Ad-Hoc|ARM.ActiveCfg = Debug|Any CPU
		{DC08D9F6-D3D3-4DED-8016-9D6470EB5045}.Ad-Hoc|ARM.Build.0 = Debug|Any CPU
		{DC08D9F6-D3D3-4DED-8016-9D6470EB5045}.Ad-Hoc|ARM.Deploy.0 = Debug|Any CPU
		{DC08D9F6-D3D3-4DED-8016-9D6470EB5045}.Ad-Hoc|iPhone.ActiveCfg = Debug|Any CPU
		{DC08D9F6-D3D3-4DED-8016-9D6470EB5045}.Ad-Hoc|iPhone.Build.0 = Debug|Any CPU
		{DC08D9F6-D3D3-4DED-8016-9D6470EB5045}.Ad-Hoc|iPhone.Deploy.0 = Debug|Any CPU
		{DC08D9F6-D3D3-4DED-8016-9D6470EB5045}.Ad-Hoc|iPhoneSimulator.ActiveCfg = Debug|Any CPU
		{DC08D9F6-D3D3-4DED-8016-9D6470EB5045}.Ad-Hoc|iPhoneSimulator.Build.0 = Debug|Any CPU
		{DC08D9F6-D3D3-4DED-8016-9D6470EB5045}.Ad-Hoc|iPhoneSimulator.Deploy.0 = Debug|Any CPU
		{DC08D9F6-D3D3-4DED-8016-9D6470EB5045}.Ad-Hoc|x64.ActiveCfg = Debug|Any CPU
		{DC08D9F6-D3D3-4DED-8016-9D6470EB5045}.Ad-Hoc|x64.Build.0 = Debug|Any CPU
		{DC08D9F6-D3D3-4DED-8016-9D6470EB5045}.Ad-Hoc|x64.Deploy.0 = Debug|Any CPU
		{DC08D9F6-D3D3-4DED-8016-9D6470EB5045}.Ad-Hoc|x86.ActiveCfg = Debug|Any CPU
		{DC08D9F6-D3D3-4DED-8016-9D6470EB5045}.Ad-Hoc|x86.Build.0 = Debug|Any CPU
		{DC08D9F6-D3D3-4DED-8016-9D6470EB5045}.Ad-Hoc|x86.Deploy.0 = Debug|Any CPU
		{DC08D9F6-D3D3-4DED-8016-9D6470EB5045}.AppStore|Any CPU.ActiveCfg = Debug|Any CPU
		{DC08D9F6-D3D3-4DED-8016-9D6470EB5045}.AppStore|Any CPU.Build.0 = Debug|Any CPU
		{DC08D9F6-D3D3-4DED-8016-9D6470EB5045}.AppStore|Any CPU.Deploy.0 = Debug|Any CPU
		{DC08D9F6-D3D3-4DED-8016-9D6470EB5045}.AppStore|ARM.ActiveCfg = Debug|Any CPU
		{DC08D9F6-D3D3-4DED-8016-9D6470EB5045}.AppStore|ARM.Build.0 = Debug|Any CPU
		{DC08D9F6-D3D3-4DED-8016-9D6470EB5045}.AppStore|ARM.Deploy.0 = Debug|Any CPU
		{DC08D9F6-D3D3-4DED-8016-9D6470EB5045}.AppStore|iPhone.ActiveCfg = Debug|Any CPU
		{DC08D9F6-D3D3-4DED-8016-9D6470EB5045}.AppStore|iPhone.Build.0 = Debug|Any CPU
		{DC08D9F6-D3D3-4DED-8016-9D6470EB5045}.AppStore|iPhone.Deploy.0 = Debug|Any CPU
		{DC08D9F6-D3D3-4DED-8016-9D6470EB5045}.AppStore|iPhoneSimulator.ActiveCfg = Debug|Any CPU
		{DC08D9F6-D3D3-4DED-8016-9D6470EB5045}.AppStore|iPhoneSimulator.Build.0 = Debug|Any CPU
		{DC08D9F6-D3D3-4DED-8016-9D6470EB5045}.AppStore|iPhoneSimulator.Deploy.0 = Debug|Any CPU
		{DC08D9F6-D3D3-4DED-8016-9D6470EB5045}.AppStore|x64.ActiveCfg = Debug|Any CPU
		{DC08D9F6-D3D3-4DED-8016-9D6470EB5045}.AppStore|x64.Build.0 = Debug|Any CPU
		{DC08D9F6-D3D3-4DED-8016-9D6470EB5045}.AppStore|x64.Deploy.0 = Debug|Any CPU
		{DC08D9F6-D3D3-4DED-8016-9D6470EB5045}.AppStore|x86.ActiveCfg = Debug|Any CPU
		{DC08D9F6-D3D3-4DED-8016-9D6470EB5045}.AppStore|x86.Build.0 = Debug|Any CPU
		{DC08D9F6-D3D3-4DED-8016-9D6470EB5045}.AppStore|x86.Deploy.0 = Debug|Any CPU
		{DC08D9F6-D3D3-4DED-8016-9D6470EB5045}.Debug|Any CPU.ActiveCfg = Debug|Any CPU
		{DC08D9F6-D3D3-4DED-8016-9D6470EB5045}.Debug|Any CPU.Build.0 = Debug|Any CPU
		{DC08D9F6-D3D3-4DED-8016-9D6470EB5045}.Debug|Any CPU.Deploy.0 = Debug|Any CPU
		{DC08D9F6-D3D3-4DED-8016-9D6470EB5045}.Debug|ARM.ActiveCfg = Debug|Any CPU
		{DC08D9F6-D3D3-4DED-8016-9D6470EB5045}.Debug|ARM.Build.0 = Debug|Any CPU
		{DC08D9F6-D3D3-4DED-8016-9D6470EB5045}.Debug|ARM.Deploy.0 = Debug|Any CPU
		{DC08D9F6-D3D3-4DED-8016-9D6470EB5045}.Debug|iPhone.ActiveCfg = Debug|Any CPU
		{DC08D9F6-D3D3-4DED-8016-9D6470EB5045}.Debug|iPhone.Build.0 = Debug|Any CPU
		{DC08D9F6-D3D3-4DED-8016-9D6470EB5045}.Debug|iPhone.Deploy.0 = Debug|Any CPU
		{DC08D9F6-D3D3-4DED-8016-9D6470EB5045}.Debug|iPhoneSimulator.ActiveCfg = Debug|Any CPU
		{DC08D9F6-D3D3-4DED-8016-9D6470EB5045}.Debug|iPhoneSimulator.Build.0 = Debug|Any CPU
		{DC08D9F6-D3D3-4DED-8016-9D6470EB5045}.Debug|iPhoneSimulator.Deploy.0 = Debug|Any CPU
		{DC08D9F6-D3D3-4DED-8016-9D6470EB5045}.Debug|x64.ActiveCfg = Debug|Any CPU
		{DC08D9F6-D3D3-4DED-8016-9D6470EB5045}.Debug|x64.Build.0 = Debug|Any CPU
		{DC08D9F6-D3D3-4DED-8016-9D6470EB5045}.Debug|x64.Deploy.0 = Debug|Any CPU
		{DC08D9F6-D3D3-4DED-8016-9D6470EB5045}.Debug|x86.ActiveCfg = Debug|Any CPU
		{DC08D9F6-D3D3-4DED-8016-9D6470EB5045}.Debug|x86.Build.0 = Debug|Any CPU
		{DC08D9F6-D3D3-4DED-8016-9D6470EB5045}.Debug|x86.Deploy.0 = Debug|Any CPU
		{DC08D9F6-D3D3-4DED-8016-9D6470EB5045}.Release|Any CPU.ActiveCfg = Release|Any CPU
		{DC08D9F6-D3D3-4DED-8016-9D6470EB5045}.Release|Any CPU.Build.0 = Release|Any CPU
		{DC08D9F6-D3D3-4DED-8016-9D6470EB5045}.Release|Any CPU.Deploy.0 = Release|Any CPU
		{DC08D9F6-D3D3-4DED-8016-9D6470EB5045}.Release|ARM.ActiveCfg = Release|Any CPU
		{DC08D9F6-D3D3-4DED-8016-9D6470EB5045}.Release|ARM.Build.0 = Release|Any CPU
		{DC08D9F6-D3D3-4DED-8016-9D6470EB5045}.Release|ARM.Deploy.0 = Release|Any CPU
		{DC08D9F6-D3D3-4DED-8016-9D6470EB5045}.Release|iPhone.ActiveCfg = Release|Any CPU
		{DC08D9F6-D3D3-4DED-8016-9D6470EB5045}.Release|iPhone.Build.0 = Release|Any CPU
		{DC08D9F6-D3D3-4DED-8016-9D6470EB5045}.Release|iPhone.Deploy.0 = Release|Any CPU
		{DC08D9F6-D3D3-4DED-8016-9D6470EB5045}.Release|iPhoneSimulator.ActiveCfg = Release|Any CPU
		{DC08D9F6-D3D3-4DED-8016-9D6470EB5045}.Release|iPhoneSimulator.Build.0 = Release|Any CPU
		{DC08D9F6-D3D3-4DED-8016-9D6470EB5045}.Release|iPhoneSimulator.Deploy.0 = Release|Any CPU
		{DC08D9F6-D3D3-4DED-8016-9D6470EB5045}.Release|x64.ActiveCfg = Release|Any CPU
		{DC08D9F6-D3D3-4DED-8016-9D6470EB5045}.Release|x64.Build.0 = Release|Any CPU
		{DC08D9F6-D3D3-4DED-8016-9D6470EB5045}.Release|x64.Deploy.0 = Release|Any CPU
		{DC08D9F6-D3D3-4DED-8016-9D6470EB5045}.Release|x86.ActiveCfg = Release|Any CPU
		{DC08D9F6-D3D3-4DED-8016-9D6470EB5045}.Release|x86.Build.0 = Release|Any CPU
		{DC08D9F6-D3D3-4DED-8016-9D6470EB5045}.Release|x86.Deploy.0 = Release|Any CPU
	EndGlobalSection
	GlobalSection(SolutionProperties) = preSolution
		HideSolutionNode = FALSE
	EndGlobalSection
	GlobalSection(ExtensibilityGlobals) = postSolution
		SolutionGuid = {97D439FC-8C3B-4D1F-A891-0C0A5F748B12}
	EndGlobalSection
EndGlobal
